
Microsoft Visual Studio Solution File, Format Version 12.00
# Visual Studio 15
VisualStudioVersion = 15.0.27703.2000
MinimumVisualStudioVersion = 10.0.40219.1
Project("{FAE04EC0-301F-11D3-BF4B-00C04F79EFBC}") = "App01_Mimica.Android", "App01_Mimica\App01_Mimica.Android\App01_Mimica.Android.csproj", "{8CF62CD6-2A54-4DBF-B28C-B475A86E94E4}"
EndProject
Project("{FAE04EC0-301F-11D3-BF4B-00C04F79EFBC}") = "App01_Mimica.iOS", "App01_Mimica\App01_Mimica.iOS\App01_Mimica.iOS.csproj", "{DC699884-ECBE-4963-86BC-A75CFCFED265}"
EndProject
Project("{FAE04EC0-301F-11D3-BF4B-00C04F79EFBC}") = "App01_Mimica.UWP", "App01_Mimica\App01_Mimica.UWP\App01_Mimica.UWP.csproj", "{9795771A-9060-4AB1-8C9D-A37DCA2DB4FA}"
EndProject
Project("{FAE04EC0-301F-11D3-BF4B-00C04F79EFBC}") = "App01_Mimica", "App01_Mimica\App01_Mimica\App01_Mimica.csproj", "{287427DA-6F8C-44C3-AC9D-ADFA3D043AAA}"
EndProject
Global
	GlobalSection(SolutionConfigurationPlatforms) = preSolution
		Ad-Hoc|Any CPU = Ad-Hoc|Any CPU
		Ad-Hoc|ARM = Ad-Hoc|ARM
		Ad-Hoc|iPhone = Ad-Hoc|iPhone
		Ad-Hoc|iPhoneSimulator = Ad-Hoc|iPhoneSimulator
		Ad-Hoc|x64 = Ad-Hoc|x64
		Ad-Hoc|x86 = Ad-Hoc|x86
		AppStore|Any CPU = AppStore|Any CPU
		AppStore|ARM = AppStore|ARM
		AppStore|iPhone = AppStore|iPhone
		AppStore|iPhoneSimulator = AppStore|iPhoneSimulator
		AppStore|x64 = AppStore|x64
		AppStore|x86 = AppStore|x86
		Debug|Any CPU = Debug|Any CPU
		Debug|ARM = Debug|ARM
		Debug|iPhone = Debug|iPhone
		Debug|iPhoneSimulator = Debug|iPhoneSimulator
		Debug|x64 = Debug|x64
		Debug|x86 = Debug|x86
		Release|Any CPU = Release|Any CPU
		Release|ARM = Release|ARM
		Release|iPhone = Release|iPhone
		Release|iPhoneSimulator = Release|iPhoneSimulator
		Release|x64 = Release|x64
		Release|x86 = Release|x86
	EndGlobalSection
	GlobalSection(ProjectConfigurationPlatforms) = postSolution
		{8CF62CD6-2A54-4DBF-B28C-B475A86E94E4}.Ad-Hoc|Any CPU.ActiveCfg = Release|Any CPU
		{8CF62CD6-2A54-4DBF-B28C-B475A86E94E4}.Ad-Hoc|Any CPU.Build.0 = Release|Any CPU
		{8CF62CD6-2A54-4DBF-B28C-B475A86E94E4}.Ad-Hoc|Any CPU.Deploy.0 = Release|Any CPU
		{8CF62CD6-2A54-4DBF-B28C-B475A86E94E4}.Ad-Hoc|ARM.ActiveCfg = Release|Any CPU
		{8CF62CD6-2A54-4DBF-B28C-B475A86E94E4}.Ad-Hoc|ARM.Build.0 = Release|Any CPU
		{8CF62CD6-2A54-4DBF-B28C-B475A86E94E4}.Ad-Hoc|ARM.Deploy.0 = Release|Any CPU
		{8CF62CD6-2A54-4DBF-B28C-B475A86E94E4}.Ad-Hoc|iPhone.ActiveCfg = Release|Any CPU
		{8CF62CD6-2A54-4DBF-B28C-B475A86E94E4}.Ad-Hoc|iPhone.Build.0 = Release|Any CPU
		{8CF62CD6-2A54-4DBF-B28C-B475A86E94E4}.Ad-Hoc|iPhone.Deploy.0 = Release|Any CPU
		{8CF62CD6-2A54-4DBF-B28C-B475A86E94E4}.Ad-Hoc|iPhoneSimulator.ActiveCfg = Release|Any CPU
		{8CF62CD6-2A54-4DBF-B28C-B475A86E94E4}.Ad-Hoc|iPhoneSimulator.Build.0 = Release|Any CPU
		{8CF62CD6-2A54-4DBF-B28C-B475A86E94E4}.Ad-Hoc|iPhoneSimulator.Deploy.0 = Release|Any CPU
		{8CF62CD6-2A54-4DBF-B28C-B475A86E94E4}.Ad-Hoc|x64.ActiveCfg = Release|Any CPU
		{8CF62CD6-2A54-4DBF-B28C-B475A86E94E4}.Ad-Hoc|x64.Build.0 = Release|Any CPU
		{8CF62CD6-2A54-4DBF-B28C-B475A86E94E4}.Ad-Hoc|x64.Deploy.0 = Release|Any CPU
		{8CF62CD6-2A54-4DBF-B28C-B475A86E94E4}.Ad-Hoc|x86.ActiveCfg = Release|Any CPU
		{8CF62CD6-2A54-4DBF-B28C-B475A86E94E4}.Ad-Hoc|x86.Build.0 = Release|Any CPU
		{8CF62CD6-2A54-4DBF-B28C-B475A86E94E4}.Ad-Hoc|x86.Deploy.0 = Release|Any CPU
		{8CF62CD6-2A54-4DBF-B28C-B475A86E94E4}.AppStore|Any CPU.ActiveCfg = Release|Any CPU
		{8CF62CD6-2A54-4DBF-B28C-B475A86E94E4}.AppStore|Any CPU.Build.0 = Release|Any CPU
		{8CF62CD6-2A54-4DBF-B28C-B475A86E94E4}.AppStore|Any CPU.Deploy.0 = Release|Any CPU
		{8CF62CD6-2A54-4DBF-B28C-B475A86E94E4}.AppStore|ARM.ActiveCfg = Release|Any CPU
		{8CF62CD6-2A54-4DBF-B28C-B475A86E94E4}.AppStore|ARM.Build.0 = Release|Any CPU
		{8CF62CD6-2A54-4DBF-B28C-B475A86E94E4}.AppStore|ARM.Deploy.0 = Release|Any CPU
		{8CF62CD6-2A54-4DBF-B28C-B475A86E94E4}.AppStore|iPhone.ActiveCfg = Release|Any CPU
		{8CF62CD6-2A54-4DBF-B28C-B475A86E94E4}.AppStore|iPhone.Build.0 = Release|Any CPU
		{8CF62CD6-2A54-4DBF-B28C-B475A86E94E4}.AppStore|iPhone.Deploy.0 = Release|Any CPU
		{8CF62CD6-2A54-4DBF-B28C-B475A86E94E4}.AppStore|iPhoneSimulator.ActiveCfg = Release|Any CPU
		{8CF62CD6-2A54-4DBF-B28C-B475A86E94E4}.AppStore|iPhoneSimulator.Build.0 = Release|Any CPU
		{8CF62CD6-2A54-4DBF-B28C-B475A86E94E4}.AppStore|iPhoneSimulator.Deploy.0 = Release|Any CPU
		{8CF62CD6-2A54-4DBF-B28C-B475A86E94E4}.AppStore|x64.ActiveCfg = Release|Any CPU
		{8CF62CD6-2A54-4DBF-B28C-B475A86E94E4}.AppStore|x64.Build.0 = Release|Any CPU
		{8CF62CD6-2A54-4DBF-B28C-B475A86E94E4}.AppStore|x64.Deploy.0 = Release|Any CPU
		{8CF62CD6-2A54-4DBF-B28C-B475A86E94E4}.AppStore|x86.ActiveCfg = Release|Any CPU
		{8CF62CD6-2A54-4DBF-B28C-B475A86E94E4}.AppStore|x86.Build.0 = Release|Any CPU
		{8CF62CD6-2A54-4DBF-B28C-B475A86E94E4}.AppStore|x86.Deploy.0 = Release|Any CPU
		{8CF62CD6-2A54-4DBF-B28C-B475A86E94E4}.Debug|Any CPU.ActiveCfg = Debug|Any CPU
		{8CF62CD6-2A54-4DBF-B28C-B475A86E94E4}.Debug|Any CPU.Build.0 = Debug|Any CPU
		{8CF62CD6-2A54-4DBF-B28C-B475A86E94E4}.Debug|Any CPU.Deploy.0 = Debug|Any CPU
		{8CF62CD6-2A54-4DBF-B28C-B475A86E94E4}.Debug|ARM.ActiveCfg = Debug|Any CPU
		{8CF62CD6-2A54-4DBF-B28C-B475A86E94E4}.Debug|ARM.Build.0 = Debug|Any CPU
		{8CF62CD6-2A54-4DBF-B28C-B475A86E94E4}.Debug|ARM.Deploy.0 = Debug|Any CPU
		{8CF62CD6-2A54-4DBF-B28C-B475A86E94E4}.Debug|iPhone.ActiveCfg = Debug|Any CPU
		{8CF62CD6-2A54-4DBF-B28C-B475A86E94E4}.Debug|iPhone.Build.0 = Debug|Any CPU
		{8CF62CD6-2A54-4DBF-B28C-B475A86E94E4}.Debug|iPhone.Deploy.0 = Debug|Any CPU
		{8CF62CD6-2A54-4DBF-B28C-B475A86E94E4}.Debug|iPhoneSimulator.ActiveCfg = Debug|Any CPU
		{8CF62CD6-2A54-4DBF-B28C-B475A86E94E4}.Debug|iPhoneSimulator.Build.0 = Debug|Any CPU
		{8CF62CD6-2A54-4DBF-B28C-B475A86E94E4}.Debug|iPhoneSimulator.Deploy.0 = Debug|Any CPU
		{8CF62CD6-2A54-4DBF-B28C-B475A86E94E4}.Debug|x64.ActiveCfg = Debug|Any CPU
		{8CF62CD6-2A54-4DBF-B28C-B475A86E94E4}.Debug|x64.Build.0 = Debug|Any CPU
		{8CF62CD6-2A54-4DBF-B28C-B475A86E94E4}.Debug|x64.Deploy.0 = Debug|Any CPU
		{8CF62CD6-2A54-4DBF-B28C-B475A86E94E4}.Debug|x86.ActiveCfg = Debug|Any CPU
		{8CF62CD6-2A54-4DBF-B28C-B475A86E94E4}.Debug|x86.Build.0 = Debug|Any CPU
		{8CF62CD6-2A54-4DBF-B28C-B475A86E94E4}.Debug|x86.Deploy.0 = Debug|Any CPU
		{8CF62CD6-2A54-4DBF-B28C-B475A86E94E4}.Release|Any CPU.ActiveCfg = Release|Any CPU
		{8CF62CD6-2A54-4DBF-B28C-B475A86E94E4}.Release|Any CPU.Build.0 = Release|Any CPU
		{8CF62CD6-2A54-4DBF-B28C-B475A86E94E4}.Release|Any CPU.Deploy.0 = Release|Any CPU
		{8CF62CD6-2A54-4DBF-B28C-B475A86E94E4}.Release|ARM.ActiveCfg = Release|Any CPU
		{8CF62CD6-2A54-4DBF-B28C-B475A86E94E4}.Release|ARM.Build.0 = Release|Any CPU
		{8CF62CD6-2A54-4DBF-B28C-B475A86E94E4}.Release|ARM.Deploy.0 = Release|Any CPU
		{8CF62CD6-2A54-4DBF-B28C-B475A86E94E4}.Release|iPhone.ActiveCfg = Release|Any CPU
		{8CF62CD6-2A54-4DBF-B28C-B475A86E94E4}.Release|iPhone.Build.0 = Release|Any CPU
		{8CF62CD6-2A54-4DBF-B28C-B475A86E94E4}.Release|iPhone.Deploy.0 = Release|Any CPU
		{8CF62CD6-2A54-4DBF-B28C-B475A86E94E4}.Release|iPhoneSimulator.ActiveCfg = Release|Any CPU
		{8CF62CD6-2A54-4DBF-B28C-B475A86E94E4}.Release|iPhoneSimulator.Build.0 = Release|Any CPU
		{8CF62CD6-2A54-4DBF-B28C-B475A86E94E4}.Release|iPhoneSimulator.Deploy.0 = Release|Any CPU
		{8CF62CD6-2A54-4DBF-B28C-B475A86E94E4}.Release|x64.ActiveCfg = Release|Any CPU
		{8CF62CD6-2A54-4DBF-B28C-B475A86E94E4}.Release|x64.Build.0 = Release|Any CPU
		{8CF62CD6-2A54-4DBF-B28C-B475A86E94E4}.Release|x64.Deploy.0 = Release|Any CPU
		{8CF62CD6-2A54-4DBF-B28C-B475A86E94E4}.Release|x86.ActiveCfg = Release|Any CPU
		{8CF62CD6-2A54-4DBF-B28C-B475A86E94E4}.Release|x86.Build.0 = Release|Any CPU
		{8CF62CD6-2A54-4DBF-B28C-B475A86E94E4}.Release|x86.Deploy.0 = Release|Any CPU
		{DC699884-ECBE-4963-86BC-A75CFCFED265}.Ad-Hoc|Any CPU.ActiveCfg = Ad-Hoc|iPhone
		{DC699884-ECBE-4963-86BC-A75CFCFED265}.Ad-Hoc|Any CPU.Build.0 = Ad-Hoc|iPhone
		{DC699884-ECBE-4963-86BC-A75CFCFED265}.Ad-Hoc|Any CPU.Deploy.0 = Ad-Hoc|iPhone
		{DC699884-ECBE-4963-86BC-A75CFCFED265}.Ad-Hoc|ARM.ActiveCfg = Ad-Hoc|iPhone
		{DC699884-ECBE-4963-86BC-A75CFCFED265}.Ad-Hoc|ARM.Build.0 = Ad-Hoc|iPhone
		{DC699884-ECBE-4963-86BC-A75CFCFED265}.Ad-Hoc|ARM.Deploy.0 = Ad-Hoc|iPhone
		{DC699884-ECBE-4963-86BC-A75CFCFED265}.Ad-Hoc|iPhone.ActiveCfg = Ad-Hoc|iPhone
		{DC699884-ECBE-4963-86BC-A75CFCFED265}.Ad-Hoc|iPhone.Build.0 = Ad-Hoc|iPhone
		{DC699884-ECBE-4963-86BC-A75CFCFED265}.Ad-Hoc|iPhone.Deploy.0 = Ad-Hoc|iPhone
		{DC699884-ECBE-4963-86BC-A75CFCFED265}.Ad-Hoc|iPhoneSimulator.ActiveCfg = Ad-Hoc|iPhoneSimulator
		{DC699884-ECBE-4963-86BC-A75CFCFED265}.Ad-Hoc|iPhoneSimulator.Build.0 = Ad-Hoc|iPhoneSimulator
		{DC699884-ECBE-4963-86BC-A75CFCFED265}.Ad-Hoc|iPhoneSimulator.Deploy.0 = Ad-Hoc|iPhoneSimulator
		{DC699884-ECBE-4963-86BC-A75CFCFED265}.Ad-Hoc|x64.ActiveCfg = Ad-Hoc|iPhone
		{DC699884-ECBE-4963-86BC-A75CFCFED265}.Ad-Hoc|x64.Build.0 = Ad-Hoc|iPhone
		{DC699884-ECBE-4963-86BC-A75CFCFED265}.Ad-Hoc|x64.Deploy.0 = Ad-Hoc|iPhone
		{DC699884-ECBE-4963-86BC-A75CFCFED265}.Ad-Hoc|x86.ActiveCfg = Ad-Hoc|iPhone
		{DC699884-ECBE-4963-86BC-A75CFCFED265}.Ad-Hoc|x86.Build.0 = Ad-Hoc|iPhone
		{DC699884-ECBE-4963-86BC-A75CFCFED265}.Ad-Hoc|x86.Deploy.0 = Ad-Hoc|iPhone
		{DC699884-ECBE-4963-86BC-A75CFCFED265}.AppStore|Any CPU.ActiveCfg = AppStore|iPhone
		{DC699884-ECBE-4963-86BC-A75CFCFED265}.AppStore|Any CPU.Build.0 = AppStore|iPhone
		{DC699884-ECBE-4963-86BC-A75CFCFED265}.AppStore|Any CPU.Deploy.0 = AppStore|iPhone
		{DC699884-ECBE-4963-86BC-A75CFCFED265}.AppStore|ARM.ActiveCfg = AppStore|iPhone
		{DC699884-ECBE-4963-86BC-A75CFCFED265}.AppStore|ARM.Build.0 = AppStore|iPhone
		{DC699884-ECBE-4963-86BC-A75CFCFED265}.AppStore|ARM.Deploy.0 = AppStore|iPhone
		{DC699884-ECBE-4963-86BC-A75CFCFED265}.AppStore|iPhone.ActiveCfg = AppStore|iPhone
		{DC699884-ECBE-4963-86BC-A75CFCFED265}.AppStore|iPhone.Build.0 = AppStore|iPhone
		{DC699884-ECBE-4963-86BC-A75CFCFED265}.AppStore|iPhone.Deploy.0 = AppStore|iPhone
		{DC699884-ECBE-4963-86BC-A75CFCFED265}.AppStore|iPhoneSimulator.ActiveCfg = AppStore|iPhoneSimulator
		{DC699884-ECBE-4963-86BC-A75CFCFED265}.AppStore|iPhoneSimulator.Build.0 = AppStore|iPhoneSimulator
		{DC699884-ECBE-4963-86BC-A75CFCFED265}.AppStore|iPhoneSimulator.Deploy.0 = AppStore|iPhoneSimulator
		{DC699884-ECBE-4963-86BC-A75CFCFED265}.AppStore|x64.ActiveCfg = AppStore|iPhone
		{DC699884-ECBE-4963-86BC-A75CFCFED265}.AppStore|x64.Build.0 = AppStore|iPhone
		{DC699884-ECBE-4963-86BC-A75CFCFED265}.AppStore|x64.Deploy.0 = AppStore|iPhone
		{DC699884-ECBE-4963-86BC-A75CFCFED265}.AppStore|x86.ActiveCfg = AppStore|iPhone
		{DC699884-ECBE-4963-86BC-A75CFCFED265}.AppStore|x86.Build.0 = AppStore|iPhone
		{DC699884-ECBE-4963-86BC-A75CFCFED265}.AppStore|x86.Deploy.0 = AppStore|iPhone
		{DC699884-ECBE-4963-86BC-A75CFCFED265}.Debug|Any CPU.ActiveCfg = Debug|iPhoneSimulator
		{DC699884-ECBE-4963-86BC-A75CFCFED265}.Debug|Any CPU.Build.0 = Debug|iPhoneSimulator
		{DC699884-ECBE-4963-86BC-A75CFCFED265}.Debug|Any CPU.Deploy.0 = Debug|iPhoneSimulator
		{DC699884-ECBE-4963-86BC-A75CFCFED265}.Debug|ARM.ActiveCfg = Debug|iPhone
		{DC699884-ECBE-4963-86BC-A75CFCFED265}.Debug|ARM.Build.0 = Debug|iPhone
		{DC699884-ECBE-4963-86BC-A75CFCFED265}.Debug|ARM.Deploy.0 = Debug|iPhone
		{DC699884-ECBE-4963-86BC-A75CFCFED265}.Debug|iPhone.ActiveCfg = Debug|iPhone
		{DC699884-ECBE-4963-86BC-A75CFCFED265}.Debug|iPhone.Build.0 = Debug|iPhone
		{DC699884-ECBE-4963-86BC-A75CFCFED265}.Debug|iPhone.Deploy.0 = Debug|iPhone
		{DC699884-ECBE-4963-86BC-A75CFCFED265}.Debug|iPhoneSimulator.ActiveCfg = Debug|iPhoneSimulator
		{DC699884-ECBE-4963-86BC-A75CFCFED265}.Debug|iPhoneSimulator.Build.0 = Debug|iPhoneSimulator
		{DC699884-ECBE-4963-86BC-A75CFCFED265}.Debug|iPhoneSimulator.Deploy.0 = Debug|iPhoneSimulator
		{DC699884-ECBE-4963-86BC-A75CFCFED265}.Debug|x64.ActiveCfg = Debug|iPhone
		{DC699884-ECBE-4963-86BC-A75CFCFED265}.Debug|x64.Build.0 = Debug|iPhone
		{DC699884-ECBE-4963-86BC-A75CFCFED265}.Debug|x64.Deploy.0 = Debug|iPhone
		{DC699884-ECBE-4963-86BC-A75CFCFED265}.Debug|x86.ActiveCfg = Debug|iPhone
		{DC699884-ECBE-4963-86BC-A75CFCFED265}.Debug|x86.Build.0 = Debug|iPhone
		{DC699884-ECBE-4963-86BC-A75CFCFED265}.Debug|x86.Deploy.0 = Debug|iPhone
		{DC699884-ECBE-4963-86BC-A75CFCFED265}.Release|Any CPU.ActiveCfg = Release|iPhone
		{DC699884-ECBE-4963-86BC-A75CFCFED265}.Release|Any CPU.Build.0 = Release|iPhone
		{DC699884-ECBE-4963-86BC-A75CFCFED265}.Release|Any CPU.Deploy.0 = Release|iPhone
		{DC699884-ECBE-4963-86BC-A75CFCFED265}.Release|ARM.ActiveCfg = Release|iPhone
		{DC699884-ECBE-4963-86BC-A75CFCFED265}.Release|ARM.Build.0 = Release|iPhone
		{DC699884-ECBE-4963-86BC-A75CFCFED265}.Release|ARM.Deploy.0 = Release|iPhone
		{DC699884-ECBE-4963-86BC-A75CFCFED265}.Release|iPhone.ActiveCfg = Release|iPhone
		{DC699884-ECBE-4963-86BC-A75CFCFED265}.Release|iPhone.Build.0 = Release|iPhone
		{DC699884-ECBE-4963-86BC-A75CFCFED265}.Release|iPhone.Deploy.0 = Release|iPhone
		{DC699884-ECBE-4963-86BC-A75CFCFED265}.Release|iPhoneSimulator.ActiveCfg = Release|iPhoneSimulator
		{DC699884-ECBE-4963-86BC-A75CFCFED265}.Release|iPhoneSimulator.Build.0 = Release|iPhoneSimulator
		{DC699884-ECBE-4963-86BC-A75CFCFED265}.Release|iPhoneSimulator.Deploy.0 = Release|iPhoneSimulator
		{DC699884-ECBE-4963-86BC-A75CFCFED265}.Release|x64.ActiveCfg = Release|iPhone
		{DC699884-ECBE-4963-86BC-A75CFCFED265}.Release|x64.Build.0 = Release|iPhone
		{DC699884-ECBE-4963-86BC-A75CFCFED265}.Release|x64.Deploy.0 = Release|iPhone
		{DC699884-ECBE-4963-86BC-A75CFCFED265}.Release|x86.ActiveCfg = Release|iPhone
		{DC699884-ECBE-4963-86BC-A75CFCFED265}.Release|x86.Build.0 = Release|iPhone
		{DC699884-ECBE-4963-86BC-A75CFCFED265}.Release|x86.Deploy.0 = Release|iPhone
		{9795771A-9060-4AB1-8C9D-A37DCA2DB4FA}.Ad-Hoc|Any CPU.ActiveCfg = Release|x86
		{9795771A-9060-4AB1-8C9D-A37DCA2DB4FA}.Ad-Hoc|Any CPU.Build.0 = Release|x86
		{9795771A-9060-4AB1-8C9D-A37DCA2DB4FA}.Ad-Hoc|Any CPU.Deploy.0 = Release|x86
		{9795771A-9060-4AB1-8C9D-A37DCA2DB4FA}.Ad-Hoc|ARM.ActiveCfg = Release|ARM
		{9795771A-9060-4AB1-8C9D-A37DCA2DB4FA}.Ad-Hoc|ARM.Build.0 = Release|ARM
		{9795771A-9060-4AB1-8C9D-A37DCA2DB4FA}.Ad-Hoc|ARM.Deploy.0 = Release|ARM
		{9795771A-9060-4AB1-8C9D-A37DCA2DB4FA}.Ad-Hoc|iPhone.ActiveCfg = Release|x86
		{9795771A-9060-4AB1-8C9D-A37DCA2DB4FA}.Ad-Hoc|iPhone.Build.0 = Release|x86
		{9795771A-9060-4AB1-8C9D-A37DCA2DB4FA}.Ad-Hoc|iPhone.Deploy.0 = Release|x86
		{9795771A-9060-4AB1-8C9D-A37DCA2DB4FA}.Ad-Hoc|iPhoneSimulator.ActiveCfg = Release|x86
		{9795771A-9060-4AB1-8C9D-A37DCA2DB4FA}.Ad-Hoc|iPhoneSimulator.Build.0 = Release|x86
		{9795771A-9060-4AB1-8C9D-A37DCA2DB4FA}.Ad-Hoc|iPhoneSimulator.Deploy.0 = Release|x86
		{9795771A-9060-4AB1-8C9D-A37DCA2DB4FA}.Ad-Hoc|x64.ActiveCfg = Release|x64
		{9795771A-9060-4AB1-8C9D-A37DCA2DB4FA}.Ad-Hoc|x64.Build.0 = Release|x64
		{9795771A-9060-4AB1-8C9D-A37DCA2DB4FA}.Ad-Hoc|x64.Deploy.0 = Release|x64
		{9795771A-9060-4AB1-8C9D-A37DCA2DB4FA}.Ad-Hoc|x86.ActiveCfg = Release|x86
		{9795771A-9060-4AB1-8C9D-A37DCA2DB4FA}.Ad-Hoc|x86.Build.0 = Release|x86
		{9795771A-9060-4AB1-8C9D-A37DCA2DB4FA}.Ad-Hoc|x86.Deploy.0 = Release|x86
		{9795771A-9060-4AB1-8C9D-A37DCA2DB4FA}.AppStore|Any CPU.ActiveCfg = Release|x86
		{9795771A-9060-4AB1-8C9D-A37DCA2DB4FA}.AppStore|Any CPU.Build.0 = Release|x86
		{9795771A-9060-4AB1-8C9D-A37DCA2DB4FA}.AppStore|Any CPU.Deploy.0 = Release|x86
		{9795771A-9060-4AB1-8C9D-A37DCA2DB4FA}.AppStore|ARM.ActiveCfg = Release|ARM
		{9795771A-9060-4AB1-8C9D-A37DCA2DB4FA}.AppStore|ARM.Build.0 = Release|ARM
		{9795771A-9060-4AB1-8C9D-A37DCA2DB4FA}.AppStore|ARM.Deploy.0 = Release|ARM
		{9795771A-9060-4AB1-8C9D-A37DCA2DB4FA}.AppStore|iPhone.ActiveCfg = Release|x86
		{9795771A-9060-4AB1-8C9D-A37DCA2DB4FA}.AppStore|iPhone.Build.0 = Release|x86
		{9795771A-9060-4AB1-8C9D-A37DCA2DB4FA}.AppStore|iPhone.Deploy.0 = Release|x86
		{9795771A-9060-4AB1-8C9D-A37DCA2DB4FA}.AppStore|iPhoneSimulator.ActiveCfg = Release|x86
		{9795771A-9060-4AB1-8C9D-A37DCA2DB4FA}.AppStore|iPhoneSimulator.Build.0 = Release|x86
		{9795771A-9060-4AB1-8C9D-A37DCA2DB4FA}.AppStore|iPhoneSimulator.Deploy.0 = Release|x86
		{9795771A-9060-4AB1-8C9D-A37DCA2DB4FA}.AppStore|x64.ActiveCfg = Release|x64
		{9795771A-9060-4AB1-8C9D-A37DCA2DB4FA}.AppStore|x64.Build.0 = Release|x64
		{9795771A-9060-4AB1-8C9D-A37DCA2DB4FA}.AppStore|x64.Deploy.0 = Release|x64
		{9795771A-9060-4AB1-8C9D-A37DCA2DB4FA}.AppStore|x86.ActiveCfg = Release|x86
		{9795771A-9060-4AB1-8C9D-A37DCA2DB4FA}.AppStore|x86.Build.0 = Release|x86
		{9795771A-9060-4AB1-8C9D-A37DCA2DB4FA}.AppStore|x86.Deploy.0 = Release|x86
		{9795771A-9060-4AB1-8C9D-A37DCA2DB4FA}.Debug|Any CPU.ActiveCfg = Debug|x86
		{9795771A-9060-4AB1-8C9D-A37DCA2DB4FA}.Debug|Any CPU.Build.0 = Debug|x86
		{9795771A-9060-4AB1-8C9D-A37DCA2DB4FA}.Debug|Any CPU.Deploy.0 = Debug|x86
		{9795771A-9060-4AB1-8C9D-A37DCA2DB4FA}.Debug|ARM.ActiveCfg = Debug|ARM
		{9795771A-9060-4AB1-8C9D-A37DCA2DB4FA}.Debug|ARM.Build.0 = Debug|ARM
		{9795771A-9060-4AB1-8C9D-A37DCA2DB4FA}.Debug|ARM.Deploy.0 = Debug|ARM
		{9795771A-9060-4AB1-8C9D-A37DCA2DB4FA}.Debug|iPhone.ActiveCfg = Debug|x86
		{9795771A-9060-4AB1-8C9D-A37DCA2DB4FA}.Debug|iPhone.Build.0 = Debug|x86
		{9795771A-9060-4AB1-8C9D-A37DCA2DB4FA}.Debug|iPhone.Deploy.0 = Debug|x86
		{9795771A-9060-4AB1-8C9D-A37DCA2DB4FA}.Debug|iPhoneSimulator.ActiveCfg = Debug|x86
		{9795771A-9060-4AB1-8C9D-A37DCA2DB4FA}.Debug|iPhoneSimulator.Build.0 = Debug|x86
		{9795771A-9060-4AB1-8C9D-A37DCA2DB4FA}.Debug|iPhoneSimulator.Deploy.0 = Debug|x86
		{9795771A-9060-4AB1-8C9D-A37DCA2DB4FA}.Debug|x64.ActiveCfg = Debug|x64
		{9795771A-9060-4AB1-8C9D-A37DCA2DB4FA}.Debug|x64.Build.0 = Debug|x64
		{9795771A-9060-4AB1-8C9D-A37DCA2DB4FA}.Debug|x64.Deploy.0 = Debug|x64
		{9795771A-9060-4AB1-8C9D-A37DCA2DB4FA}.Debug|x86.ActiveCfg = Debug|x86
		{9795771A-9060-4AB1-8C9D-A37DCA2DB4FA}.Debug|x86.Build.0 = Debug|x86
		{9795771A-9060-4AB1-8C9D-A37DCA2DB4FA}.Debug|x86.Deploy.0 = Debug|x86
		{9795771A-9060-4AB1-8C9D-A37DCA2DB4FA}.Release|Any CPU.ActiveCfg = Release|x86
		{9795771A-9060-4AB1-8C9D-A37DCA2DB4FA}.Release|Any CPU.Build.0 = Release|x86
		{9795771A-9060-4AB1-8C9D-A37DCA2DB4FA}.Release|Any CPU.Deploy.0 = Release|x86
		{9795771A-9060-4AB1-8C9D-A37DCA2DB4FA}.Release|ARM.ActiveCfg = Release|ARM
		{9795771A-9060-4AB1-8C9D-A37DCA2DB4FA}.Release|ARM.Build.0 = Release|ARM
		{9795771A-9060-4AB1-8C9D-A37DCA2DB4FA}.Release|ARM.Deploy.0 = Release|ARM
		{9795771A-9060-4AB1-8C9D-A37DCA2DB4FA}.Release|iPhone.ActiveCfg = Release|x86
		{9795771A-9060-4AB1-8C9D-A37DCA2DB4FA}.Release|iPhone.Build.0 = Release|x86
		{9795771A-9060-4AB1-8C9D-A37DCA2DB4FA}.Release|iPhone.Deploy.0 = Release|x86
		{9795771A-9060-4AB1-8C9D-A37DCA2DB4FA}.Release|iPhoneSimulator.ActiveCfg = Release|x86
		{9795771A-9060-4AB1-8C9D-A37DCA2DB4FA}.Release|iPhoneSimulator.Build.0 = Release|x86
		{9795771A-9060-4AB1-8C9D-A37DCA2DB4FA}.Release|iPhoneSimulator.Deploy.0 = Release|x86
		{9795771A-9060-4AB1-8C9D-A37DCA2DB4FA}.Release|x64.ActiveCfg = Release|x64
		{9795771A-9060-4AB1-8C9D-A37DCA2DB4FA}.Release|x64.Build.0 = Release|x64
		{9795771A-9060-4AB1-8C9D-A37DCA2DB4FA}.Release|x64.Deploy.0 = Release|x64
		{9795771A-9060-4AB1-8C9D-A37DCA2DB4FA}.Release|x86.ActiveCfg = Release|x86
		{9795771A-9060-4AB1-8C9D-A37DCA2DB4FA}.Release|x86.Build.0 = Release|x86
		{9795771A-9060-4AB1-8C9D-A37DCA2DB4FA}.Release|x86.Deploy.0 = Release|x86
		{287427DA-6F8C-44C3-AC9D-ADFA3D043AAA}.Ad-Hoc|Any CPU.ActiveCfg = Debug|Any CPU
		{287427DA-6F8C-44C3-AC9D-ADFA3D043AAA}.Ad-Hoc|Any CPU.Build.0 = Debug|Any CPU
		{287427DA-6F8C-44C3-AC9D-ADFA3D043AAA}.Ad-Hoc|Any CPU.Deploy.0 = Debug|Any CPU
		{287427DA-6F8C-44C3-AC9D-ADFA3D043AAA}.Ad-Hoc|ARM.ActiveCfg = Debug|Any CPU
		{287427DA-6F8C-44C3-AC9D-ADFA3D043AAA}.Ad-Hoc|ARM.Build.0 = Debug|Any CPU
		{287427DA-6F8C-44C3-AC9D-ADFA3D043AAA}.Ad-Hoc|ARM.Deploy.0 = Debug|Any CPU
		{287427DA-6F8C-44C3-AC9D-ADFA3D043AAA}.Ad-Hoc|iPhone.ActiveCfg = Debug|Any CPU
		{287427DA-6F8C-44C3-AC9D-ADFA3D043AAA}.Ad-Hoc|iPhone.Build.0 = Debug|Any CPU
		{287427DA-6F8C-44C3-AC9D-ADFA3D043AAA}.Ad-Hoc|iPhone.Deploy.0 = Debug|Any CPU
		{287427DA-6F8C-44C3-AC9D-ADFA3D043AAA}.Ad-Hoc|iPhoneSimulator.ActiveCfg = Debug|Any CPU
		{287427DA-6F8C-44C3-AC9D-ADFA3D043AAA}.Ad-Hoc|iPhoneSimulator.Build.0 = Debug|Any CPU
		{287427DA-6F8C-44C3-AC9D-ADFA3D043AAA}.Ad-Hoc|iPhoneSimulator.Deploy.0 = Debug|Any CPU
		{287427DA-6F8C-44C3-AC9D-ADFA3D043AAA}.Ad-Hoc|x64.ActiveCfg = Debug|Any CPU
		{287427DA-6F8C-44C3-AC9D-ADFA3D043AAA}.Ad-Hoc|x64.Build.0 = Debug|Any CPU
		{287427DA-6F8C-44C3-AC9D-ADFA3D043AAA}.Ad-Hoc|x64.Deploy.0 = Debug|Any CPU
		{287427DA-6F8C-44C3-AC9D-ADFA3D043AAA}.Ad-Hoc|x86.ActiveCfg = Debug|Any CPU
		{287427DA-6F8C-44C3-AC9D-ADFA3D043AAA}.Ad-Hoc|x86.Build.0 = Debug|Any CPU
		{287427DA-6F8C-44C3-AC9D-ADFA3D043AAA}.Ad-Hoc|x86.Deploy.0 = Debug|Any CPU
		{287427DA-6F8C-44C3-AC9D-ADFA3D043AAA}.AppStore|Any CPU.ActiveCfg = Debug|Any CPU
		{287427DA-6F8C-44C3-AC9D-ADFA3D043AAA}.AppStore|Any CPU.Build.0 = Debug|Any CPU
		{287427DA-6F8C-44C3-AC9D-ADFA3D043AAA}.AppStore|Any CPU.Deploy.0 = Debug|Any CPU
		{287427DA-6F8C-44C3-AC9D-ADFA3D043AAA}.AppStore|ARM.ActiveCfg = Debug|Any CPU
		{287427DA-6F8C-44C3-AC9D-ADFA3D043AAA}.AppStore|ARM.Build.0 = Debug|Any CPU
		{287427DA-6F8C-44C3-AC9D-ADFA3D043AAA}.AppStore|ARM.Deploy.0 = Debug|Any CPU
		{287427DA-6F8C-44C3-AC9D-ADFA3D043AAA}.AppStore|iPhone.ActiveCfg = Debug|Any CPU
		{287427DA-6F8C-44C3-AC9D-ADFA3D043AAA}.AppStore|iPhone.Build.0 = Debug|Any CPU
		{287427DA-6F8C-44C3-AC9D-ADFA3D043AAA}.AppStore|iPhone.Deploy.0 = Debug|Any CPU
		{287427DA-6F8C-44C3-AC9D-ADFA3D043AAA}.AppStore|iPhoneSimulator.ActiveCfg = Debug|Any CPU
		{287427DA-6F8C-44C3-AC9D-ADFA3D043AAA}.AppStore|iPhoneSimulator.Build.0 = Debug|Any CPU
		{287427DA-6F8C-44C3-AC9D-ADFA3D043AAA}.AppStore|iPhoneSimulator.Deploy.0 = Debug|Any CPU
		{287427DA-6F8C-44C3-AC9D-ADFA3D043AAA}.AppStore|x64.ActiveCfg = Debug|Any CPU
		{287427DA-6F8C-44C3-AC9D-ADFA3D043AAA}.AppStore|x64.Build.0 = Debug|Any CPU
		{287427DA-6F8C-44C3-AC9D-ADFA3D043AAA}.AppStore|x64.Deploy.0 = Debug|Any CPU
		{287427DA-6F8C-44C3-AC9D-ADFA3D043AAA}.AppStore|x86.ActiveCfg = Debug|Any CPU
		{287427DA-6F8C-44C3-AC9D-ADFA3D043AAA}.AppStore|x86.Build.0 = Debug|Any CPU
		{287427DA-6F8C-44C3-AC9D-ADFA3D043AAA}.AppStore|x86.Deploy.0 = Debug|Any CPU
		{287427DA-6F8C-44C3-AC9D-ADFA3D043AAA}.Debug|Any CPU.ActiveCfg = Debug|Any CPU
		{287427DA-6F8C-44C3-AC9D-ADFA3D043AAA}.Debug|Any CPU.Build.0 = Debug|Any CPU
		{287427DA-6F8C-44C3-AC9D-ADFA3D043AAA}.Debug|Any CPU.Deploy.0 = Debug|Any CPU
		{287427DA-6F8C-44C3-AC9D-ADFA3D043AAA}.Debug|ARM.ActiveCfg = Debug|Any CPU
		{287427DA-6F8C-44C3-AC9D-ADFA3D043AAA}.Debug|ARM.Build.0 = Debug|Any CPU
		{287427DA-6F8C-44C3-AC9D-ADFA3D043AAA}.Debug|ARM.Deploy.0 = Debug|Any CPU
		{287427DA-6F8C-44C3-AC9D-ADFA3D043AAA}.Debug|iPhone.ActiveCfg = Debug|Any CPU
		{287427DA-6F8C-44C3-AC9D-ADFA3D043AAA}.Debug|iPhone.Build.0 = Debug|Any CPU
		{287427DA-6F8C-44C3-AC9D-ADFA3D043AAA}.Debug|iPhone.Deploy.0 = Debug|Any CPU
		{287427DA-6F8C-44C3-AC9D-ADFA3D043AAA}.Debug|iPhoneSimulator.ActiveCfg = Debug|Any CPU
		{287427DA-6F8C-44C3-AC9D-ADFA3D043AAA}.Debug|iPhoneSimulator.Build.0 = Debug|Any CPU
		{287427DA-6F8C-44C3-AC9D-ADFA3D043AAA}.Debug|iPhoneSimulator.Deploy.0 = Debug|Any CPU
		{287427DA-6F8C-44C3-AC9D-ADFA3D043AAA}.Debug|x64.ActiveCfg = Debug|Any CPU
		{287427DA-6F8C-44C3-AC9D-ADFA3D043AAA}.Debug|x64.Build.0 = Debug|Any CPU
		{287427DA-6F8C-44C3-AC9D-ADFA3D043AAA}.Debug|x64.Deploy.0 = Debug|Any CPU
		{287427DA-6F8C-44C3-AC9D-ADFA3D043AAA}.Debug|x86.ActiveCfg = Debug|Any CPU
		{287427DA-6F8C-44C3-AC9D-ADFA3D043AAA}.Debug|x86.Build.0 = Debug|Any CPU
		{287427DA-6F8C-44C3-AC9D-ADFA3D043AAA}.Debug|x86.Deploy.0 = Debug|Any CPU
		{287427DA-6F8C-44C3-AC9D-ADFA3D043AAA}.Release|Any CPU.ActiveCfg = Release|Any CPU
		{287427DA-6F8C-44C3-AC9D-ADFA3D043AAA}.Release|Any CPU.Build.0 = Release|Any CPU
		{287427DA-6F8C-44C3-AC9D-ADFA3D043AAA}.Release|Any CPU.Deploy.0 = Release|Any CPU
		{287427DA-6F8C-44C3-AC9D-ADFA3D043AAA}.Release|ARM.ActiveCfg = Release|Any CPU
		{287427DA-6F8C-44C3-AC9D-ADFA3D043AAA}.Release|ARM.Build.0 = Release|Any CPU
		{287427DA-6F8C-44C3-AC9D-ADFA3D043AAA}.Release|ARM.Deploy.0 = Release|Any CPU
		{287427DA-6F8C-44C3-AC9D-ADFA3D043AAA}.Release|iPhone.ActiveCfg = Release|Any CPU
		{287427DA-6F8C-44C3-AC9D-ADFA3D043AAA}.Release|iPhone.Build.0 = Release|Any CPU
		{287427DA-6F8C-44C3-AC9D-ADFA3D043AAA}.Release|iPhone.Deploy.0 = Release|Any CPU
		{287427DA-6F8C-44C3-AC9D-ADFA3D043AAA}.Release|iPhoneSimulator.ActiveCfg = Release|Any CPU
		{287427DA-6F8C-44C3-AC9D-ADFA3D043AAA}.Release|iPhoneSimulator.Build.0 = Release|Any CPU
		{287427DA-6F8C-44C3-AC9D-ADFA3D043AAA}.Release|iPhoneSimulator.Deploy.0 = Release|Any CPU
		{287427DA-6F8C-44C3-AC9D-ADFA3D043AAA}.Release|x64.ActiveCfg = Release|Any CPU
		{287427DA-6F8C-44C3-AC9D-ADFA3D043AAA}.Release|x64.Build.0 = Release|Any CPU
		{287427DA-6F8C-44C3-AC9D-ADFA3D043AAA}.Release|x64.Deploy.0 = Release|Any CPU
		{287427DA-6F8C-44C3-AC9D-ADFA3D043AAA}.Release|x86.ActiveCfg = Release|Any CPU
		{287427DA-6F8C-44C3-AC9D-ADFA3D043AAA}.Release|x86.Build.0 = Release|Any CPU
		{287427DA-6F8C-44C3-AC9D-ADFA3D043AAA}.Release|x86.Deploy.0 = Release|Any CPU
	EndGlobalSection
	GlobalSection(SolutionProperties) = preSolution
		HideSolutionNode = FALSE
	EndGlobalSection
	GlobalSection(ExtensibilityGlobals) = postSolution
		SolutionGuid = {776E470D-289F-4034-982C-3DCD090B5979}
	EndGlobalSection
EndGlobal
