
Microsoft Visual Studio Solution File, Format Version 12.00
# Visual Studio 15
VisualStudioVersion = 15.0.27703.2000
MinimumVisualStudioVersion = 10.0.40219.1
Project("{FAE04EC0-301F-11D3-BF4B-00C04F79EFBC}") = "App09.Android", "App09\App09.Android\App09.Android.csproj", "{35000638-E881-446A-8898-522948D13453}"
EndProject
Project("{FAE04EC0-301F-11D3-BF4B-00C04F79EFBC}") = "App09.iOS", "App09\App09.iOS\App09.iOS.csproj", "{96528E78-A81D-4F8E-BF58-AD99888D0D97}"
EndProject
Project("{FAE04EC0-301F-11D3-BF4B-00C04F79EFBC}") = "App09.UWP", "App09\App09.UWP\App09.UWP.csproj", "{8ADCBC05-38C2-4BB1-9099-CE2B9BAFECB8}"
EndProject
Project("{FAE04EC0-301F-11D3-BF4B-00C04F79EFBC}") = "App09", "App09\App09\App09.csproj", "{448202C6-2900-438F-88C6-76E1FE6B8795}"
EndProject
Global
	GlobalSection(SolutionConfigurationPlatforms) = preSolution
		Ad-Hoc|Any CPU = Ad-Hoc|Any CPU
		Ad-Hoc|ARM = Ad-Hoc|ARM
		Ad-Hoc|iPhone = Ad-Hoc|iPhone
		Ad-Hoc|iPhoneSimulator = Ad-Hoc|iPhoneSimulator
		Ad-Hoc|x64 = Ad-Hoc|x64
		Ad-Hoc|x86 = Ad-Hoc|x86
		AppStore|Any CPU = AppStore|Any CPU
		AppStore|ARM = AppStore|ARM
		AppStore|iPhone = AppStore|iPhone
		AppStore|iPhoneSimulator = AppStore|iPhoneSimulator
		AppStore|x64 = AppStore|x64
		AppStore|x86 = AppStore|x86
		Debug|Any CPU = Debug|Any CPU
		Debug|ARM = Debug|ARM
		Debug|iPhone = Debug|iPhone
		Debug|iPhoneSimulator = Debug|iPhoneSimulator
		Debug|x64 = Debug|x64
		Debug|x86 = Debug|x86
		Release|Any CPU = Release|Any CPU
		Release|ARM = Release|ARM
		Release|iPhone = Release|iPhone
		Release|iPhoneSimulator = Release|iPhoneSimulator
		Release|x64 = Release|x64
		Release|x86 = Release|x86
	EndGlobalSection
	GlobalSection(ProjectConfigurationPlatforms) = postSolution
		{35000638-E881-446A-8898-522948D13453}.Ad-Hoc|Any CPU.ActiveCfg = Release|Any CPU
		{35000638-E881-446A-8898-522948D13453}.Ad-Hoc|Any CPU.Build.0 = Release|Any CPU
		{35000638-E881-446A-8898-522948D13453}.Ad-Hoc|Any CPU.Deploy.0 = Release|Any CPU
		{35000638-E881-446A-8898-522948D13453}.Ad-Hoc|ARM.ActiveCfg = Release|Any CPU
		{35000638-E881-446A-8898-522948D13453}.Ad-Hoc|ARM.Build.0 = Release|Any CPU
		{35000638-E881-446A-8898-522948D13453}.Ad-Hoc|ARM.Deploy.0 = Release|Any CPU
		{35000638-E881-446A-8898-522948D13453}.Ad-Hoc|iPhone.ActiveCfg = Release|Any CPU
		{35000638-E881-446A-8898-522948D13453}.Ad-Hoc|iPhone.Build.0 = Release|Any CPU
		{35000638-E881-446A-8898-522948D13453}.Ad-Hoc|iPhone.Deploy.0 = Release|Any CPU
		{35000638-E881-446A-8898-522948D13453}.Ad-Hoc|iPhoneSimulator.ActiveCfg = Release|Any CPU
		{35000638-E881-446A-8898-522948D13453}.Ad-Hoc|iPhoneSimulator.Build.0 = Release|Any CPU
		{35000638-E881-446A-8898-522948D13453}.Ad-Hoc|iPhoneSimulator.Deploy.0 = Release|Any CPU
		{35000638-E881-446A-8898-522948D13453}.Ad-Hoc|x64.ActiveCfg = Release|Any CPU
		{35000638-E881-446A-8898-522948D13453}.Ad-Hoc|x64.Build.0 = Release|Any CPU
		{35000638-E881-446A-8898-522948D13453}.Ad-Hoc|x64.Deploy.0 = Release|Any CPU
		{35000638-E881-446A-8898-522948D13453}.Ad-Hoc|x86.ActiveCfg = Release|Any CPU
		{35000638-E881-446A-8898-522948D13453}.Ad-Hoc|x86.Build.0 = Release|Any CPU
		{35000638-E881-446A-8898-522948D13453}.Ad-Hoc|x86.Deploy.0 = Release|Any CPU
		{35000638-E881-446A-8898-522948D13453}.AppStore|Any CPU.ActiveCfg = Release|Any CPU
		{35000638-E881-446A-8898-522948D13453}.AppStore|Any CPU.Build.0 = Release|Any CPU
		{35000638-E881-446A-8898-522948D13453}.AppStore|Any CPU.Deploy.0 = Release|Any CPU
		{35000638-E881-446A-8898-522948D13453}.AppStore|ARM.ActiveCfg = Release|Any CPU
		{35000638-E881-446A-8898-522948D13453}.AppStore|ARM.Build.0 = Release|Any CPU
		{35000638-E881-446A-8898-522948D13453}.AppStore|ARM.Deploy.0 = Release|Any CPU
		{35000638-E881-446A-8898-522948D13453}.AppStore|iPhone.ActiveCfg = Release|Any CPU
		{35000638-E881-446A-8898-522948D13453}.AppStore|iPhone.Build.0 = Release|Any CPU
		{35000638-E881-446A-8898-522948D13453}.AppStore|iPhone.Deploy.0 = Release|Any CPU
		{35000638-E881-446A-8898-522948D13453}.AppStore|iPhoneSimulator.ActiveCfg = Release|Any CPU
		{35000638-E881-446A-8898-522948D13453}.AppStore|iPhoneSimulator.Build.0 = Release|Any CPU
		{35000638-E881-446A-8898-522948D13453}.AppStore|iPhoneSimulator.Deploy.0 = Release|Any CPU
		{35000638-E881-446A-8898-522948D13453}.AppStore|x64.ActiveCfg = Release|Any CPU
		{35000638-E881-446A-8898-522948D13453}.AppStore|x64.Build.0 = Release|Any CPU
		{35000638-E881-446A-8898-522948D13453}.AppStore|x64.Deploy.0 = Release|Any CPU
		{35000638-E881-446A-8898-522948D13453}.AppStore|x86.ActiveCfg = Release|Any CPU
		{35000638-E881-446A-8898-522948D13453}.AppStore|x86.Build.0 = Release|Any CPU
		{35000638-E881-446A-8898-522948D13453}.AppStore|x86.Deploy.0 = Release|Any CPU
		{35000638-E881-446A-8898-522948D13453}.Debug|Any CPU.ActiveCfg = Debug|Any CPU
		{35000638-E881-446A-8898-522948D13453}.Debug|Any CPU.Build.0 = Debug|Any CPU
		{35000638-E881-446A-8898-522948D13453}.Debug|Any CPU.Deploy.0 = Debug|Any CPU
		{35000638-E881-446A-8898-522948D13453}.Debug|ARM.ActiveCfg = Debug|Any CPU
		{35000638-E881-446A-8898-522948D13453}.Debug|ARM.Build.0 = Debug|Any CPU
		{35000638-E881-446A-8898-522948D13453}.Debug|ARM.Deploy.0 = Debug|Any CPU
		{35000638-E881-446A-8898-522948D13453}.Debug|iPhone.ActiveCfg = Debug|Any CPU
		{35000638-E881-446A-8898-522948D13453}.Debug|iPhone.Build.0 = Debug|Any CPU
		{35000638-E881-446A-8898-522948D13453}.Debug|iPhone.Deploy.0 = Debug|Any CPU
		{35000638-E881-446A-8898-522948D13453}.Debug|iPhoneSimulator.ActiveCfg = Debug|Any CPU
		{35000638-E881-446A-8898-522948D13453}.Debug|iPhoneSimulator.Build.0 = Debug|Any CPU
		{35000638-E881-446A-8898-522948D13453}.Debug|iPhoneSimulator.Deploy.0 = Debug|Any CPU
		{35000638-E881-446A-8898-522948D13453}.Debug|x64.ActiveCfg = Debug|Any CPU
		{35000638-E881-446A-8898-522948D13453}.Debug|x64.Build.0 = Debug|Any CPU
		{35000638-E881-446A-8898-522948D13453}.Debug|x64.Deploy.0 = Debug|Any CPU
		{35000638-E881-446A-8898-522948D13453}.Debug|x86.ActiveCfg = Debug|Any CPU
		{35000638-E881-446A-8898-522948D13453}.Debug|x86.Build.0 = Debug|Any CPU
		{35000638-E881-446A-8898-522948D13453}.Debug|x86.Deploy.0 = Debug|Any CPU
		{35000638-E881-446A-8898-522948D13453}.Release|Any CPU.ActiveCfg = Release|Any CPU
		{35000638-E881-446A-8898-522948D13453}.Release|Any CPU.Build.0 = Release|Any CPU
		{35000638-E881-446A-8898-522948D13453}.Release|Any CPU.Deploy.0 = Release|Any CPU
		{35000638-E881-446A-8898-522948D13453}.Release|ARM.ActiveCfg = Release|Any CPU
		{35000638-E881-446A-8898-522948D13453}.Release|ARM.Build.0 = Release|Any CPU
		{35000638-E881-446A-8898-522948D13453}.Release|ARM.Deploy.0 = Release|Any CPU
		{35000638-E881-446A-8898-522948D13453}.Release|iPhone.ActiveCfg = Release|Any CPU
		{35000638-E881-446A-8898-522948D13453}.Release|iPhone.Build.0 = Release|Any CPU
		{35000638-E881-446A-8898-522948D13453}.Release|iPhone.Deploy.0 = Release|Any CPU
		{35000638-E881-446A-8898-522948D13453}.Release|iPhoneSimulator.ActiveCfg = Release|Any CPU
		{35000638-E881-446A-8898-522948D13453}.Release|iPhoneSimulator.Build.0 = Release|Any CPU
		{35000638-E881-446A-8898-522948D13453}.Release|iPhoneSimulator.Deploy.0 = Release|Any CPU
		{35000638-E881-446A-8898-522948D13453}.Release|x64.ActiveCfg = Release|Any CPU
		{35000638-E881-446A-8898-522948D13453}.Release|x64.Build.0 = Release|Any CPU
		{35000638-E881-446A-8898-522948D13453}.Release|x64.Deploy.0 = Release|Any CPU
		{35000638-E881-446A-8898-522948D13453}.Release|x86.ActiveCfg = Release|Any CPU
		{35000638-E881-446A-8898-522948D13453}.Release|x86.Build.0 = Release|Any CPU
		{35000638-E881-446A-8898-522948D13453}.Release|x86.Deploy.0 = Release|Any CPU
		{96528E78-A81D-4F8E-BF58-AD99888D0D97}.Ad-Hoc|Any CPU.ActiveCfg = Ad-Hoc|iPhone
		{96528E78-A81D-4F8E-BF58-AD99888D0D97}.Ad-Hoc|Any CPU.Build.0 = Ad-Hoc|iPhone
		{96528E78-A81D-4F8E-BF58-AD99888D0D97}.Ad-Hoc|Any CPU.Deploy.0 = Ad-Hoc|iPhone
		{96528E78-A81D-4F8E-BF58-AD99888D0D97}.Ad-Hoc|ARM.ActiveCfg = Ad-Hoc|iPhone
		{96528E78-A81D-4F8E-BF58-AD99888D0D97}.Ad-Hoc|ARM.Build.0 = Ad-Hoc|iPhone
		{96528E78-A81D-4F8E-BF58-AD99888D0D97}.Ad-Hoc|ARM.Deploy.0 = Ad-Hoc|iPhone
		{96528E78-A81D-4F8E-BF58-AD99888D0D97}.Ad-Hoc|iPhone.ActiveCfg = Ad-Hoc|iPhone
		{96528E78-A81D-4F8E-BF58-AD99888D0D97}.Ad-Hoc|iPhone.Build.0 = Ad-Hoc|iPhone
		{96528E78-A81D-4F8E-BF58-AD99888D0D97}.Ad-Hoc|iPhone.Deploy.0 = Ad-Hoc|iPhone
		{96528E78-A81D-4F8E-BF58-AD99888D0D97}.Ad-Hoc|iPhoneSimulator.ActiveCfg = Ad-Hoc|iPhoneSimulator
		{96528E78-A81D-4F8E-BF58-AD99888D0D97}.Ad-Hoc|iPhoneSimulator.Build.0 = Ad-Hoc|iPhoneSimulator
		{96528E78-A81D-4F8E-BF58-AD99888D0D97}.Ad-Hoc|iPhoneSimulator.Deploy.0 = Ad-Hoc|iPhoneSimulator
		{96528E78-A81D-4F8E-BF58-AD99888D0D97}.Ad-Hoc|x64.ActiveCfg = Ad-Hoc|iPhone
		{96528E78-A81D-4F8E-BF58-AD99888D0D97}.Ad-Hoc|x64.Build.0 = Ad-Hoc|iPhone
		{96528E78-A81D-4F8E-BF58-AD99888D0D97}.Ad-Hoc|x64.Deploy.0 = Ad-Hoc|iPhone
		{96528E78-A81D-4F8E-BF58-AD99888D0D97}.Ad-Hoc|x86.ActiveCfg = Ad-Hoc|iPhone
		{96528E78-A81D-4F8E-BF58-AD99888D0D97}.Ad-Hoc|x86.Build.0 = Ad-Hoc|iPhone
		{96528E78-A81D-4F8E-BF58-AD99888D0D97}.Ad-Hoc|x86.Deploy.0 = Ad-Hoc|iPhone
		{96528E78-A81D-4F8E-BF58-AD99888D0D97}.AppStore|Any CPU.ActiveCfg = AppStore|iPhone
		{96528E78-A81D-4F8E-BF58-AD99888D0D97}.AppStore|Any CPU.Build.0 = AppStore|iPhone
		{96528E78-A81D-4F8E-BF58-AD99888D0D97}.AppStore|Any CPU.Deploy.0 = AppStore|iPhone
		{96528E78-A81D-4F8E-BF58-AD99888D0D97}.AppStore|ARM.ActiveCfg = AppStore|iPhone
		{96528E78-A81D-4F8E-BF58-AD99888D0D97}.AppStore|ARM.Build.0 = AppStore|iPhone
		{96528E78-A81D-4F8E-BF58-AD99888D0D97}.AppStore|ARM.Deploy.0 = AppStore|iPhone
		{96528E78-A81D-4F8E-BF58-AD99888D0D97}.AppStore|iPhone.ActiveCfg = AppStore|iPhone
		{96528E78-A81D-4F8E-BF58-AD99888D0D97}.AppStore|iPhone.Build.0 = AppStore|iPhone
		{96528E78-A81D-4F8E-BF58-AD99888D0D97}.AppStore|iPhone.Deploy.0 = AppStore|iPhone
		{96528E78-A81D-4F8E-BF58-AD99888D0D97}.AppStore|iPhoneSimulator.ActiveCfg = AppStore|iPhoneSimulator
		{96528E78-A81D-4F8E-BF58-AD99888D0D97}.AppStore|iPhoneSimulator.Build.0 = AppStore|iPhoneSimulator
		{96528E78-A81D-4F8E-BF58-AD99888D0D97}.AppStore|iPhoneSimulator.Deploy.0 = AppStore|iPhoneSimulator
		{96528E78-A81D-4F8E-BF58-AD99888D0D97}.AppStore|x64.ActiveCfg = AppStore|iPhone
		{96528E78-A81D-4F8E-BF58-AD99888D0D97}.AppStore|x64.Build.0 = AppStore|iPhone
		{96528E78-A81D-4F8E-BF58-AD99888D0D97}.AppStore|x64.Deploy.0 = AppStore|iPhone
		{96528E78-A81D-4F8E-BF58-AD99888D0D97}.AppStore|x86.ActiveCfg = AppStore|iPhone
		{96528E78-A81D-4F8E-BF58-AD99888D0D97}.AppStore|x86.Build.0 = AppStore|iPhone
		{96528E78-A81D-4F8E-BF58-AD99888D0D97}.AppStore|x86.Deploy.0 = AppStore|iPhone
		{96528E78-A81D-4F8E-BF58-AD99888D0D97}.Debug|Any CPU.ActiveCfg = Debug|iPhoneSimulator
		{96528E78-A81D-4F8E-BF58-AD99888D0D97}.Debug|Any CPU.Build.0 = Debug|iPhoneSimulator
		{96528E78-A81D-4F8E-BF58-AD99888D0D97}.Debug|Any CPU.Deploy.0 = Debug|iPhoneSimulator
		{96528E78-A81D-4F8E-BF58-AD99888D0D97}.Debug|ARM.ActiveCfg = Debug|iPhone
		{96528E78-A81D-4F8E-BF58-AD99888D0D97}.Debug|ARM.Build.0 = Debug|iPhone
		{96528E78-A81D-4F8E-BF58-AD99888D0D97}.Debug|ARM.Deploy.0 = Debug|iPhone
		{96528E78-A81D-4F8E-BF58-AD99888D0D97}.Debug|iPhone.ActiveCfg = Debug|iPhone
		{96528E78-A81D-4F8E-BF58-AD99888D0D97}.Debug|iPhone.Build.0 = Debug|iPhone
		{96528E78-A81D-4F8E-BF58-AD99888D0D97}.Debug|iPhone.Deploy.0 = Debug|iPhone
		{96528E78-A81D-4F8E-BF58-AD99888D0D97}.Debug|iPhoneSimulator.ActiveCfg = Debug|iPhoneSimulator
		{96528E78-A81D-4F8E-BF58-AD99888D0D97}.Debug|iPhoneSimulator.Build.0 = Debug|iPhoneSimulator
		{96528E78-A81D-4F8E-BF58-AD99888D0D97}.Debug|iPhoneSimulator.Deploy.0 = Debug|iPhoneSimulator
		{96528E78-A81D-4F8E-BF58-AD99888D0D97}.Debug|x64.ActiveCfg = Debug|iPhone
		{96528E78-A81D-4F8E-BF58-AD99888D0D97}.Debug|x64.Build.0 = Debug|iPhone
		{96528E78-A81D-4F8E-BF58-AD99888D0D97}.Debug|x64.Deploy.0 = Debug|iPhone
		{96528E78-A81D-4F8E-BF58-AD99888D0D97}.Debug|x86.ActiveCfg = Debug|iPhone
		{96528E78-A81D-4F8E-BF58-AD99888D0D97}.Debug|x86.Build.0 = Debug|iPhone
		{96528E78-A81D-4F8E-BF58-AD99888D0D97}.Debug|x86.Deploy.0 = Debug|iPhone
		{96528E78-A81D-4F8E-BF58-AD99888D0D97}.Release|Any CPU.ActiveCfg = Release|iPhone
		{96528E78-A81D-4F8E-BF58-AD99888D0D97}.Release|Any CPU.Build.0 = Release|iPhone
		{96528E78-A81D-4F8E-BF58-AD99888D0D97}.Release|Any CPU.Deploy.0 = Release|iPhone
		{96528E78-A81D-4F8E-BF58-AD99888D0D97}.Release|ARM.ActiveCfg = Release|iPhone
		{96528E78-A81D-4F8E-BF58-AD99888D0D97}.Release|ARM.Build.0 = Release|iPhone
		{96528E78-A81D-4F8E-BF58-AD99888D0D97}.Release|ARM.Deploy.0 = Release|iPhone
		{96528E78-A81D-4F8E-BF58-AD99888D0D97}.Release|iPhone.ActiveCfg = Release|iPhone
		{96528E78-A81D-4F8E-BF58-AD99888D0D97}.Release|iPhone.Build.0 = Release|iPhone
		{96528E78-A81D-4F8E-BF58-AD99888D0D97}.Release|iPhone.Deploy.0 = Release|iPhone
		{96528E78-A81D-4F8E-BF58-AD99888D0D97}.Release|iPhoneSimulator.ActiveCfg = Release|iPhoneSimulator
		{96528E78-A81D-4F8E-BF58-AD99888D0D97}.Release|iPhoneSimulator.Build.0 = Release|iPhoneSimulator
		{96528E78-A81D-4F8E-BF58-AD99888D0D97}.Release|iPhoneSimulator.Deploy.0 = Release|iPhoneSimulator
		{96528E78-A81D-4F8E-BF58-AD99888D0D97}.Release|x64.ActiveCfg = Release|iPhone
		{96528E78-A81D-4F8E-BF58-AD99888D0D97}.Release|x64.Build.0 = Release|iPhone
		{96528E78-A81D-4F8E-BF58-AD99888D0D97}.Release|x64.Deploy.0 = Release|iPhone
		{96528E78-A81D-4F8E-BF58-AD99888D0D97}.Release|x86.ActiveCfg = Release|iPhone
		{96528E78-A81D-4F8E-BF58-AD99888D0D97}.Release|x86.Build.0 = Release|iPhone
		{96528E78-A81D-4F8E-BF58-AD99888D0D97}.Release|x86.Deploy.0 = Release|iPhone
		{8ADCBC05-38C2-4BB1-9099-CE2B9BAFECB8}.Ad-Hoc|Any CPU.ActiveCfg = Release|x86
		{8ADCBC05-38C2-4BB1-9099-CE2B9BAFECB8}.Ad-Hoc|Any CPU.Build.0 = Release|x86
		{8ADCBC05-38C2-4BB1-9099-CE2B9BAFECB8}.Ad-Hoc|Any CPU.Deploy.0 = Release|x86
		{8ADCBC05-38C2-4BB1-9099-CE2B9BAFECB8}.Ad-Hoc|ARM.ActiveCfg = Release|ARM
		{8ADCBC05-38C2-4BB1-9099-CE2B9BAFECB8}.Ad-Hoc|ARM.Build.0 = Release|ARM
		{8ADCBC05-38C2-4BB1-9099-CE2B9BAFECB8}.Ad-Hoc|ARM.Deploy.0 = Release|ARM
		{8ADCBC05-38C2-4BB1-9099-CE2B9BAFECB8}.Ad-Hoc|iPhone.ActiveCfg = Release|x86
		{8ADCBC05-38C2-4BB1-9099-CE2B9BAFECB8}.Ad-Hoc|iPhone.Build.0 = Release|x86
		{8ADCBC05-38C2-4BB1-9099-CE2B9BAFECB8}.Ad-Hoc|iPhone.Deploy.0 = Release|x86
		{8ADCBC05-38C2-4BB1-9099-CE2B9BAFECB8}.Ad-Hoc|iPhoneSimulator.ActiveCfg = Release|x86
		{8ADCBC05-38C2-4BB1-9099-CE2B9BAFECB8}.Ad-Hoc|iPhoneSimulator.Build.0 = Release|x86
		{8ADCBC05-38C2-4BB1-9099-CE2B9BAFECB8}.Ad-Hoc|iPhoneSimulator.Deploy.0 = Release|x86
		{8ADCBC05-38C2-4BB1-9099-CE2B9BAFECB8}.Ad-Hoc|x64.ActiveCfg = Release|x64
		{8ADCBC05-38C2-4BB1-9099-CE2B9BAFECB8}.Ad-Hoc|x64.Build.0 = Release|x64
		{8ADCBC05-38C2-4BB1-9099-CE2B9BAFECB8}.Ad-Hoc|x64.Deploy.0 = Release|x64
		{8ADCBC05-38C2-4BB1-9099-CE2B9BAFECB8}.Ad-Hoc|x86.ActiveCfg = Release|x86
		{8ADCBC05-38C2-4BB1-9099-CE2B9BAFECB8}.Ad-Hoc|x86.Build.0 = Release|x86
		{8ADCBC05-38C2-4BB1-9099-CE2B9BAFECB8}.Ad-Hoc|x86.Deploy.0 = Release|x86
		{8ADCBC05-38C2-4BB1-9099-CE2B9BAFECB8}.AppStore|Any CPU.ActiveCfg = Release|x86
		{8ADCBC05-38C2-4BB1-9099-CE2B9BAFECB8}.AppStore|Any CPU.Build.0 = Release|x86
		{8ADCBC05-38C2-4BB1-9099-CE2B9BAFECB8}.AppStore|Any CPU.Deploy.0 = Release|x86
		{8ADCBC05-38C2-4BB1-9099-CE2B9BAFECB8}.AppStore|ARM.ActiveCfg = Release|ARM
		{8ADCBC05-38C2-4BB1-9099-CE2B9BAFECB8}.AppStore|ARM.Build.0 = Release|ARM
		{8ADCBC05-38C2-4BB1-9099-CE2B9BAFECB8}.AppStore|ARM.Deploy.0 = Release|ARM
		{8ADCBC05-38C2-4BB1-9099-CE2B9BAFECB8}.AppStore|iPhone.ActiveCfg = Release|x86
		{8ADCBC05-38C2-4BB1-9099-CE2B9BAFECB8}.AppStore|iPhone.Build.0 = Release|x86
		{8ADCBC05-38C2-4BB1-9099-CE2B9BAFECB8}.AppStore|iPhone.Deploy.0 = Release|x86
		{8ADCBC05-38C2-4BB1-9099-CE2B9BAFECB8}.AppStore|iPhoneSimulator.ActiveCfg = Release|x86
		{8ADCBC05-38C2-4BB1-9099-CE2B9BAFECB8}.AppStore|iPhoneSimulator.Build.0 = Release|x86
		{8ADCBC05-38C2-4BB1-9099-CE2B9BAFECB8}.AppStore|iPhoneSimulator.Deploy.0 = Release|x86
		{8ADCBC05-38C2-4BB1-9099-CE2B9BAFECB8}.AppStore|x64.ActiveCfg = Release|x64
		{8ADCBC05-38C2-4BB1-9099-CE2B9BAFECB8}.AppStore|x64.Build.0 = Release|x64
		{8ADCBC05-38C2-4BB1-9099-CE2B9BAFECB8}.AppStore|x64.Deploy.0 = Release|x64
		{8ADCBC05-38C2-4BB1-9099-CE2B9BAFECB8}.AppStore|x86.ActiveCfg = Release|x86
		{8ADCBC05-38C2-4BB1-9099-CE2B9BAFECB8}.AppStore|x86.Build.0 = Release|x86
		{8ADCBC05-38C2-4BB1-9099-CE2B9BAFECB8}.AppStore|x86.Deploy.0 = Release|x86
		{8ADCBC05-38C2-4BB1-9099-CE2B9BAFECB8}.Debug|Any CPU.ActiveCfg = Debug|x86
		{8ADCBC05-38C2-4BB1-9099-CE2B9BAFECB8}.Debug|Any CPU.Build.0 = Debug|x86
		{8ADCBC05-38C2-4BB1-9099-CE2B9BAFECB8}.Debug|Any CPU.Deploy.0 = Debug|x86
		{8ADCBC05-38C2-4BB1-9099-CE2B9BAFECB8}.Debug|ARM.ActiveCfg = Debug|ARM
		{8ADCBC05-38C2-4BB1-9099-CE2B9BAFECB8}.Debug|ARM.Build.0 = Debug|ARM
		{8ADCBC05-38C2-4BB1-9099-CE2B9BAFECB8}.Debug|ARM.Deploy.0 = Debug|ARM
		{8ADCBC05-38C2-4BB1-9099-CE2B9BAFECB8}.Debug|iPhone.ActiveCfg = Debug|x86
		{8ADCBC05-38C2-4BB1-9099-CE2B9BAFECB8}.Debug|iPhone.Build.0 = Debug|x86
		{8ADCBC05-38C2-4BB1-9099-CE2B9BAFECB8}.Debug|iPhone.Deploy.0 = Debug|x86
		{8ADCBC05-38C2-4BB1-9099-CE2B9BAFECB8}.Debug|iPhoneSimulator.ActiveCfg = Debug|x86
		{8ADCBC05-38C2-4BB1-9099-CE2B9BAFECB8}.Debug|iPhoneSimulator.Build.0 = Debug|x86
		{8ADCBC05-38C2-4BB1-9099-CE2B9BAFECB8}.Debug|iPhoneSimulator.Deploy.0 = Debug|x86
		{8ADCBC05-38C2-4BB1-9099-CE2B9BAFECB8}.Debug|x64.ActiveCfg = Debug|x64
		{8ADCBC05-38C2-4BB1-9099-CE2B9BAFECB8}.Debug|x64.Build.0 = Debug|x64
		{8ADCBC05-38C2-4BB1-9099-CE2B9BAFECB8}.Debug|x64.Deploy.0 = Debug|x64
		{8ADCBC05-38C2-4BB1-9099-CE2B9BAFECB8}.Debug|x86.ActiveCfg = Debug|x86
		{8ADCBC05-38C2-4BB1-9099-CE2B9BAFECB8}.Debug|x86.Build.0 = Debug|x86
		{8ADCBC05-38C2-4BB1-9099-CE2B9BAFECB8}.Debug|x86.Deploy.0 = Debug|x86
		{8ADCBC05-38C2-4BB1-9099-CE2B9BAFECB8}.Release|Any CPU.ActiveCfg = Release|x86
		{8ADCBC05-38C2-4BB1-9099-CE2B9BAFECB8}.Release|Any CPU.Build.0 = Release|x86
		{8ADCBC05-38C2-4BB1-9099-CE2B9BAFECB8}.Release|Any CPU.Deploy.0 = Release|x86
		{8ADCBC05-38C2-4BB1-9099-CE2B9BAFECB8}.Release|ARM.ActiveCfg = Release|ARM
		{8ADCBC05-38C2-4BB1-9099-CE2B9BAFECB8}.Release|ARM.Build.0 = Release|ARM
		{8ADCBC05-38C2-4BB1-9099-CE2B9BAFECB8}.Release|ARM.Deploy.0 = Release|ARM
		{8ADCBC05-38C2-4BB1-9099-CE2B9BAFECB8}.Release|iPhone.ActiveCfg = Release|x86
		{8ADCBC05-38C2-4BB1-9099-CE2B9BAFECB8}.Release|iPhone.Build.0 = Release|x86
		{8ADCBC05-38C2-4BB1-9099-CE2B9BAFECB8}.Release|iPhone.Deploy.0 = Release|x86
		{8ADCBC05-38C2-4BB1-9099-CE2B9BAFECB8}.Release|iPhoneSimulator.ActiveCfg = Release|x86
		{8ADCBC05-38C2-4BB1-9099-CE2B9BAFECB8}.Release|iPhoneSimulator.Build.0 = Release|x86
		{8ADCBC05-38C2-4BB1-9099-CE2B9BAFECB8}.Release|iPhoneSimulator.Deploy.0 = Release|x86
		{8ADCBC05-38C2-4BB1-9099-CE2B9BAFECB8}.Release|x64.ActiveCfg = Release|x64
		{8ADCBC05-38C2-4BB1-9099-CE2B9BAFECB8}.Release|x64.Build.0 = Release|x64
		{8ADCBC05-38C2-4BB1-9099-CE2B9BAFECB8}.Release|x64.Deploy.0 = Release|x64
		{8ADCBC05-38C2-4BB1-9099-CE2B9BAFECB8}.Release|x86.ActiveCfg = Release|x86
		{8ADCBC05-38C2-4BB1-9099-CE2B9BAFECB8}.Release|x86.Build.0 = Release|x86
		{8ADCBC05-38C2-4BB1-9099-CE2B9BAFECB8}.Release|x86.Deploy.0 = Release|x86
		{448202C6-2900-438F-88C6-76E1FE6B8795}.Ad-Hoc|Any CPU.ActiveCfg = Debug|Any CPU
		{448202C6-2900-438F-88C6-76E1FE6B8795}.Ad-Hoc|Any CPU.Build.0 = Debug|Any CPU
		{448202C6-2900-438F-88C6-76E1FE6B8795}.Ad-Hoc|Any CPU.Deploy.0 = Debug|Any CPU
		{448202C6-2900-438F-88C6-76E1FE6B8795}.Ad-Hoc|ARM.ActiveCfg = Debug|Any CPU
		{448202C6-2900-438F-88C6-76E1FE6B8795}.Ad-Hoc|ARM.Build.0 = Debug|Any CPU
		{448202C6-2900-438F-88C6-76E1FE6B8795}.Ad-Hoc|ARM.Deploy.0 = Debug|Any CPU
		{448202C6-2900-438F-88C6-76E1FE6B8795}.Ad-Hoc|iPhone.ActiveCfg = Debug|Any CPU
		{448202C6-2900-438F-88C6-76E1FE6B8795}.Ad-Hoc|iPhone.Build.0 = Debug|Any CPU
		{448202C6-2900-438F-88C6-76E1FE6B8795}.Ad-Hoc|iPhone.Deploy.0 = Debug|Any CPU
		{448202C6-2900-438F-88C6-76E1FE6B8795}.Ad-Hoc|iPhoneSimulator.ActiveCfg = Debug|Any CPU
		{448202C6-2900-438F-88C6-76E1FE6B8795}.Ad-Hoc|iPhoneSimulator.Build.0 = Debug|Any CPU
		{448202C6-2900-438F-88C6-76E1FE6B8795}.Ad-Hoc|iPhoneSimulator.Deploy.0 = Debug|Any CPU
		{448202C6-2900-438F-88C6-76E1FE6B8795}.Ad-Hoc|x64.ActiveCfg = Debug|Any CPU
		{448202C6-2900-438F-88C6-76E1FE6B8795}.Ad-Hoc|x64.Build.0 = Debug|Any CPU
		{448202C6-2900-438F-88C6-76E1FE6B8795}.Ad-Hoc|x64.Deploy.0 = Debug|Any CPU
		{448202C6-2900-438F-88C6-76E1FE6B8795}.Ad-Hoc|x86.ActiveCfg = Debug|Any CPU
		{448202C6-2900-438F-88C6-76E1FE6B8795}.Ad-Hoc|x86.Build.0 = Debug|Any CPU
		{448202C6-2900-438F-88C6-76E1FE6B8795}.Ad-Hoc|x86.Deploy.0 = Debug|Any CPU
		{448202C6-2900-438F-88C6-76E1FE6B8795}.AppStore|Any CPU.ActiveCfg = Debug|Any CPU
		{448202C6-2900-438F-88C6-76E1FE6B8795}.AppStore|Any CPU.Build.0 = Debug|Any CPU
		{448202C6-2900-438F-88C6-76E1FE6B8795}.AppStore|Any CPU.Deploy.0 = Debug|Any CPU
		{448202C6-2900-438F-88C6-76E1FE6B8795}.AppStore|ARM.ActiveCfg = Debug|Any CPU
		{448202C6-2900-438F-88C6-76E1FE6B8795}.AppStore|ARM.Build.0 = Debug|Any CPU
		{448202C6-2900-438F-88C6-76E1FE6B8795}.AppStore|ARM.Deploy.0 = Debug|Any CPU
		{448202C6-2900-438F-88C6-76E1FE6B8795}.AppStore|iPhone.ActiveCfg = Debug|Any CPU
		{448202C6-2900-438F-88C6-76E1FE6B8795}.AppStore|iPhone.Build.0 = Debug|Any CPU
		{448202C6-2900-438F-88C6-76E1FE6B8795}.AppStore|iPhone.Deploy.0 = Debug|Any CPU
		{448202C6-2900-438F-88C6-76E1FE6B8795}.AppStore|iPhoneSimulator.ActiveCfg = Debug|Any CPU
		{448202C6-2900-438F-88C6-76E1FE6B8795}.AppStore|iPhoneSimulator.Build.0 = Debug|Any CPU
		{448202C6-2900-438F-88C6-76E1FE6B8795}.AppStore|iPhoneSimulator.Deploy.0 = Debug|Any CPU
		{448202C6-2900-438F-88C6-76E1FE6B8795}.AppStore|x64.ActiveCfg = Debug|Any CPU
		{448202C6-2900-438F-88C6-76E1FE6B8795}.AppStore|x64.Build.0 = Debug|Any CPU
		{448202C6-2900-438F-88C6-76E1FE6B8795}.AppStore|x64.Deploy.0 = Debug|Any CPU
		{448202C6-2900-438F-88C6-76E1FE6B8795}.AppStore|x86.ActiveCfg = Debug|Any CPU
		{448202C6-2900-438F-88C6-76E1FE6B8795}.AppStore|x86.Build.0 = Debug|Any CPU
		{448202C6-2900-438F-88C6-76E1FE6B8795}.AppStore|x86.Deploy.0 = Debug|Any CPU
		{448202C6-2900-438F-88C6-76E1FE6B8795}.Debug|Any CPU.ActiveCfg = Debug|Any CPU
		{448202C6-2900-438F-88C6-76E1FE6B8795}.Debug|Any CPU.Build.0 = Debug|Any CPU
		{448202C6-2900-438F-88C6-76E1FE6B8795}.Debug|Any CPU.Deploy.0 = Debug|Any CPU
		{448202C6-2900-438F-88C6-76E1FE6B8795}.Debug|ARM.ActiveCfg = Debug|Any CPU
		{448202C6-2900-438F-88C6-76E1FE6B8795}.Debug|ARM.Build.0 = Debug|Any CPU
		{448202C6-2900-438F-88C6-76E1FE6B8795}.Debug|ARM.Deploy.0 = Debug|Any CPU
		{448202C6-2900-438F-88C6-76E1FE6B8795}.Debug|iPhone.ActiveCfg = Debug|Any CPU
		{448202C6-2900-438F-88C6-76E1FE6B8795}.Debug|iPhone.Build.0 = Debug|Any CPU
		{448202C6-2900-438F-88C6-76E1FE6B8795}.Debug|iPhone.Deploy.0 = Debug|Any CPU
		{448202C6-2900-438F-88C6-76E1FE6B8795}.Debug|iPhoneSimulator.ActiveCfg = Debug|Any CPU
		{448202C6-2900-438F-88C6-76E1FE6B8795}.Debug|iPhoneSimulator.Build.0 = Debug|Any CPU
		{448202C6-2900-438F-88C6-76E1FE6B8795}.Debug|iPhoneSimulator.Deploy.0 = Debug|Any CPU
		{448202C6-2900-438F-88C6-76E1FE6B8795}.Debug|x64.ActiveCfg = Debug|Any CPU
		{448202C6-2900-438F-88C6-76E1FE6B8795}.Debug|x64.Build.0 = Debug|Any CPU
		{448202C6-2900-438F-88C6-76E1FE6B8795}.Debug|x64.Deploy.0 = Debug|Any CPU
		{448202C6-2900-438F-88C6-76E1FE6B8795}.Debug|x86.ActiveCfg = Debug|Any CPU
		{448202C6-2900-438F-88C6-76E1FE6B8795}.Debug|x86.Build.0 = Debug|Any CPU
		{448202C6-2900-438F-88C6-76E1FE6B8795}.Debug|x86.Deploy.0 = Debug|Any CPU
		{448202C6-2900-438F-88C6-76E1FE6B8795}.Release|Any CPU.ActiveCfg = Release|Any CPU
		{448202C6-2900-438F-88C6-76E1FE6B8795}.Release|Any CPU.Build.0 = Release|Any CPU
		{448202C6-2900-438F-88C6-76E1FE6B8795}.Release|Any CPU.Deploy.0 = Release|Any CPU
		{448202C6-2900-438F-88C6-76E1FE6B8795}.Release|ARM.ActiveCfg = Release|Any CPU
		{448202C6-2900-438F-88C6-76E1FE6B8795}.Release|ARM.Build.0 = Release|Any CPU
		{448202C6-2900-438F-88C6-76E1FE6B8795}.Release|ARM.Deploy.0 = Release|Any CPU
		{448202C6-2900-438F-88C6-76E1FE6B8795}.Release|iPhone.ActiveCfg = Release|Any CPU
		{448202C6-2900-438F-88C6-76E1FE6B8795}.Release|iPhone.Build.0 = Release|Any CPU
		{448202C6-2900-438F-88C6-76E1FE6B8795}.Release|iPhone.Deploy.0 = Release|Any CPU
		{448202C6-2900-438F-88C6-76E1FE6B8795}.Release|iPhoneSimulator.ActiveCfg = Release|Any CPU
		{448202C6-2900-438F-88C6-76E1FE6B8795}.Release|iPhoneSimulator.Build.0 = Release|Any CPU
		{448202C6-2900-438F-88C6-76E1FE6B8795}.Release|iPhoneSimulator.Deploy.0 = Release|Any CPU
		{448202C6-2900-438F-88C6-76E1FE6B8795}.Release|x64.ActiveCfg = Release|Any CPU
		{448202C6-2900-438F-88C6-76E1FE6B8795}.Release|x64.Build.0 = Release|Any CPU
		{448202C6-2900-438F-88C6-76E1FE6B8795}.Release|x64.Deploy.0 = Release|Any CPU
		{448202C6-2900-438F-88C6-76E1FE6B8795}.Release|x86.ActiveCfg = Release|Any CPU
		{448202C6-2900-438F-88C6-76E1FE6B8795}.Release|x86.Build.0 = Release|Any CPU
		{448202C6-2900-438F-88C6-76E1FE6B8795}.Release|x86.Deploy.0 = Release|Any CPU
	EndGlobalSection
	GlobalSection(SolutionProperties) = preSolution
		HideSolutionNode = FALSE
	EndGlobalSection
	GlobalSection(ExtensibilityGlobals) = postSolution
		SolutionGuid = {9CB29D4F-1C42-412E-8835-54EE6C82B4CA}
	EndGlobalSection
EndGlobal
