
Microsoft Visual Studio Solution File, Format Version 12.00
# Visual Studio 15
VisualStudioVersion = 15.0.27703.2000
MinimumVisualStudioVersion = 10.0.40219.1
Project("{FAE04EC0-301F-11D3-BF4B-00C04F79EFBC}") = "App11.Android", "App11\App11.Android\App11.Android.csproj", "{D53DB2FD-12D0-40ED-AE94-C6CFBC71AE9B}"
EndProject
Project("{FAE04EC0-301F-11D3-BF4B-00C04F79EFBC}") = "App11.iOS", "App11\App11.iOS\App11.iOS.csproj", "{104A7E58-C6E2-44DC-91B9-B502685D57E0}"
EndProject
Project("{FAE04EC0-301F-11D3-BF4B-00C04F79EFBC}") = "App11.UWP", "App11\App11.UWP\App11.UWP.csproj", "{157DAEA1-B6F5-47B6-A513-A7D0048D9B3C}"
EndProject
Project("{FAE04EC0-301F-11D3-BF4B-00C04F79EFBC}") = "App11", "App11\App11\App11.csproj", "{E42D6F62-69B2-4DEC-B8E5-6CB89A7F5F4E}"
EndProject
Global
	GlobalSection(SolutionConfigurationPlatforms) = preSolution
		Ad-Hoc|Any CPU = Ad-Hoc|Any CPU
		Ad-Hoc|ARM = Ad-Hoc|ARM
		Ad-Hoc|iPhone = Ad-Hoc|iPhone
		Ad-Hoc|iPhoneSimulator = Ad-Hoc|iPhoneSimulator
		Ad-Hoc|x64 = Ad-Hoc|x64
		Ad-Hoc|x86 = Ad-Hoc|x86
		AppStore|Any CPU = AppStore|Any CPU
		AppStore|ARM = AppStore|ARM
		AppStore|iPhone = AppStore|iPhone
		AppStore|iPhoneSimulator = AppStore|iPhoneSimulator
		AppStore|x64 = AppStore|x64
		AppStore|x86 = AppStore|x86
		Debug|Any CPU = Debug|Any CPU
		Debug|ARM = Debug|ARM
		Debug|iPhone = Debug|iPhone
		Debug|iPhoneSimulator = Debug|iPhoneSimulator
		Debug|x64 = Debug|x64
		Debug|x86 = Debug|x86
		Release|Any CPU = Release|Any CPU
		Release|ARM = Release|ARM
		Release|iPhone = Release|iPhone
		Release|iPhoneSimulator = Release|iPhoneSimulator
		Release|x64 = Release|x64
		Release|x86 = Release|x86
	EndGlobalSection
	GlobalSection(ProjectConfigurationPlatforms) = postSolution
		{D53DB2FD-12D0-40ED-AE94-C6CFBC71AE9B}.Ad-Hoc|Any CPU.ActiveCfg = Release|Any CPU
		{D53DB2FD-12D0-40ED-AE94-C6CFBC71AE9B}.Ad-Hoc|Any CPU.Build.0 = Release|Any CPU
		{D53DB2FD-12D0-40ED-AE94-C6CFBC71AE9B}.Ad-Hoc|Any CPU.Deploy.0 = Release|Any CPU
		{D53DB2FD-12D0-40ED-AE94-C6CFBC71AE9B}.Ad-Hoc|ARM.ActiveCfg = Release|Any CPU
		{D53DB2FD-12D0-40ED-AE94-C6CFBC71AE9B}.Ad-Hoc|ARM.Build.0 = Release|Any CPU
		{D53DB2FD-12D0-40ED-AE94-C6CFBC71AE9B}.Ad-Hoc|ARM.Deploy.0 = Release|Any CPU
		{D53DB2FD-12D0-40ED-AE94-C6CFBC71AE9B}.Ad-Hoc|iPhone.ActiveCfg = Release|Any CPU
		{D53DB2FD-12D0-40ED-AE94-C6CFBC71AE9B}.Ad-Hoc|iPhone.Build.0 = Release|Any CPU
		{D53DB2FD-12D0-40ED-AE94-C6CFBC71AE9B}.Ad-Hoc|iPhone.Deploy.0 = Release|Any CPU
		{D53DB2FD-12D0-40ED-AE94-C6CFBC71AE9B}.Ad-Hoc|iPhoneSimulator.ActiveCfg = Release|Any CPU
		{D53DB2FD-12D0-40ED-AE94-C6CFBC71AE9B}.Ad-Hoc|iPhoneSimulator.Build.0 = Release|Any CPU
		{D53DB2FD-12D0-40ED-AE94-C6CFBC71AE9B}.Ad-Hoc|iPhoneSimulator.Deploy.0 = Release|Any CPU
		{D53DB2FD-12D0-40ED-AE94-C6CFBC71AE9B}.Ad-Hoc|x64.ActiveCfg = Release|Any CPU
		{D53DB2FD-12D0-40ED-AE94-C6CFBC71AE9B}.Ad-Hoc|x64.Build.0 = Release|Any CPU
		{D53DB2FD-12D0-40ED-AE94-C6CFBC71AE9B}.Ad-Hoc|x64.Deploy.0 = Release|Any CPU
		{D53DB2FD-12D0-40ED-AE94-C6CFBC71AE9B}.Ad-Hoc|x86.ActiveCfg = Release|Any CPU
		{D53DB2FD-12D0-40ED-AE94-C6CFBC71AE9B}.Ad-Hoc|x86.Build.0 = Release|Any CPU
		{D53DB2FD-12D0-40ED-AE94-C6CFBC71AE9B}.Ad-Hoc|x86.Deploy.0 = Release|Any CPU
		{D53DB2FD-12D0-40ED-AE94-C6CFBC71AE9B}.AppStore|Any CPU.ActiveCfg = Release|Any CPU
		{D53DB2FD-12D0-40ED-AE94-C6CFBC71AE9B}.AppStore|Any CPU.Build.0 = Release|Any CPU
		{D53DB2FD-12D0-40ED-AE94-C6CFBC71AE9B}.AppStore|Any CPU.Deploy.0 = Release|Any CPU
		{D53DB2FD-12D0-40ED-AE94-C6CFBC71AE9B}.AppStore|ARM.ActiveCfg = Release|Any CPU
		{D53DB2FD-12D0-40ED-AE94-C6CFBC71AE9B}.AppStore|ARM.Build.0 = Release|Any CPU
		{D53DB2FD-12D0-40ED-AE94-C6CFBC71AE9B}.AppStore|ARM.Deploy.0 = Release|Any CPU
		{D53DB2FD-12D0-40ED-AE94-C6CFBC71AE9B}.AppStore|iPhone.ActiveCfg = Release|Any CPU
		{D53DB2FD-12D0-40ED-AE94-C6CFBC71AE9B}.AppStore|iPhone.Build.0 = Release|Any CPU
		{D53DB2FD-12D0-40ED-AE94-C6CFBC71AE9B}.AppStore|iPhone.Deploy.0 = Release|Any CPU
		{D53DB2FD-12D0-40ED-AE94-C6CFBC71AE9B}.AppStore|iPhoneSimulator.ActiveCfg = Release|Any CPU
		{D53DB2FD-12D0-40ED-AE94-C6CFBC71AE9B}.AppStore|iPhoneSimulator.Build.0 = Release|Any CPU
		{D53DB2FD-12D0-40ED-AE94-C6CFBC71AE9B}.AppStore|iPhoneSimulator.Deploy.0 = Release|Any CPU
		{D53DB2FD-12D0-40ED-AE94-C6CFBC71AE9B}.AppStore|x64.ActiveCfg = Release|Any CPU
		{D53DB2FD-12D0-40ED-AE94-C6CFBC71AE9B}.AppStore|x64.Build.0 = Release|Any CPU
		{D53DB2FD-12D0-40ED-AE94-C6CFBC71AE9B}.AppStore|x64.Deploy.0 = Release|Any CPU
		{D53DB2FD-12D0-40ED-AE94-C6CFBC71AE9B}.AppStore|x86.ActiveCfg = Release|Any CPU
		{D53DB2FD-12D0-40ED-AE94-C6CFBC71AE9B}.AppStore|x86.Build.0 = Release|Any CPU
		{D53DB2FD-12D0-40ED-AE94-C6CFBC71AE9B}.AppStore|x86.Deploy.0 = Release|Any CPU
		{D53DB2FD-12D0-40ED-AE94-C6CFBC71AE9B}.Debug|Any CPU.ActiveCfg = Debug|Any CPU
		{D53DB2FD-12D0-40ED-AE94-C6CFBC71AE9B}.Debug|Any CPU.Build.0 = Debug|Any CPU
		{D53DB2FD-12D0-40ED-AE94-C6CFBC71AE9B}.Debug|Any CPU.Deploy.0 = Debug|Any CPU
		{D53DB2FD-12D0-40ED-AE94-C6CFBC71AE9B}.Debug|ARM.ActiveCfg = Debug|Any CPU
		{D53DB2FD-12D0-40ED-AE94-C6CFBC71AE9B}.Debug|ARM.Build.0 = Debug|Any CPU
		{D53DB2FD-12D0-40ED-AE94-C6CFBC71AE9B}.Debug|ARM.Deploy.0 = Debug|Any CPU
		{D53DB2FD-12D0-40ED-AE94-C6CFBC71AE9B}.Debug|iPhone.ActiveCfg = Debug|Any CPU
		{D53DB2FD-12D0-40ED-AE94-C6CFBC71AE9B}.Debug|iPhone.Build.0 = Debug|Any CPU
		{D53DB2FD-12D0-40ED-AE94-C6CFBC71AE9B}.Debug|iPhone.Deploy.0 = Debug|Any CPU
		{D53DB2FD-12D0-40ED-AE94-C6CFBC71AE9B}.Debug|iPhoneSimulator.ActiveCfg = Debug|Any CPU
		{D53DB2FD-12D0-40ED-AE94-C6CFBC71AE9B}.Debug|iPhoneSimulator.Build.0 = Debug|Any CPU
		{D53DB2FD-12D0-40ED-AE94-C6CFBC71AE9B}.Debug|iPhoneSimulator.Deploy.0 = Debug|Any CPU
		{D53DB2FD-12D0-40ED-AE94-C6CFBC71AE9B}.Debug|x64.ActiveCfg = Debug|Any CPU
		{D53DB2FD-12D0-40ED-AE94-C6CFBC71AE9B}.Debug|x64.Build.0 = Debug|Any CPU
		{D53DB2FD-12D0-40ED-AE94-C6CFBC71AE9B}.Debug|x64.Deploy.0 = Debug|Any CPU
		{D53DB2FD-12D0-40ED-AE94-C6CFBC71AE9B}.Debug|x86.ActiveCfg = Debug|Any CPU
		{D53DB2FD-12D0-40ED-AE94-C6CFBC71AE9B}.Debug|x86.Build.0 = Debug|Any CPU
		{D53DB2FD-12D0-40ED-AE94-C6CFBC71AE9B}.Debug|x86.Deploy.0 = Debug|Any CPU
		{D53DB2FD-12D0-40ED-AE94-C6CFBC71AE9B}.Release|Any CPU.ActiveCfg = Release|Any CPU
		{D53DB2FD-12D0-40ED-AE94-C6CFBC71AE9B}.Release|Any CPU.Build.0 = Release|Any CPU
		{D53DB2FD-12D0-40ED-AE94-C6CFBC71AE9B}.Release|Any CPU.Deploy.0 = Release|Any CPU
		{D53DB2FD-12D0-40ED-AE94-C6CFBC71AE9B}.Release|ARM.ActiveCfg = Release|Any CPU
		{D53DB2FD-12D0-40ED-AE94-C6CFBC71AE9B}.Release|ARM.Build.0 = Release|Any CPU
		{D53DB2FD-12D0-40ED-AE94-C6CFBC71AE9B}.Release|ARM.Deploy.0 = Release|Any CPU
		{D53DB2FD-12D0-40ED-AE94-C6CFBC71AE9B}.Release|iPhone.ActiveCfg = Release|Any CPU
		{D53DB2FD-12D0-40ED-AE94-C6CFBC71AE9B}.Release|iPhone.Build.0 = Release|Any CPU
		{D53DB2FD-12D0-40ED-AE94-C6CFBC71AE9B}.Release|iPhone.Deploy.0 = Release|Any CPU
		{D53DB2FD-12D0-40ED-AE94-C6CFBC71AE9B}.Release|iPhoneSimulator.ActiveCfg = Release|Any CPU
		{D53DB2FD-12D0-40ED-AE94-C6CFBC71AE9B}.Release|iPhoneSimulator.Build.0 = Release|Any CPU
		{D53DB2FD-12D0-40ED-AE94-C6CFBC71AE9B}.Release|iPhoneSimulator.Deploy.0 = Release|Any CPU
		{D53DB2FD-12D0-40ED-AE94-C6CFBC71AE9B}.Release|x64.ActiveCfg = Release|Any CPU
		{D53DB2FD-12D0-40ED-AE94-C6CFBC71AE9B}.Release|x64.Build.0 = Release|Any CPU
		{D53DB2FD-12D0-40ED-AE94-C6CFBC71AE9B}.Release|x64.Deploy.0 = Release|Any CPU
		{D53DB2FD-12D0-40ED-AE94-C6CFBC71AE9B}.Release|x86.ActiveCfg = Release|Any CPU
		{D53DB2FD-12D0-40ED-AE94-C6CFBC71AE9B}.Release|x86.Build.0 = Release|Any CPU
		{D53DB2FD-12D0-40ED-AE94-C6CFBC71AE9B}.Release|x86.Deploy.0 = Release|Any CPU
		{104A7E58-C6E2-44DC-91B9-B502685D57E0}.Ad-Hoc|Any CPU.ActiveCfg = Ad-Hoc|iPhone
		{104A7E58-C6E2-44DC-91B9-B502685D57E0}.Ad-Hoc|Any CPU.Build.0 = Ad-Hoc|iPhone
		{104A7E58-C6E2-44DC-91B9-B502685D57E0}.Ad-Hoc|Any CPU.Deploy.0 = Ad-Hoc|iPhone
		{104A7E58-C6E2-44DC-91B9-B502685D57E0}.Ad-Hoc|ARM.ActiveCfg = Ad-Hoc|iPhone
		{104A7E58-C6E2-44DC-91B9-B502685D57E0}.Ad-Hoc|ARM.Build.0 = Ad-Hoc|iPhone
		{104A7E58-C6E2-44DC-91B9-B502685D57E0}.Ad-Hoc|ARM.Deploy.0 = Ad-Hoc|iPhone
		{104A7E58-C6E2-44DC-91B9-B502685D57E0}.Ad-Hoc|iPhone.ActiveCfg = Ad-Hoc|iPhone
		{104A7E58-C6E2-44DC-91B9-B502685D57E0}.Ad-Hoc|iPhone.Build.0 = Ad-Hoc|iPhone
		{104A7E58-C6E2-44DC-91B9-B502685D57E0}.Ad-Hoc|iPhone.Deploy.0 = Ad-Hoc|iPhone
		{104A7E58-C6E2-44DC-91B9-B502685D57E0}.Ad-Hoc|iPhoneSimulator.ActiveCfg = Ad-Hoc|iPhoneSimulator
		{104A7E58-C6E2-44DC-91B9-B502685D57E0}.Ad-Hoc|iPhoneSimulator.Build.0 = Ad-Hoc|iPhoneSimulator
		{104A7E58-C6E2-44DC-91B9-B502685D57E0}.Ad-Hoc|iPhoneSimulator.Deploy.0 = Ad-Hoc|iPhoneSimulator
		{104A7E58-C6E2-44DC-91B9-B502685D57E0}.Ad-Hoc|x64.ActiveCfg = Ad-Hoc|iPhone
		{104A7E58-C6E2-44DC-91B9-B502685D57E0}.Ad-Hoc|x64.Build.0 = Ad-Hoc|iPhone
		{104A7E58-C6E2-44DC-91B9-B502685D57E0}.Ad-Hoc|x64.Deploy.0 = Ad-Hoc|iPhone
		{104A7E58-C6E2-44DC-91B9-B502685D57E0}.Ad-Hoc|x86.ActiveCfg = Ad-Hoc|iPhone
		{104A7E58-C6E2-44DC-91B9-B502685D57E0}.Ad-Hoc|x86.Build.0 = Ad-Hoc|iPhone
		{104A7E58-C6E2-44DC-91B9-B502685D57E0}.Ad-Hoc|x86.Deploy.0 = Ad-Hoc|iPhone
		{104A7E58-C6E2-44DC-91B9-B502685D57E0}.AppStore|Any CPU.ActiveCfg = AppStore|iPhone
		{104A7E58-C6E2-44DC-91B9-B502685D57E0}.AppStore|Any CPU.Build.0 = AppStore|iPhone
		{104A7E58-C6E2-44DC-91B9-B502685D57E0}.AppStore|Any CPU.Deploy.0 = AppStore|iPhone
		{104A7E58-C6E2-44DC-91B9-B502685D57E0}.AppStore|ARM.ActiveCfg = AppStore|iPhone
		{104A7E58-C6E2-44DC-91B9-B502685D57E0}.AppStore|ARM.Build.0 = AppStore|iPhone
		{104A7E58-C6E2-44DC-91B9-B502685D57E0}.AppStore|ARM.Deploy.0 = AppStore|iPhone
		{104A7E58-C6E2-44DC-91B9-B502685D57E0}.AppStore|iPhone.ActiveCfg = AppStore|iPhone
		{104A7E58-C6E2-44DC-91B9-B502685D57E0}.AppStore|iPhone.Build.0 = AppStore|iPhone
		{104A7E58-C6E2-44DC-91B9-B502685D57E0}.AppStore|iPhone.Deploy.0 = AppStore|iPhone
		{104A7E58-C6E2-44DC-91B9-B502685D57E0}.AppStore|iPhoneSimulator.ActiveCfg = AppStore|iPhoneSimulator
		{104A7E58-C6E2-44DC-91B9-B502685D57E0}.AppStore|iPhoneSimulator.Build.0 = AppStore|iPhoneSimulator
		{104A7E58-C6E2-44DC-91B9-B502685D57E0}.AppStore|iPhoneSimulator.Deploy.0 = AppStore|iPhoneSimulator
		{104A7E58-C6E2-44DC-91B9-B502685D57E0}.AppStore|x64.ActiveCfg = AppStore|iPhone
		{104A7E58-C6E2-44DC-91B9-B502685D57E0}.AppStore|x64.Build.0 = AppStore|iPhone
		{104A7E58-C6E2-44DC-91B9-B502685D57E0}.AppStore|x64.Deploy.0 = AppStore|iPhone
		{104A7E58-C6E2-44DC-91B9-B502685D57E0}.AppStore|x86.ActiveCfg = AppStore|iPhone
		{104A7E58-C6E2-44DC-91B9-B502685D57E0}.AppStore|x86.Build.0 = AppStore|iPhone
		{104A7E58-C6E2-44DC-91B9-B502685D57E0}.AppStore|x86.Deploy.0 = AppStore|iPhone
		{104A7E58-C6E2-44DC-91B9-B502685D57E0}.Debug|Any CPU.ActiveCfg = Debug|iPhoneSimulator
		{104A7E58-C6E2-44DC-91B9-B502685D57E0}.Debug|Any CPU.Build.0 = Debug|iPhoneSimulator
		{104A7E58-C6E2-44DC-91B9-B502685D57E0}.Debug|Any CPU.Deploy.0 = Debug|iPhoneSimulator
		{104A7E58-C6E2-44DC-91B9-B502685D57E0}.Debug|ARM.ActiveCfg = Debug|iPhone
		{104A7E58-C6E2-44DC-91B9-B502685D57E0}.Debug|ARM.Build.0 = Debug|iPhone
		{104A7E58-C6E2-44DC-91B9-B502685D57E0}.Debug|ARM.Deploy.0 = Debug|iPhone
		{104A7E58-C6E2-44DC-91B9-B502685D57E0}.Debug|iPhone.ActiveCfg = Debug|iPhone
		{104A7E58-C6E2-44DC-91B9-B502685D57E0}.Debug|iPhone.Build.0 = Debug|iPhone
		{104A7E58-C6E2-44DC-91B9-B502685D57E0}.Debug|iPhone.Deploy.0 = Debug|iPhone
		{104A7E58-C6E2-44DC-91B9-B502685D57E0}.Debug|iPhoneSimulator.ActiveCfg = Debug|iPhoneSimulator
		{104A7E58-C6E2-44DC-91B9-B502685D57E0}.Debug|iPhoneSimulator.Build.0 = Debug|iPhoneSimulator
		{104A7E58-C6E2-44DC-91B9-B502685D57E0}.Debug|iPhoneSimulator.Deploy.0 = Debug|iPhoneSimulator
		{104A7E58-C6E2-44DC-91B9-B502685D57E0}.Debug|x64.ActiveCfg = Debug|iPhone
		{104A7E58-C6E2-44DC-91B9-B502685D57E0}.Debug|x64.Build.0 = Debug|iPhone
		{104A7E58-C6E2-44DC-91B9-B502685D57E0}.Debug|x64.Deploy.0 = Debug|iPhone
		{104A7E58-C6E2-44DC-91B9-B502685D57E0}.Debug|x86.ActiveCfg = Debug|iPhone
		{104A7E58-C6E2-44DC-91B9-B502685D57E0}.Debug|x86.Build.0 = Debug|iPhone
		{104A7E58-C6E2-44DC-91B9-B502685D57E0}.Debug|x86.Deploy.0 = Debug|iPhone
		{104A7E58-C6E2-44DC-91B9-B502685D57E0}.Release|Any CPU.ActiveCfg = Release|iPhone
		{104A7E58-C6E2-44DC-91B9-B502685D57E0}.Release|Any CPU.Build.0 = Release|iPhone
		{104A7E58-C6E2-44DC-91B9-B502685D57E0}.Release|Any CPU.Deploy.0 = Release|iPhone
		{104A7E58-C6E2-44DC-91B9-B502685D57E0}.Release|ARM.ActiveCfg = Release|iPhone
		{104A7E58-C6E2-44DC-91B9-B502685D57E0}.Release|ARM.Build.0 = Release|iPhone
		{104A7E58-C6E2-44DC-91B9-B502685D57E0}.Release|ARM.Deploy.0 = Release|iPhone
		{104A7E58-C6E2-44DC-91B9-B502685D57E0}.Release|iPhone.ActiveCfg = Release|iPhone
		{104A7E58-C6E2-44DC-91B9-B502685D57E0}.Release|iPhone.Build.0 = Release|iPhone
		{104A7E58-C6E2-44DC-91B9-B502685D57E0}.Release|iPhone.Deploy.0 = Release|iPhone
		{104A7E58-C6E2-44DC-91B9-B502685D57E0}.Release|iPhoneSimulator.ActiveCfg = Release|iPhoneSimulator
		{104A7E58-C6E2-44DC-91B9-B502685D57E0}.Release|iPhoneSimulator.Build.0 = Release|iPhoneSimulator
		{104A7E58-C6E2-44DC-91B9-B502685D57E0}.Release|iPhoneSimulator.Deploy.0 = Release|iPhoneSimulator
		{104A7E58-C6E2-44DC-91B9-B502685D57E0}.Release|x64.ActiveCfg = Release|iPhone
		{104A7E58-C6E2-44DC-91B9-B502685D57E0}.Release|x64.Build.0 = Release|iPhone
		{104A7E58-C6E2-44DC-91B9-B502685D57E0}.Release|x64.Deploy.0 = Release|iPhone
		{104A7E58-C6E2-44DC-91B9-B502685D57E0}.Release|x86.ActiveCfg = Release|iPhone
		{104A7E58-C6E2-44DC-91B9-B502685D57E0}.Release|x86.Build.0 = Release|iPhone
		{104A7E58-C6E2-44DC-91B9-B502685D57E0}.Release|x86.Deploy.0 = Release|iPhone
		{157DAEA1-B6F5-47B6-A513-A7D0048D9B3C}.Ad-Hoc|Any CPU.ActiveCfg = Release|x86
		{157DAEA1-B6F5-47B6-A513-A7D0048D9B3C}.Ad-Hoc|Any CPU.Build.0 = Release|x86
		{157DAEA1-B6F5-47B6-A513-A7D0048D9B3C}.Ad-Hoc|Any CPU.Deploy.0 = Release|x86
		{157DAEA1-B6F5-47B6-A513-A7D0048D9B3C}.Ad-Hoc|ARM.ActiveCfg = Release|ARM
		{157DAEA1-B6F5-47B6-A513-A7D0048D9B3C}.Ad-Hoc|ARM.Build.0 = Release|ARM
		{157DAEA1-B6F5-47B6-A513-A7D0048D9B3C}.Ad-Hoc|ARM.Deploy.0 = Release|ARM
		{157DAEA1-B6F5-47B6-A513-A7D0048D9B3C}.Ad-Hoc|iPhone.ActiveCfg = Release|x86
		{157DAEA1-B6F5-47B6-A513-A7D0048D9B3C}.Ad-Hoc|iPhone.Build.0 = Release|x86
		{157DAEA1-B6F5-47B6-A513-A7D0048D9B3C}.Ad-Hoc|iPhone.Deploy.0 = Release|x86
		{157DAEA1-B6F5-47B6-A513-A7D0048D9B3C}.Ad-Hoc|iPhoneSimulator.ActiveCfg = Release|x86
		{157DAEA1-B6F5-47B6-A513-A7D0048D9B3C}.Ad-Hoc|iPhoneSimulator.Build.0 = Release|x86
		{157DAEA1-B6F5-47B6-A513-A7D0048D9B3C}.Ad-Hoc|iPhoneSimulator.Deploy.0 = Release|x86
		{157DAEA1-B6F5-47B6-A513-A7D0048D9B3C}.Ad-Hoc|x64.ActiveCfg = Release|x64
		{157DAEA1-B6F5-47B6-A513-A7D0048D9B3C}.Ad-Hoc|x64.Build.0 = Release|x64
		{157DAEA1-B6F5-47B6-A513-A7D0048D9B3C}.Ad-Hoc|x64.Deploy.0 = Release|x64
		{157DAEA1-B6F5-47B6-A513-A7D0048D9B3C}.Ad-Hoc|x86.ActiveCfg = Release|x86
		{157DAEA1-B6F5-47B6-A513-A7D0048D9B3C}.Ad-Hoc|x86.Build.0 = Release|x86
		{157DAEA1-B6F5-47B6-A513-A7D0048D9B3C}.Ad-Hoc|x86.Deploy.0 = Release|x86
		{157DAEA1-B6F5-47B6-A513-A7D0048D9B3C}.AppStore|Any CPU.ActiveCfg = Release|x86
		{157DAEA1-B6F5-47B6-A513-A7D0048D9B3C}.AppStore|Any CPU.Build.0 = Release|x86
		{157DAEA1-B6F5-47B6-A513-A7D0048D9B3C}.AppStore|Any CPU.Deploy.0 = Release|x86
		{157DAEA1-B6F5-47B6-A513-A7D0048D9B3C}.AppStore|ARM.ActiveCfg = Release|ARM
		{157DAEA1-B6F5-47B6-A513-A7D0048D9B3C}.AppStore|ARM.Build.0 = Release|ARM
		{157DAEA1-B6F5-47B6-A513-A7D0048D9B3C}.AppStore|ARM.Deploy.0 = Release|ARM
		{157DAEA1-B6F5-47B6-A513-A7D0048D9B3C}.AppStore|iPhone.ActiveCfg = Release|x86
		{157DAEA1-B6F5-47B6-A513-A7D0048D9B3C}.AppStore|iPhone.Build.0 = Release|x86
		{157DAEA1-B6F5-47B6-A513-A7D0048D9B3C}.AppStore|iPhone.Deploy.0 = Release|x86
		{157DAEA1-B6F5-47B6-A513-A7D0048D9B3C}.AppStore|iPhoneSimulator.ActiveCfg = Release|x86
		{157DAEA1-B6F5-47B6-A513-A7D0048D9B3C}.AppStore|iPhoneSimulator.Build.0 = Release|x86
		{157DAEA1-B6F5-47B6-A513-A7D0048D9B3C}.AppStore|iPhoneSimulator.Deploy.0 = Release|x86
		{157DAEA1-B6F5-47B6-A513-A7D0048D9B3C}.AppStore|x64.ActiveCfg = Release|x64
		{157DAEA1-B6F5-47B6-A513-A7D0048D9B3C}.AppStore|x64.Build.0 = Release|x64
		{157DAEA1-B6F5-47B6-A513-A7D0048D9B3C}.AppStore|x64.Deploy.0 = Release|x64
		{157DAEA1-B6F5-47B6-A513-A7D0048D9B3C}.AppStore|x86.ActiveCfg = Release|x86
		{157DAEA1-B6F5-47B6-A513-A7D0048D9B3C}.AppStore|x86.Build.0 = Release|x86
		{157DAEA1-B6F5-47B6-A513-A7D0048D9B3C}.AppStore|x86.Deploy.0 = Release|x86
		{157DAEA1-B6F5-47B6-A513-A7D0048D9B3C}.Debug|Any CPU.ActiveCfg = Debug|x86
		{157DAEA1-B6F5-47B6-A513-A7D0048D9B3C}.Debug|Any CPU.Build.0 = Debug|x86
		{157DAEA1-B6F5-47B6-A513-A7D0048D9B3C}.Debug|Any CPU.Deploy.0 = Debug|x86
		{157DAEA1-B6F5-47B6-A513-A7D0048D9B3C}.Debug|ARM.ActiveCfg = Debug|ARM
		{157DAEA1-B6F5-47B6-A513-A7D0048D9B3C}.Debug|ARM.Build.0 = Debug|ARM
		{157DAEA1-B6F5-47B6-A513-A7D0048D9B3C}.Debug|ARM.Deploy.0 = Debug|ARM
		{157DAEA1-B6F5-47B6-A513-A7D0048D9B3C}.Debug|iPhone.ActiveCfg = Debug|x86
		{157DAEA1-B6F5-47B6-A513-A7D0048D9B3C}.Debug|iPhone.Build.0 = Debug|x86
		{157DAEA1-B6F5-47B6-A513-A7D0048D9B3C}.Debug|iPhone.Deploy.0 = Debug|x86
		{157DAEA1-B6F5-47B6-A513-A7D0048D9B3C}.Debug|iPhoneSimulator.ActiveCfg = Debug|x86
		{157DAEA1-B6F5-47B6-A513-A7D0048D9B3C}.Debug|iPhoneSimulator.Build.0 = Debug|x86
		{157DAEA1-B6F5-47B6-A513-A7D0048D9B3C}.Debug|iPhoneSimulator.Deploy.0 = Debug|x86
		{157DAEA1-B6F5-47B6-A513-A7D0048D9B3C}.Debug|x64.ActiveCfg = Debug|x64
		{157DAEA1-B6F5-47B6-A513-A7D0048D9B3C}.Debug|x64.Build.0 = Debug|x64
		{157DAEA1-B6F5-47B6-A513-A7D0048D9B3C}.Debug|x64.Deploy.0 = Debug|x64
		{157DAEA1-B6F5-47B6-A513-A7D0048D9B3C}.Debug|x86.ActiveCfg = Debug|x86
		{157DAEA1-B6F5-47B6-A513-A7D0048D9B3C}.Debug|x86.Build.0 = Debug|x86
		{157DAEA1-B6F5-47B6-A513-A7D0048D9B3C}.Debug|x86.Deploy.0 = Debug|x86
		{157DAEA1-B6F5-47B6-A513-A7D0048D9B3C}.Release|Any CPU.ActiveCfg = Release|x86
		{157DAEA1-B6F5-47B6-A513-A7D0048D9B3C}.Release|Any CPU.Build.0 = Release|x86
		{157DAEA1-B6F5-47B6-A513-A7D0048D9B3C}.Release|Any CPU.Deploy.0 = Release|x86
		{157DAEA1-B6F5-47B6-A513-A7D0048D9B3C}.Release|ARM.ActiveCfg = Release|ARM
		{157DAEA1-B6F5-47B6-A513-A7D0048D9B3C}.Release|ARM.Build.0 = Release|ARM
		{157DAEA1-B6F5-47B6-A513-A7D0048D9B3C}.Release|ARM.Deploy.0 = Release|ARM
		{157DAEA1-B6F5-47B6-A513-A7D0048D9B3C}.Release|iPhone.ActiveCfg = Release|x86
		{157DAEA1-B6F5-47B6-A513-A7D0048D9B3C}.Release|iPhone.Build.0 = Release|x86
		{157DAEA1-B6F5-47B6-A513-A7D0048D9B3C}.Release|iPhone.Deploy.0 = Release|x86
		{157DAEA1-B6F5-47B6-A513-A7D0048D9B3C}.Release|iPhoneSimulator.ActiveCfg = Release|x86
		{157DAEA1-B6F5-47B6-A513-A7D0048D9B3C}.Release|iPhoneSimulator.Build.0 = Release|x86
		{157DAEA1-B6F5-47B6-A513-A7D0048D9B3C}.Release|iPhoneSimulator.Deploy.0 = Release|x86
		{157DAEA1-B6F5-47B6-A513-A7D0048D9B3C}.Release|x64.ActiveCfg = Release|x64
		{157DAEA1-B6F5-47B6-A513-A7D0048D9B3C}.Release|x64.Build.0 = Release|x64
		{157DAEA1-B6F5-47B6-A513-A7D0048D9B3C}.Release|x64.Deploy.0 = Release|x64
		{157DAEA1-B6F5-47B6-A513-A7D0048D9B3C}.Release|x86.ActiveCfg = Release|x86
		{157DAEA1-B6F5-47B6-A513-A7D0048D9B3C}.Release|x86.Build.0 = Release|x86
		{157DAEA1-B6F5-47B6-A513-A7D0048D9B3C}.Release|x86.Deploy.0 = Release|x86
		{E42D6F62-69B2-4DEC-B8E5-6CB89A7F5F4E}.Ad-Hoc|Any CPU.ActiveCfg = Debug|Any CPU
		{E42D6F62-69B2-4DEC-B8E5-6CB89A7F5F4E}.Ad-Hoc|Any CPU.Build.0 = Debug|Any CPU
		{E42D6F62-69B2-4DEC-B8E5-6CB89A7F5F4E}.Ad-Hoc|Any CPU.Deploy.0 = Debug|Any CPU
		{E42D6F62-69B2-4DEC-B8E5-6CB89A7F5F4E}.Ad-Hoc|ARM.ActiveCfg = Debug|Any CPU
		{E42D6F62-69B2-4DEC-B8E5-6CB89A7F5F4E}.Ad-Hoc|ARM.Build.0 = Debug|Any CPU
		{E42D6F62-69B2-4DEC-B8E5-6CB89A7F5F4E}.Ad-Hoc|ARM.Deploy.0 = Debug|Any CPU
		{E42D6F62-69B2-4DEC-B8E5-6CB89A7F5F4E}.Ad-Hoc|iPhone.ActiveCfg = Debug|Any CPU
		{E42D6F62-69B2-4DEC-B8E5-6CB89A7F5F4E}.Ad-Hoc|iPhone.Build.0 = Debug|Any CPU
		{E42D6F62-69B2-4DEC-B8E5-6CB89A7F5F4E}.Ad-Hoc|iPhone.Deploy.0 = Debug|Any CPU
		{E42D6F62-69B2-4DEC-B8E5-6CB89A7F5F4E}.Ad-Hoc|iPhoneSimulator.ActiveCfg = Debug|Any CPU
		{E42D6F62-69B2-4DEC-B8E5-6CB89A7F5F4E}.Ad-Hoc|iPhoneSimulator.Build.0 = Debug|Any CPU
		{E42D6F62-69B2-4DEC-B8E5-6CB89A7F5F4E}.Ad-Hoc|iPhoneSimulator.Deploy.0 = Debug|Any CPU
		{E42D6F62-69B2-4DEC-B8E5-6CB89A7F5F4E}.Ad-Hoc|x64.ActiveCfg = Debug|Any CPU
		{E42D6F62-69B2-4DEC-B8E5-6CB89A7F5F4E}.Ad-Hoc|x64.Build.0 = Debug|Any CPU
		{E42D6F62-69B2-4DEC-B8E5-6CB89A7F5F4E}.Ad-Hoc|x64.Deploy.0 = Debug|Any CPU
		{E42D6F62-69B2-4DEC-B8E5-6CB89A7F5F4E}.Ad-Hoc|x86.ActiveCfg = Debug|Any CPU
		{E42D6F62-69B2-4DEC-B8E5-6CB89A7F5F4E}.Ad-Hoc|x86.Build.0 = Debug|Any CPU
		{E42D6F62-69B2-4DEC-B8E5-6CB89A7F5F4E}.Ad-Hoc|x86.Deploy.0 = Debug|Any CPU
		{E42D6F62-69B2-4DEC-B8E5-6CB89A7F5F4E}.AppStore|Any CPU.ActiveCfg = Debug|Any CPU
		{E42D6F62-69B2-4DEC-B8E5-6CB89A7F5F4E}.AppStore|Any CPU.Build.0 = Debug|Any CPU
		{E42D6F62-69B2-4DEC-B8E5-6CB89A7F5F4E}.AppStore|Any CPU.Deploy.0 = Debug|Any CPU
		{E42D6F62-69B2-4DEC-B8E5-6CB89A7F5F4E}.AppStore|ARM.ActiveCfg = Debug|Any CPU
		{E42D6F62-69B2-4DEC-B8E5-6CB89A7F5F4E}.AppStore|ARM.Build.0 = Debug|Any CPU
		{E42D6F62-69B2-4DEC-B8E5-6CB89A7F5F4E}.AppStore|ARM.Deploy.0 = Debug|Any CPU
		{E42D6F62-69B2-4DEC-B8E5-6CB89A7F5F4E}.AppStore|iPhone.ActiveCfg = Debug|Any CPU
		{E42D6F62-69B2-4DEC-B8E5-6CB89A7F5F4E}.AppStore|iPhone.Build.0 = Debug|Any CPU
		{E42D6F62-69B2-4DEC-B8E5-6CB89A7F5F4E}.AppStore|iPhone.Deploy.0 = Debug|Any CPU
		{E42D6F62-69B2-4DEC-B8E5-6CB89A7F5F4E}.AppStore|iPhoneSimulator.ActiveCfg = Debug|Any CPU
		{E42D6F62-69B2-4DEC-B8E5-6CB89A7F5F4E}.AppStore|iPhoneSimulator.Build.0 = Debug|Any CPU
		{E42D6F62-69B2-4DEC-B8E5-6CB89A7F5F4E}.AppStore|iPhoneSimulator.Deploy.0 = Debug|Any CPU
		{E42D6F62-69B2-4DEC-B8E5-6CB89A7F5F4E}.AppStore|x64.ActiveCfg = Debug|Any CPU
		{E42D6F62-69B2-4DEC-B8E5-6CB89A7F5F4E}.AppStore|x64.Build.0 = Debug|Any CPU
		{E42D6F62-69B2-4DEC-B8E5-6CB89A7F5F4E}.AppStore|x64.Deploy.0 = Debug|Any CPU
		{E42D6F62-69B2-4DEC-B8E5-6CB89A7F5F4E}.AppStore|x86.ActiveCfg = Debug|Any CPU
		{E42D6F62-69B2-4DEC-B8E5-6CB89A7F5F4E}.AppStore|x86.Build.0 = Debug|Any CPU
		{E42D6F62-69B2-4DEC-B8E5-6CB89A7F5F4E}.AppStore|x86.Deploy.0 = Debug|Any CPU
		{E42D6F62-69B2-4DEC-B8E5-6CB89A7F5F4E}.Debug|Any CPU.ActiveCfg = Debug|Any CPU
		{E42D6F62-69B2-4DEC-B8E5-6CB89A7F5F4E}.Debug|Any CPU.Build.0 = Debug|Any CPU
		{E42D6F62-69B2-4DEC-B8E5-6CB89A7F5F4E}.Debug|Any CPU.Deploy.0 = Debug|Any CPU
		{E42D6F62-69B2-4DEC-B8E5-6CB89A7F5F4E}.Debug|ARM.ActiveCfg = Debug|Any CPU
		{E42D6F62-69B2-4DEC-B8E5-6CB89A7F5F4E}.Debug|ARM.Build.0 = Debug|Any CPU
		{E42D6F62-69B2-4DEC-B8E5-6CB89A7F5F4E}.Debug|ARM.Deploy.0 = Debug|Any CPU
		{E42D6F62-69B2-4DEC-B8E5-6CB89A7F5F4E}.Debug|iPhone.ActiveCfg = Debug|Any CPU
		{E42D6F62-69B2-4DEC-B8E5-6CB89A7F5F4E}.Debug|iPhone.Build.0 = Debug|Any CPU
		{E42D6F62-69B2-4DEC-B8E5-6CB89A7F5F4E}.Debug|iPhone.Deploy.0 = Debug|Any CPU
		{E42D6F62-69B2-4DEC-B8E5-6CB89A7F5F4E}.Debug|iPhoneSimulator.ActiveCfg = Debug|Any CPU
		{E42D6F62-69B2-4DEC-B8E5-6CB89A7F5F4E}.Debug|iPhoneSimulator.Build.0 = Debug|Any CPU
		{E42D6F62-69B2-4DEC-B8E5-6CB89A7F5F4E}.Debug|iPhoneSimulator.Deploy.0 = Debug|Any CPU
		{E42D6F62-69B2-4DEC-B8E5-6CB89A7F5F4E}.Debug|x64.ActiveCfg = Debug|Any CPU
		{E42D6F62-69B2-4DEC-B8E5-6CB89A7F5F4E}.Debug|x64.Build.0 = Debug|Any CPU
		{E42D6F62-69B2-4DEC-B8E5-6CB89A7F5F4E}.Debug|x64.Deploy.0 = Debug|Any CPU
		{E42D6F62-69B2-4DEC-B8E5-6CB89A7F5F4E}.Debug|x86.ActiveCfg = Debug|Any CPU
		{E42D6F62-69B2-4DEC-B8E5-6CB89A7F5F4E}.Debug|x86.Build.0 = Debug|Any CPU
		{E42D6F62-69B2-4DEC-B8E5-6CB89A7F5F4E}.Debug|x86.Deploy.0 = Debug|Any CPU
		{E42D6F62-69B2-4DEC-B8E5-6CB89A7F5F4E}.Release|Any CPU.ActiveCfg = Release|Any CPU
		{E42D6F62-69B2-4DEC-B8E5-6CB89A7F5F4E}.Release|Any CPU.Build.0 = Release|Any CPU
		{E42D6F62-69B2-4DEC-B8E5-6CB89A7F5F4E}.Release|Any CPU.Deploy.0 = Release|Any CPU
		{E42D6F62-69B2-4DEC-B8E5-6CB89A7F5F4E}.Release|ARM.ActiveCfg = Release|Any CPU
		{E42D6F62-69B2-4DEC-B8E5-6CB89A7F5F4E}.Release|ARM.Build.0 = Release|Any CPU
		{E42D6F62-69B2-4DEC-B8E5-6CB89A7F5F4E}.Release|ARM.Deploy.0 = Release|Any CPU
		{E42D6F62-69B2-4DEC-B8E5-6CB89A7F5F4E}.Release|iPhone.ActiveCfg = Release|Any CPU
		{E42D6F62-69B2-4DEC-B8E5-6CB89A7F5F4E}.Release|iPhone.Build.0 = Release|Any CPU
		{E42D6F62-69B2-4DEC-B8E5-6CB89A7F5F4E}.Release|iPhone.Deploy.0 = Release|Any CPU
		{E42D6F62-69B2-4DEC-B8E5-6CB89A7F5F4E}.Release|iPhoneSimulator.ActiveCfg = Release|Any CPU
		{E42D6F62-69B2-4DEC-B8E5-6CB89A7F5F4E}.Release|iPhoneSimulator.Build.0 = Release|Any CPU
		{E42D6F62-69B2-4DEC-B8E5-6CB89A7F5F4E}.Release|iPhoneSimulator.Deploy.0 = Release|Any CPU
		{E42D6F62-69B2-4DEC-B8E5-6CB89A7F5F4E}.Release|x64.ActiveCfg = Release|Any CPU
		{E42D6F62-69B2-4DEC-B8E5-6CB89A7F5F4E}.Release|x64.Build.0 = Release|Any CPU
		{E42D6F62-69B2-4DEC-B8E5-6CB89A7F5F4E}.Release|x64.Deploy.0 = Release|Any CPU
		{E42D6F62-69B2-4DEC-B8E5-6CB89A7F5F4E}.Release|x86.ActiveCfg = Release|Any CPU
		{E42D6F62-69B2-4DEC-B8E5-6CB89A7F5F4E}.Release|x86.Build.0 = Release|Any CPU
		{E42D6F62-69B2-4DEC-B8E5-6CB89A7F5F4E}.Release|x86.Deploy.0 = Release|Any CPU
	EndGlobalSection
	GlobalSection(SolutionProperties) = preSolution
		HideSolutionNode = FALSE
	EndGlobalSection
	GlobalSection(ExtensibilityGlobals) = postSolution
		SolutionGuid = {3300F8DB-A16F-4312-AA2C-8979CEE4A357}
	EndGlobalSection
EndGlobal
