
Microsoft Visual Studio Solution File, Format Version 12.00
# Visual Studio 15
VisualStudioVersion = 15.0.27428.2037
MinimumVisualStudioVersion = 10.0.40219.1
Project("{FAE04EC0-301F-11D3-BF4B-00C04F79EFBC}") = "App01_ControleXF.Android", "App01_ControleXF\App01_ControleXF.Android\App01_ControleXF.Android.csproj", "{648B6F0A-B736-4C52-83E6-933428C11B07}"
EndProject
Project("{FAE04EC0-301F-11D3-BF4B-00C04F79EFBC}") = "App01_ControleXF.iOS", "App01_ControleXF\App01_ControleXF.iOS\App01_ControleXF.iOS.csproj", "{6A249897-B785-44CF-9B05-5A333F0348CB}"
EndProject
Project("{FAE04EC0-301F-11D3-BF4B-00C04F79EFBC}") = "App01_ControleXF.UWP", "App01_ControleXF\App01_ControleXF.UWP\App01_ControleXF.UWP.csproj", "{C44F18C6-10E0-495E-8B55-93AD15F1A51A}"
EndProject
Project("{FAE04EC0-301F-11D3-BF4B-00C04F79EFBC}") = "App01_ControleXF", "App01_ControleXF\App01_ControleXF\App01_ControleXF.csproj", "{D324C4D5-409C-4D18-9681-42BCBF3C3A62}"
EndProject
Global
	GlobalSection(SolutionConfigurationPlatforms) = preSolution
		Ad-Hoc|Any CPU = Ad-Hoc|Any CPU
		Ad-Hoc|ARM = Ad-Hoc|ARM
		Ad-Hoc|iPhone = Ad-Hoc|iPhone
		Ad-Hoc|iPhoneSimulator = Ad-Hoc|iPhoneSimulator
		Ad-Hoc|x64 = Ad-Hoc|x64
		Ad-Hoc|x86 = Ad-Hoc|x86
		AppStore|Any CPU = AppStore|Any CPU
		AppStore|ARM = AppStore|ARM
		AppStore|iPhone = AppStore|iPhone
		AppStore|iPhoneSimulator = AppStore|iPhoneSimulator
		AppStore|x64 = AppStore|x64
		AppStore|x86 = AppStore|x86
		Debug|Any CPU = Debug|Any CPU
		Debug|ARM = Debug|ARM
		Debug|iPhone = Debug|iPhone
		Debug|iPhoneSimulator = Debug|iPhoneSimulator
		Debug|x64 = Debug|x64
		Debug|x86 = Debug|x86
		Release|Any CPU = Release|Any CPU
		Release|ARM = Release|ARM
		Release|iPhone = Release|iPhone
		Release|iPhoneSimulator = Release|iPhoneSimulator
		Release|x64 = Release|x64
		Release|x86 = Release|x86
	EndGlobalSection
	GlobalSection(ProjectConfigurationPlatforms) = postSolution
		{648B6F0A-B736-4C52-83E6-933428C11B07}.Ad-Hoc|Any CPU.ActiveCfg = Release|Any CPU
		{648B6F0A-B736-4C52-83E6-933428C11B07}.Ad-Hoc|Any CPU.Build.0 = Release|Any CPU
		{648B6F0A-B736-4C52-83E6-933428C11B07}.Ad-Hoc|Any CPU.Deploy.0 = Release|Any CPU
		{648B6F0A-B736-4C52-83E6-933428C11B07}.Ad-Hoc|ARM.ActiveCfg = Release|Any CPU
		{648B6F0A-B736-4C52-83E6-933428C11B07}.Ad-Hoc|ARM.Build.0 = Release|Any CPU
		{648B6F0A-B736-4C52-83E6-933428C11B07}.Ad-Hoc|ARM.Deploy.0 = Release|Any CPU
		{648B6F0A-B736-4C52-83E6-933428C11B07}.Ad-Hoc|iPhone.ActiveCfg = Release|Any CPU
		{648B6F0A-B736-4C52-83E6-933428C11B07}.Ad-Hoc|iPhone.Build.0 = Release|Any CPU
		{648B6F0A-B736-4C52-83E6-933428C11B07}.Ad-Hoc|iPhone.Deploy.0 = Release|Any CPU
		{648B6F0A-B736-4C52-83E6-933428C11B07}.Ad-Hoc|iPhoneSimulator.ActiveCfg = Release|Any CPU
		{648B6F0A-B736-4C52-83E6-933428C11B07}.Ad-Hoc|iPhoneSimulator.Build.0 = Release|Any CPU
		{648B6F0A-B736-4C52-83E6-933428C11B07}.Ad-Hoc|iPhoneSimulator.Deploy.0 = Release|Any CPU
		{648B6F0A-B736-4C52-83E6-933428C11B07}.Ad-Hoc|x64.ActiveCfg = Release|Any CPU
		{648B6F0A-B736-4C52-83E6-933428C11B07}.Ad-Hoc|x64.Build.0 = Release|Any CPU
		{648B6F0A-B736-4C52-83E6-933428C11B07}.Ad-Hoc|x64.Deploy.0 = Release|Any CPU
		{648B6F0A-B736-4C52-83E6-933428C11B07}.Ad-Hoc|x86.ActiveCfg = Release|Any CPU
		{648B6F0A-B736-4C52-83E6-933428C11B07}.Ad-Hoc|x86.Build.0 = Release|Any CPU
		{648B6F0A-B736-4C52-83E6-933428C11B07}.Ad-Hoc|x86.Deploy.0 = Release|Any CPU
		{648B6F0A-B736-4C52-83E6-933428C11B07}.AppStore|Any CPU.ActiveCfg = Release|Any CPU
		{648B6F0A-B736-4C52-83E6-933428C11B07}.AppStore|Any CPU.Build.0 = Release|Any CPU
		{648B6F0A-B736-4C52-83E6-933428C11B07}.AppStore|Any CPU.Deploy.0 = Release|Any CPU
		{648B6F0A-B736-4C52-83E6-933428C11B07}.AppStore|ARM.ActiveCfg = Release|Any CPU
		{648B6F0A-B736-4C52-83E6-933428C11B07}.AppStore|ARM.Build.0 = Release|Any CPU
		{648B6F0A-B736-4C52-83E6-933428C11B07}.AppStore|ARM.Deploy.0 = Release|Any CPU
		{648B6F0A-B736-4C52-83E6-933428C11B07}.AppStore|iPhone.ActiveCfg = Release|Any CPU
		{648B6F0A-B736-4C52-83E6-933428C11B07}.AppStore|iPhone.Build.0 = Release|Any CPU
		{648B6F0A-B736-4C52-83E6-933428C11B07}.AppStore|iPhone.Deploy.0 = Release|Any CPU
		{648B6F0A-B736-4C52-83E6-933428C11B07}.AppStore|iPhoneSimulator.ActiveCfg = Release|Any CPU
		{648B6F0A-B736-4C52-83E6-933428C11B07}.AppStore|iPhoneSimulator.Build.0 = Release|Any CPU
		{648B6F0A-B736-4C52-83E6-933428C11B07}.AppStore|iPhoneSimulator.Deploy.0 = Release|Any CPU
		{648B6F0A-B736-4C52-83E6-933428C11B07}.AppStore|x64.ActiveCfg = Release|Any CPU
		{648B6F0A-B736-4C52-83E6-933428C11B07}.AppStore|x64.Build.0 = Release|Any CPU
		{648B6F0A-B736-4C52-83E6-933428C11B07}.AppStore|x64.Deploy.0 = Release|Any CPU
		{648B6F0A-B736-4C52-83E6-933428C11B07}.AppStore|x86.ActiveCfg = Release|Any CPU
		{648B6F0A-B736-4C52-83E6-933428C11B07}.AppStore|x86.Build.0 = Release|Any CPU
		{648B6F0A-B736-4C52-83E6-933428C11B07}.AppStore|x86.Deploy.0 = Release|Any CPU
		{648B6F0A-B736-4C52-83E6-933428C11B07}.Debug|Any CPU.ActiveCfg = Debug|Any CPU
		{648B6F0A-B736-4C52-83E6-933428C11B07}.Debug|Any CPU.Build.0 = Debug|Any CPU
		{648B6F0A-B736-4C52-83E6-933428C11B07}.Debug|Any CPU.Deploy.0 = Debug|Any CPU
		{648B6F0A-B736-4C52-83E6-933428C11B07}.Debug|ARM.ActiveCfg = Debug|Any CPU
		{648B6F0A-B736-4C52-83E6-933428C11B07}.Debug|ARM.Build.0 = Debug|Any CPU
		{648B6F0A-B736-4C52-83E6-933428C11B07}.Debug|ARM.Deploy.0 = Debug|Any CPU
		{648B6F0A-B736-4C52-83E6-933428C11B07}.Debug|iPhone.ActiveCfg = Debug|Any CPU
		{648B6F0A-B736-4C52-83E6-933428C11B07}.Debug|iPhone.Build.0 = Debug|Any CPU
		{648B6F0A-B736-4C52-83E6-933428C11B07}.Debug|iPhone.Deploy.0 = Debug|Any CPU
		{648B6F0A-B736-4C52-83E6-933428C11B07}.Debug|iPhoneSimulator.ActiveCfg = Debug|Any CPU
		{648B6F0A-B736-4C52-83E6-933428C11B07}.Debug|iPhoneSimulator.Build.0 = Debug|Any CPU
		{648B6F0A-B736-4C52-83E6-933428C11B07}.Debug|iPhoneSimulator.Deploy.0 = Debug|Any CPU
		{648B6F0A-B736-4C52-83E6-933428C11B07}.Debug|x64.ActiveCfg = Debug|Any CPU
		{648B6F0A-B736-4C52-83E6-933428C11B07}.Debug|x64.Build.0 = Debug|Any CPU
		{648B6F0A-B736-4C52-83E6-933428C11B07}.Debug|x64.Deploy.0 = Debug|Any CPU
		{648B6F0A-B736-4C52-83E6-933428C11B07}.Debug|x86.ActiveCfg = Debug|Any CPU
		{648B6F0A-B736-4C52-83E6-933428C11B07}.Debug|x86.Build.0 = Debug|Any CPU
		{648B6F0A-B736-4C52-83E6-933428C11B07}.Debug|x86.Deploy.0 = Debug|Any CPU
		{648B6F0A-B736-4C52-83E6-933428C11B07}.Release|Any CPU.ActiveCfg = Release|Any CPU
		{648B6F0A-B736-4C52-83E6-933428C11B07}.Release|Any CPU.Build.0 = Release|Any CPU
		{648B6F0A-B736-4C52-83E6-933428C11B07}.Release|Any CPU.Deploy.0 = Release|Any CPU
		{648B6F0A-B736-4C52-83E6-933428C11B07}.Release|ARM.ActiveCfg = Release|Any CPU
		{648B6F0A-B736-4C52-83E6-933428C11B07}.Release|ARM.Build.0 = Release|Any CPU
		{648B6F0A-B736-4C52-83E6-933428C11B07}.Release|ARM.Deploy.0 = Release|Any CPU
		{648B6F0A-B736-4C52-83E6-933428C11B07}.Release|iPhone.ActiveCfg = Release|Any CPU
		{648B6F0A-B736-4C52-83E6-933428C11B07}.Release|iPhone.Build.0 = Release|Any CPU
		{648B6F0A-B736-4C52-83E6-933428C11B07}.Release|iPhone.Deploy.0 = Release|Any CPU
		{648B6F0A-B736-4C52-83E6-933428C11B07}.Release|iPhoneSimulator.ActiveCfg = Release|Any CPU
		{648B6F0A-B736-4C52-83E6-933428C11B07}.Release|iPhoneSimulator.Build.0 = Release|Any CPU
		{648B6F0A-B736-4C52-83E6-933428C11B07}.Release|iPhoneSimulator.Deploy.0 = Release|Any CPU
		{648B6F0A-B736-4C52-83E6-933428C11B07}.Release|x64.ActiveCfg = Release|Any CPU
		{648B6F0A-B736-4C52-83E6-933428C11B07}.Release|x64.Build.0 = Release|Any CPU
		{648B6F0A-B736-4C52-83E6-933428C11B07}.Release|x64.Deploy.0 = Release|Any CPU
		{648B6F0A-B736-4C52-83E6-933428C11B07}.Release|x86.ActiveCfg = Release|Any CPU
		{648B6F0A-B736-4C52-83E6-933428C11B07}.Release|x86.Build.0 = Release|Any CPU
		{648B6F0A-B736-4C52-83E6-933428C11B07}.Release|x86.Deploy.0 = Release|Any CPU
		{6A249897-B785-44CF-9B05-5A333F0348CB}.Ad-Hoc|Any CPU.ActiveCfg = Ad-Hoc|iPhone
		{6A249897-B785-44CF-9B05-5A333F0348CB}.Ad-Hoc|ARM.ActiveCfg = Ad-Hoc|iPhone
		{6A249897-B785-44CF-9B05-5A333F0348CB}.Ad-Hoc|iPhone.ActiveCfg = Ad-Hoc|iPhone
		{6A249897-B785-44CF-9B05-5A333F0348CB}.Ad-Hoc|iPhone.Build.0 = Ad-Hoc|iPhone
		{6A249897-B785-44CF-9B05-5A333F0348CB}.Ad-Hoc|iPhoneSimulator.ActiveCfg = Ad-Hoc|iPhoneSimulator
		{6A249897-B785-44CF-9B05-5A333F0348CB}.Ad-Hoc|iPhoneSimulator.Build.0 = Ad-Hoc|iPhoneSimulator
		{6A249897-B785-44CF-9B05-5A333F0348CB}.Ad-Hoc|x64.ActiveCfg = Ad-Hoc|iPhone
		{6A249897-B785-44CF-9B05-5A333F0348CB}.Ad-Hoc|x86.ActiveCfg = Ad-Hoc|iPhone
		{6A249897-B785-44CF-9B05-5A333F0348CB}.AppStore|Any CPU.ActiveCfg = AppStore|iPhone
		{6A249897-B785-44CF-9B05-5A333F0348CB}.AppStore|ARM.ActiveCfg = AppStore|iPhone
		{6A249897-B785-44CF-9B05-5A333F0348CB}.AppStore|iPhone.ActiveCfg = AppStore|iPhone
		{6A249897-B785-44CF-9B05-5A333F0348CB}.AppStore|iPhone.Build.0 = AppStore|iPhone
		{6A249897-B785-44CF-9B05-5A333F0348CB}.AppStore|iPhoneSimulator.ActiveCfg = AppStore|iPhoneSimulator
		{6A249897-B785-44CF-9B05-5A333F0348CB}.AppStore|iPhoneSimulator.Build.0 = AppStore|iPhoneSimulator
		{6A249897-B785-44CF-9B05-5A333F0348CB}.AppStore|x64.ActiveCfg = AppStore|iPhone
		{6A249897-B785-44CF-9B05-5A333F0348CB}.AppStore|x86.ActiveCfg = AppStore|iPhone
		{6A249897-B785-44CF-9B05-5A333F0348CB}.Debug|Any CPU.ActiveCfg = Debug|iPhone
		{6A249897-B785-44CF-9B05-5A333F0348CB}.Debug|ARM.ActiveCfg = Debug|iPhone
		{6A249897-B785-44CF-9B05-5A333F0348CB}.Debug|iPhone.ActiveCfg = Debug|iPhone
		{6A249897-B785-44CF-9B05-5A333F0348CB}.Debug|iPhone.Build.0 = Debug|iPhone
		{6A249897-B785-44CF-9B05-5A333F0348CB}.Debug|iPhoneSimulator.ActiveCfg = Debug|iPhoneSimulator
		{6A249897-B785-44CF-9B05-5A333F0348CB}.Debug|iPhoneSimulator.Build.0 = Debug|iPhoneSimulator
		{6A249897-B785-44CF-9B05-5A333F0348CB}.Debug|x64.ActiveCfg = Debug|iPhone
		{6A249897-B785-44CF-9B05-5A333F0348CB}.Debug|x86.ActiveCfg = Debug|iPhone
		{6A249897-B785-44CF-9B05-5A333F0348CB}.Release|Any CPU.ActiveCfg = Release|iPhone
		{6A249897-B785-44CF-9B05-5A333F0348CB}.Release|ARM.ActiveCfg = Release|iPhone
		{6A249897-B785-44CF-9B05-5A333F0348CB}.Release|iPhone.ActiveCfg = Release|iPhone
		{6A249897-B785-44CF-9B05-5A333F0348CB}.Release|iPhone.Build.0 = Release|iPhone
		{6A249897-B785-44CF-9B05-5A333F0348CB}.Release|iPhoneSimulator.ActiveCfg = Release|iPhoneSimulator
		{6A249897-B785-44CF-9B05-5A333F0348CB}.Release|iPhoneSimulator.Build.0 = Release|iPhoneSimulator
		{6A249897-B785-44CF-9B05-5A333F0348CB}.Release|x64.ActiveCfg = Release|iPhone
		{6A249897-B785-44CF-9B05-5A333F0348CB}.Release|x86.ActiveCfg = Release|iPhone
		{C44F18C6-10E0-495E-8B55-93AD15F1A51A}.Ad-Hoc|Any CPU.ActiveCfg = Release|x86
		{C44F18C6-10E0-495E-8B55-93AD15F1A51A}.Ad-Hoc|Any CPU.Build.0 = Release|x86
		{C44F18C6-10E0-495E-8B55-93AD15F1A51A}.Ad-Hoc|Any CPU.Deploy.0 = Release|x86
		{C44F18C6-10E0-495E-8B55-93AD15F1A51A}.Ad-Hoc|ARM.ActiveCfg = Release|ARM
		{C44F18C6-10E0-495E-8B55-93AD15F1A51A}.Ad-Hoc|ARM.Build.0 = Release|ARM
		{C44F18C6-10E0-495E-8B55-93AD15F1A51A}.Ad-Hoc|ARM.Deploy.0 = Release|ARM
		{C44F18C6-10E0-495E-8B55-93AD15F1A51A}.Ad-Hoc|iPhone.ActiveCfg = Release|x86
		{C44F18C6-10E0-495E-8B55-93AD15F1A51A}.Ad-Hoc|iPhone.Build.0 = Release|x86
		{C44F18C6-10E0-495E-8B55-93AD15F1A51A}.Ad-Hoc|iPhone.Deploy.0 = Release|x86
		{C44F18C6-10E0-495E-8B55-93AD15F1A51A}.Ad-Hoc|iPhoneSimulator.ActiveCfg = Release|x86
		{C44F18C6-10E0-495E-8B55-93AD15F1A51A}.Ad-Hoc|iPhoneSimulator.Build.0 = Release|x86
		{C44F18C6-10E0-495E-8B55-93AD15F1A51A}.Ad-Hoc|iPhoneSimulator.Deploy.0 = Release|x86
		{C44F18C6-10E0-495E-8B55-93AD15F1A51A}.Ad-Hoc|x64.ActiveCfg = Release|x64
		{C44F18C6-10E0-495E-8B55-93AD15F1A51A}.Ad-Hoc|x64.Build.0 = Release|x64
		{C44F18C6-10E0-495E-8B55-93AD15F1A51A}.Ad-Hoc|x64.Deploy.0 = Release|x64
		{C44F18C6-10E0-495E-8B55-93AD15F1A51A}.Ad-Hoc|x86.ActiveCfg = Release|x86
		{C44F18C6-10E0-495E-8B55-93AD15F1A51A}.Ad-Hoc|x86.Build.0 = Release|x86
		{C44F18C6-10E0-495E-8B55-93AD15F1A51A}.Ad-Hoc|x86.Deploy.0 = Release|x86
		{C44F18C6-10E0-495E-8B55-93AD15F1A51A}.AppStore|Any CPU.ActiveCfg = Release|x86
		{C44F18C6-10E0-495E-8B55-93AD15F1A51A}.AppStore|Any CPU.Build.0 = Release|x86
		{C44F18C6-10E0-495E-8B55-93AD15F1A51A}.AppStore|Any CPU.Deploy.0 = Release|x86
		{C44F18C6-10E0-495E-8B55-93AD15F1A51A}.AppStore|ARM.ActiveCfg = Release|ARM
		{C44F18C6-10E0-495E-8B55-93AD15F1A51A}.AppStore|ARM.Build.0 = Release|ARM
		{C44F18C6-10E0-495E-8B55-93AD15F1A51A}.AppStore|ARM.Deploy.0 = Release|ARM
		{C44F18C6-10E0-495E-8B55-93AD15F1A51A}.AppStore|iPhone.ActiveCfg = Release|x86
		{C44F18C6-10E0-495E-8B55-93AD15F1A51A}.AppStore|iPhone.Build.0 = Release|x86
		{C44F18C6-10E0-495E-8B55-93AD15F1A51A}.AppStore|iPhone.Deploy.0 = Release|x86
		{C44F18C6-10E0-495E-8B55-93AD15F1A51A}.AppStore|iPhoneSimulator.ActiveCfg = Release|x86
		{C44F18C6-10E0-495E-8B55-93AD15F1A51A}.AppStore|iPhoneSimulator.Build.0 = Release|x86
		{C44F18C6-10E0-495E-8B55-93AD15F1A51A}.AppStore|iPhoneSimulator.Deploy.0 = Release|x86
		{C44F18C6-10E0-495E-8B55-93AD15F1A51A}.AppStore|x64.ActiveCfg = Release|x64
		{C44F18C6-10E0-495E-8B55-93AD15F1A51A}.AppStore|x64.Build.0 = Release|x64
		{C44F18C6-10E0-495E-8B55-93AD15F1A51A}.AppStore|x64.Deploy.0 = Release|x64
		{C44F18C6-10E0-495E-8B55-93AD15F1A51A}.AppStore|x86.ActiveCfg = Release|x86
		{C44F18C6-10E0-495E-8B55-93AD15F1A51A}.AppStore|x86.Build.0 = Release|x86
		{C44F18C6-10E0-495E-8B55-93AD15F1A51A}.AppStore|x86.Deploy.0 = Release|x86
		{C44F18C6-10E0-495E-8B55-93AD15F1A51A}.Debug|Any CPU.ActiveCfg = Debug|x86
		{C44F18C6-10E0-495E-8B55-93AD15F1A51A}.Debug|ARM.ActiveCfg = Debug|ARM
		{C44F18C6-10E0-495E-8B55-93AD15F1A51A}.Debug|ARM.Build.0 = Debug|ARM
		{C44F18C6-10E0-495E-8B55-93AD15F1A51A}.Debug|ARM.Deploy.0 = Debug|ARM
		{C44F18C6-10E0-495E-8B55-93AD15F1A51A}.Debug|iPhone.ActiveCfg = Debug|x86
		{C44F18C6-10E0-495E-8B55-93AD15F1A51A}.Debug|iPhoneSimulator.ActiveCfg = Debug|x86
		{C44F18C6-10E0-495E-8B55-93AD15F1A51A}.Debug|x64.ActiveCfg = Debug|x64
		{C44F18C6-10E0-495E-8B55-93AD15F1A51A}.Debug|x64.Build.0 = Debug|x64
		{C44F18C6-10E0-495E-8B55-93AD15F1A51A}.Debug|x64.Deploy.0 = Debug|x64
		{C44F18C6-10E0-495E-8B55-93AD15F1A51A}.Debug|x86.ActiveCfg = Debug|x86
		{C44F18C6-10E0-495E-8B55-93AD15F1A51A}.Debug|x86.Build.0 = Debug|x86
		{C44F18C6-10E0-495E-8B55-93AD15F1A51A}.Debug|x86.Deploy.0 = Debug|x86
		{C44F18C6-10E0-495E-8B55-93AD15F1A51A}.Release|Any CPU.ActiveCfg = Release|x86
		{C44F18C6-10E0-495E-8B55-93AD15F1A51A}.Release|ARM.ActiveCfg = Release|ARM
		{C44F18C6-10E0-495E-8B55-93AD15F1A51A}.Release|ARM.Build.0 = Release|ARM
		{C44F18C6-10E0-495E-8B55-93AD15F1A51A}.Release|ARM.Deploy.0 = Release|ARM
		{C44F18C6-10E0-495E-8B55-93AD15F1A51A}.Release|iPhone.ActiveCfg = Release|x86
		{C44F18C6-10E0-495E-8B55-93AD15F1A51A}.Release|iPhoneSimulator.ActiveCfg = Release|x86
		{C44F18C6-10E0-495E-8B55-93AD15F1A51A}.Release|x64.ActiveCfg = Release|x64
		{C44F18C6-10E0-495E-8B55-93AD15F1A51A}.Release|x64.Build.0 = Release|x64
		{C44F18C6-10E0-495E-8B55-93AD15F1A51A}.Release|x64.Deploy.0 = Release|x64
		{C44F18C6-10E0-495E-8B55-93AD15F1A51A}.Release|x86.ActiveCfg = Release|x86
		{C44F18C6-10E0-495E-8B55-93AD15F1A51A}.Release|x86.Build.0 = Release|x86
		{C44F18C6-10E0-495E-8B55-93AD15F1A51A}.Release|x86.Deploy.0 = Release|x86
		{D324C4D5-409C-4D18-9681-42BCBF3C3A62}.Ad-Hoc|Any CPU.ActiveCfg = Debug|Any CPU
		{D324C4D5-409C-4D18-9681-42BCBF3C3A62}.Ad-Hoc|Any CPU.Build.0 = Debug|Any CPU
		{D324C4D5-409C-4D18-9681-42BCBF3C3A62}.Ad-Hoc|ARM.ActiveCfg = Debug|Any CPU
		{D324C4D5-409C-4D18-9681-42BCBF3C3A62}.Ad-Hoc|ARM.Build.0 = Debug|Any CPU
		{D324C4D5-409C-4D18-9681-42BCBF3C3A62}.Ad-Hoc|iPhone.ActiveCfg = Debug|Any CPU
		{D324C4D5-409C-4D18-9681-42BCBF3C3A62}.Ad-Hoc|iPhone.Build.0 = Debug|Any CPU
		{D324C4D5-409C-4D18-9681-42BCBF3C3A62}.Ad-Hoc|iPhoneSimulator.ActiveCfg = Debug|Any CPU
		{D324C4D5-409C-4D18-9681-42BCBF3C3A62}.Ad-Hoc|iPhoneSimulator.Build.0 = Debug|Any CPU
		{D324C4D5-409C-4D18-9681-42BCBF3C3A62}.Ad-Hoc|x64.ActiveCfg = Debug|Any CPU
		{D324C4D5-409C-4D18-9681-42BCBF3C3A62}.Ad-Hoc|x64.Build.0 = Debug|Any CPU
		{D324C4D5-409C-4D18-9681-42BCBF3C3A62}.Ad-Hoc|x86.ActiveCfg = Debug|Any CPU
		{D324C4D5-409C-4D18-9681-42BCBF3C3A62}.Ad-Hoc|x86.Build.0 = Debug|Any CPU
		{D324C4D5-409C-4D18-9681-42BCBF3C3A62}.AppStore|Any CPU.ActiveCfg = Debug|Any CPU
		{D324C4D5-409C-4D18-9681-42BCBF3C3A62}.AppStore|Any CPU.Build.0 = Debug|Any CPU
		{D324C4D5-409C-4D18-9681-42BCBF3C3A62}.AppStore|ARM.ActiveCfg = Debug|Any CPU
		{D324C4D5-409C-4D18-9681-42BCBF3C3A62}.AppStore|ARM.Build.0 = Debug|Any CPU
		{D324C4D5-409C-4D18-9681-42BCBF3C3A62}.AppStore|iPhone.ActiveCfg = Debug|Any CPU
		{D324C4D5-409C-4D18-9681-42BCBF3C3A62}.AppStore|iPhone.Build.0 = Debug|Any CPU
		{D324C4D5-409C-4D18-9681-42BCBF3C3A62}.AppStore|iPhoneSimulator.ActiveCfg = Debug|Any CPU
		{D324C4D5-409C-4D18-9681-42BCBF3C3A62}.AppStore|iPhoneSimulator.Build.0 = Debug|Any CPU
		{D324C4D5-409C-4D18-9681-42BCBF3C3A62}.AppStore|x64.ActiveCfg = Debug|Any CPU
		{D324C4D5-409C-4D18-9681-42BCBF3C3A62}.AppStore|x64.Build.0 = Debug|Any CPU
		{D324C4D5-409C-4D18-9681-42BCBF3C3A62}.AppStore|x86.ActiveCfg = Debug|Any CPU
		{D324C4D5-409C-4D18-9681-42BCBF3C3A62}.AppStore|x86.Build.0 = Debug|Any CPU
		{D324C4D5-409C-4D18-9681-42BCBF3C3A62}.Debug|Any CPU.ActiveCfg = Debug|Any CPU
		{D324C4D5-409C-4D18-9681-42BCBF3C3A62}.Debug|Any CPU.Build.0 = Debug|Any CPU
		{D324C4D5-409C-4D18-9681-42BCBF3C3A62}.Debug|ARM.ActiveCfg = Debug|Any CPU
		{D324C4D5-409C-4D18-9681-42BCBF3C3A62}.Debug|ARM.Build.0 = Debug|Any CPU
		{D324C4D5-409C-4D18-9681-42BCBF3C3A62}.Debug|iPhone.ActiveCfg = Debug|Any CPU
		{D324C4D5-409C-4D18-9681-42BCBF3C3A62}.Debug|iPhone.Build.0 = Debug|Any CPU
		{D324C4D5-409C-4D18-9681-42BCBF3C3A62}.Debug|iPhoneSimulator.ActiveCfg = Debug|Any CPU
		{D324C4D5-409C-4D18-9681-42BCBF3C3A62}.Debug|iPhoneSimulator.Build.0 = Debug|Any CPU
		{D324C4D5-409C-4D18-9681-42BCBF3C3A62}.Debug|x64.ActiveCfg = Debug|Any CPU
		{D324C4D5-409C-4D18-9681-42BCBF3C3A62}.Debug|x64.Build.0 = Debug|Any CPU
		{D324C4D5-409C-4D18-9681-42BCBF3C3A62}.Debug|x86.ActiveCfg = Debug|Any CPU
		{D324C4D5-409C-4D18-9681-42BCBF3C3A62}.Debug|x86.Build.0 = Debug|Any CPU
		{D324C4D5-409C-4D18-9681-42BCBF3C3A62}.Release|Any CPU.ActiveCfg = Release|Any CPU
		{D324C4D5-409C-4D18-9681-42BCBF3C3A62}.Release|Any CPU.Build.0 = Release|Any CPU
		{D324C4D5-409C-4D18-9681-42BCBF3C3A62}.Release|ARM.ActiveCfg = Release|Any CPU
		{D324C4D5-409C-4D18-9681-42BCBF3C3A62}.Release|ARM.Build.0 = Release|Any CPU
		{D324C4D5-409C-4D18-9681-42BCBF3C3A62}.Release|iPhone.ActiveCfg = Release|Any CPU
		{D324C4D5-409C-4D18-9681-42BCBF3C3A62}.Release|iPhone.Build.0 = Release|Any CPU
		{D324C4D5-409C-4D18-9681-42BCBF3C3A62}.Release|iPhoneSimulator.ActiveCfg = Release|Any CPU
		{D324C4D5-409C-4D18-9681-42BCBF3C3A62}.Release|iPhoneSimulator.Build.0 = Release|Any CPU
		{D324C4D5-409C-4D18-9681-42BCBF3C3A62}.Release|x64.ActiveCfg = Release|Any CPU
		{D324C4D5-409C-4D18-9681-42BCBF3C3A62}.Release|x64.Build.0 = Release|Any CPU
		{D324C4D5-409C-4D18-9681-42BCBF3C3A62}.Release|x86.ActiveCfg = Release|Any CPU
		{D324C4D5-409C-4D18-9681-42BCBF3C3A62}.Release|x86.Build.0 = Release|Any CPU
	EndGlobalSection
	GlobalSection(SolutionProperties) = preSolution
		HideSolutionNode = FALSE
	EndGlobalSection
	GlobalSection(ExtensibilityGlobals) = postSolution
		SolutionGuid = {04BC2125-F35B-472C-9471-C3325405EA02}
	EndGlobalSection
EndGlobal
