
Microsoft Visual Studio Solution File, Format Version 12.00
# Visual Studio 15
VisualStudioVersion = 15.0.27703.2000
MinimumVisualStudioVersion = 10.0.40219.1
Project("{FAE04EC0-301F-11D3-BF4B-00C04F79EFBC}") = "App12.Android", "App12\App12.Android\App12.Android.csproj", "{D4CCF17D-D10C-41B1-8780-F25BF2F5C2EC}"
EndProject
Project("{FAE04EC0-301F-11D3-BF4B-00C04F79EFBC}") = "App12.iOS", "App12\App12.iOS\App12.iOS.csproj", "{BF658CB2-6CB0-4520-9414-EE5BF95DCCEF}"
EndProject
Project("{FAE04EC0-301F-11D3-BF4B-00C04F79EFBC}") = "App12.UWP", "App12\App12.UWP\App12.UWP.csproj", "{F909FE4C-BEF9-41C5-A3C6-3CFE60A1EEA8}"
EndProject
Project("{FAE04EC0-301F-11D3-BF4B-00C04F79EFBC}") = "App12", "App12\App12\App12.csproj", "{BE54BDD6-4A01-412B-B69A-BC1D520B3D28}"
EndProject
Global
	GlobalSection(SolutionConfigurationPlatforms) = preSolution
		Ad-Hoc|Any CPU = Ad-Hoc|Any CPU
		Ad-Hoc|ARM = Ad-Hoc|ARM
		Ad-Hoc|iPhone = Ad-Hoc|iPhone
		Ad-Hoc|iPhoneSimulator = Ad-Hoc|iPhoneSimulator
		Ad-Hoc|x64 = Ad-Hoc|x64
		Ad-Hoc|x86 = Ad-Hoc|x86
		AppStore|Any CPU = AppStore|Any CPU
		AppStore|ARM = AppStore|ARM
		AppStore|iPhone = AppStore|iPhone
		AppStore|iPhoneSimulator = AppStore|iPhoneSimulator
		AppStore|x64 = AppStore|x64
		AppStore|x86 = AppStore|x86
		Debug|Any CPU = Debug|Any CPU
		Debug|ARM = Debug|ARM
		Debug|iPhone = Debug|iPhone
		Debug|iPhoneSimulator = Debug|iPhoneSimulator
		Debug|x64 = Debug|x64
		Debug|x86 = Debug|x86
		Release|Any CPU = Release|Any CPU
		Release|ARM = Release|ARM
		Release|iPhone = Release|iPhone
		Release|iPhoneSimulator = Release|iPhoneSimulator
		Release|x64 = Release|x64
		Release|x86 = Release|x86
	EndGlobalSection
	GlobalSection(ProjectConfigurationPlatforms) = postSolution
		{D4CCF17D-D10C-41B1-8780-F25BF2F5C2EC}.Ad-Hoc|Any CPU.ActiveCfg = Release|Any CPU
		{D4CCF17D-D10C-41B1-8780-F25BF2F5C2EC}.Ad-Hoc|Any CPU.Build.0 = Release|Any CPU
		{D4CCF17D-D10C-41B1-8780-F25BF2F5C2EC}.Ad-Hoc|Any CPU.Deploy.0 = Release|Any CPU
		{D4CCF17D-D10C-41B1-8780-F25BF2F5C2EC}.Ad-Hoc|ARM.ActiveCfg = Release|Any CPU
		{D4CCF17D-D10C-41B1-8780-F25BF2F5C2EC}.Ad-Hoc|ARM.Build.0 = Release|Any CPU
		{D4CCF17D-D10C-41B1-8780-F25BF2F5C2EC}.Ad-Hoc|ARM.Deploy.0 = Release|Any CPU
		{D4CCF17D-D10C-41B1-8780-F25BF2F5C2EC}.Ad-Hoc|iPhone.ActiveCfg = Release|Any CPU
		{D4CCF17D-D10C-41B1-8780-F25BF2F5C2EC}.Ad-Hoc|iPhone.Build.0 = Release|Any CPU
		{D4CCF17D-D10C-41B1-8780-F25BF2F5C2EC}.Ad-Hoc|iPhone.Deploy.0 = Release|Any CPU
		{D4CCF17D-D10C-41B1-8780-F25BF2F5C2EC}.Ad-Hoc|iPhoneSimulator.ActiveCfg = Release|Any CPU
		{D4CCF17D-D10C-41B1-8780-F25BF2F5C2EC}.Ad-Hoc|iPhoneSimulator.Build.0 = Release|Any CPU
		{D4CCF17D-D10C-41B1-8780-F25BF2F5C2EC}.Ad-Hoc|iPhoneSimulator.Deploy.0 = Release|Any CPU
		{D4CCF17D-D10C-41B1-8780-F25BF2F5C2EC}.Ad-Hoc|x64.ActiveCfg = Release|Any CPU
		{D4CCF17D-D10C-41B1-8780-F25BF2F5C2EC}.Ad-Hoc|x64.Build.0 = Release|Any CPU
		{D4CCF17D-D10C-41B1-8780-F25BF2F5C2EC}.Ad-Hoc|x64.Deploy.0 = Release|Any CPU
		{D4CCF17D-D10C-41B1-8780-F25BF2F5C2EC}.Ad-Hoc|x86.ActiveCfg = Release|Any CPU
		{D4CCF17D-D10C-41B1-8780-F25BF2F5C2EC}.Ad-Hoc|x86.Build.0 = Release|Any CPU
		{D4CCF17D-D10C-41B1-8780-F25BF2F5C2EC}.Ad-Hoc|x86.Deploy.0 = Release|Any CPU
		{D4CCF17D-D10C-41B1-8780-F25BF2F5C2EC}.AppStore|Any CPU.ActiveCfg = Release|Any CPU
		{D4CCF17D-D10C-41B1-8780-F25BF2F5C2EC}.AppStore|Any CPU.Build.0 = Release|Any CPU
		{D4CCF17D-D10C-41B1-8780-F25BF2F5C2EC}.AppStore|Any CPU.Deploy.0 = Release|Any CPU
		{D4CCF17D-D10C-41B1-8780-F25BF2F5C2EC}.AppStore|ARM.ActiveCfg = Release|Any CPU
		{D4CCF17D-D10C-41B1-8780-F25BF2F5C2EC}.AppStore|ARM.Build.0 = Release|Any CPU
		{D4CCF17D-D10C-41B1-8780-F25BF2F5C2EC}.AppStore|ARM.Deploy.0 = Release|Any CPU
		{D4CCF17D-D10C-41B1-8780-F25BF2F5C2EC}.AppStore|iPhone.ActiveCfg = Release|Any CPU
		{D4CCF17D-D10C-41B1-8780-F25BF2F5C2EC}.AppStore|iPhone.Build.0 = Release|Any CPU
		{D4CCF17D-D10C-41B1-8780-F25BF2F5C2EC}.AppStore|iPhone.Deploy.0 = Release|Any CPU
		{D4CCF17D-D10C-41B1-8780-F25BF2F5C2EC}.AppStore|iPhoneSimulator.ActiveCfg = Release|Any CPU
		{D4CCF17D-D10C-41B1-8780-F25BF2F5C2EC}.AppStore|iPhoneSimulator.Build.0 = Release|Any CPU
		{D4CCF17D-D10C-41B1-8780-F25BF2F5C2EC}.AppStore|iPhoneSimulator.Deploy.0 = Release|Any CPU
		{D4CCF17D-D10C-41B1-8780-F25BF2F5C2EC}.AppStore|x64.ActiveCfg = Release|Any CPU
		{D4CCF17D-D10C-41B1-8780-F25BF2F5C2EC}.AppStore|x64.Build.0 = Release|Any CPU
		{D4CCF17D-D10C-41B1-8780-F25BF2F5C2EC}.AppStore|x64.Deploy.0 = Release|Any CPU
		{D4CCF17D-D10C-41B1-8780-F25BF2F5C2EC}.AppStore|x86.ActiveCfg = Release|Any CPU
		{D4CCF17D-D10C-41B1-8780-F25BF2F5C2EC}.AppStore|x86.Build.0 = Release|Any CPU
		{D4CCF17D-D10C-41B1-8780-F25BF2F5C2EC}.AppStore|x86.Deploy.0 = Release|Any CPU
		{D4CCF17D-D10C-41B1-8780-F25BF2F5C2EC}.Debug|Any CPU.ActiveCfg = Debug|Any CPU
		{D4CCF17D-D10C-41B1-8780-F25BF2F5C2EC}.Debug|Any CPU.Build.0 = Debug|Any CPU
		{D4CCF17D-D10C-41B1-8780-F25BF2F5C2EC}.Debug|Any CPU.Deploy.0 = Debug|Any CPU
		{D4CCF17D-D10C-41B1-8780-F25BF2F5C2EC}.Debug|ARM.ActiveCfg = Debug|Any CPU
		{D4CCF17D-D10C-41B1-8780-F25BF2F5C2EC}.Debug|ARM.Build.0 = Debug|Any CPU
		{D4CCF17D-D10C-41B1-8780-F25BF2F5C2EC}.Debug|ARM.Deploy.0 = Debug|Any CPU
		{D4CCF17D-D10C-41B1-8780-F25BF2F5C2EC}.Debug|iPhone.ActiveCfg = Debug|Any CPU
		{D4CCF17D-D10C-41B1-8780-F25BF2F5C2EC}.Debug|iPhone.Build.0 = Debug|Any CPU
		{D4CCF17D-D10C-41B1-8780-F25BF2F5C2EC}.Debug|iPhone.Deploy.0 = Debug|Any CPU
		{D4CCF17D-D10C-41B1-8780-F25BF2F5C2EC}.Debug|iPhoneSimulator.ActiveCfg = Debug|Any CPU
		{D4CCF17D-D10C-41B1-8780-F25BF2F5C2EC}.Debug|iPhoneSimulator.Build.0 = Debug|Any CPU
		{D4CCF17D-D10C-41B1-8780-F25BF2F5C2EC}.Debug|iPhoneSimulator.Deploy.0 = Debug|Any CPU
		{D4CCF17D-D10C-41B1-8780-F25BF2F5C2EC}.Debug|x64.ActiveCfg = Debug|Any CPU
		{D4CCF17D-D10C-41B1-8780-F25BF2F5C2EC}.Debug|x64.Build.0 = Debug|Any CPU
		{D4CCF17D-D10C-41B1-8780-F25BF2F5C2EC}.Debug|x64.Deploy.0 = Debug|Any CPU
		{D4CCF17D-D10C-41B1-8780-F25BF2F5C2EC}.Debug|x86.ActiveCfg = Debug|Any CPU
		{D4CCF17D-D10C-41B1-8780-F25BF2F5C2EC}.Debug|x86.Build.0 = Debug|Any CPU
		{D4CCF17D-D10C-41B1-8780-F25BF2F5C2EC}.Debug|x86.Deploy.0 = Debug|Any CPU
		{D4CCF17D-D10C-41B1-8780-F25BF2F5C2EC}.Release|Any CPU.ActiveCfg = Release|Any CPU
		{D4CCF17D-D10C-41B1-8780-F25BF2F5C2EC}.Release|Any CPU.Build.0 = Release|Any CPU
		{D4CCF17D-D10C-41B1-8780-F25BF2F5C2EC}.Release|Any CPU.Deploy.0 = Release|Any CPU
		{D4CCF17D-D10C-41B1-8780-F25BF2F5C2EC}.Release|ARM.ActiveCfg = Release|Any CPU
		{D4CCF17D-D10C-41B1-8780-F25BF2F5C2EC}.Release|ARM.Build.0 = Release|Any CPU
		{D4CCF17D-D10C-41B1-8780-F25BF2F5C2EC}.Release|ARM.Deploy.0 = Release|Any CPU
		{D4CCF17D-D10C-41B1-8780-F25BF2F5C2EC}.Release|iPhone.ActiveCfg = Release|Any CPU
		{D4CCF17D-D10C-41B1-8780-F25BF2F5C2EC}.Release|iPhone.Build.0 = Release|Any CPU
		{D4CCF17D-D10C-41B1-8780-F25BF2F5C2EC}.Release|iPhone.Deploy.0 = Release|Any CPU
		{D4CCF17D-D10C-41B1-8780-F25BF2F5C2EC}.Release|iPhoneSimulator.ActiveCfg = Release|Any CPU
		{D4CCF17D-D10C-41B1-8780-F25BF2F5C2EC}.Release|iPhoneSimulator.Build.0 = Release|Any CPU
		{D4CCF17D-D10C-41B1-8780-F25BF2F5C2EC}.Release|iPhoneSimulator.Deploy.0 = Release|Any CPU
		{D4CCF17D-D10C-41B1-8780-F25BF2F5C2EC}.Release|x64.ActiveCfg = Release|Any CPU
		{D4CCF17D-D10C-41B1-8780-F25BF2F5C2EC}.Release|x64.Build.0 = Release|Any CPU
		{D4CCF17D-D10C-41B1-8780-F25BF2F5C2EC}.Release|x64.Deploy.0 = Release|Any CPU
		{D4CCF17D-D10C-41B1-8780-F25BF2F5C2EC}.Release|x86.ActiveCfg = Release|Any CPU
		{D4CCF17D-D10C-41B1-8780-F25BF2F5C2EC}.Release|x86.Build.0 = Release|Any CPU
		{D4CCF17D-D10C-41B1-8780-F25BF2F5C2EC}.Release|x86.Deploy.0 = Release|Any CPU
		{BF658CB2-6CB0-4520-9414-EE5BF95DCCEF}.Ad-Hoc|Any CPU.ActiveCfg = Ad-Hoc|iPhone
		{BF658CB2-6CB0-4520-9414-EE5BF95DCCEF}.Ad-Hoc|Any CPU.Build.0 = Ad-Hoc|iPhone
		{BF658CB2-6CB0-4520-9414-EE5BF95DCCEF}.Ad-Hoc|Any CPU.Deploy.0 = Ad-Hoc|iPhone
		{BF658CB2-6CB0-4520-9414-EE5BF95DCCEF}.Ad-Hoc|ARM.ActiveCfg = Ad-Hoc|iPhone
		{BF658CB2-6CB0-4520-9414-EE5BF95DCCEF}.Ad-Hoc|ARM.Build.0 = Ad-Hoc|iPhone
		{BF658CB2-6CB0-4520-9414-EE5BF95DCCEF}.Ad-Hoc|ARM.Deploy.0 = Ad-Hoc|iPhone
		{BF658CB2-6CB0-4520-9414-EE5BF95DCCEF}.Ad-Hoc|iPhone.ActiveCfg = Ad-Hoc|iPhone
		{BF658CB2-6CB0-4520-9414-EE5BF95DCCEF}.Ad-Hoc|iPhone.Build.0 = Ad-Hoc|iPhone
		{BF658CB2-6CB0-4520-9414-EE5BF95DCCEF}.Ad-Hoc|iPhone.Deploy.0 = Ad-Hoc|iPhone
		{BF658CB2-6CB0-4520-9414-EE5BF95DCCEF}.Ad-Hoc|iPhoneSimulator.ActiveCfg = Ad-Hoc|iPhoneSimulator
		{BF658CB2-6CB0-4520-9414-EE5BF95DCCEF}.Ad-Hoc|iPhoneSimulator.Build.0 = Ad-Hoc|iPhoneSimulator
		{BF658CB2-6CB0-4520-9414-EE5BF95DCCEF}.Ad-Hoc|iPhoneSimulator.Deploy.0 = Ad-Hoc|iPhoneSimulator
		{BF658CB2-6CB0-4520-9414-EE5BF95DCCEF}.Ad-Hoc|x64.ActiveCfg = Ad-Hoc|iPhone
		{BF658CB2-6CB0-4520-9414-EE5BF95DCCEF}.Ad-Hoc|x64.Build.0 = Ad-Hoc|iPhone
		{BF658CB2-6CB0-4520-9414-EE5BF95DCCEF}.Ad-Hoc|x64.Deploy.0 = Ad-Hoc|iPhone
		{BF658CB2-6CB0-4520-9414-EE5BF95DCCEF}.Ad-Hoc|x86.ActiveCfg = Ad-Hoc|iPhone
		{BF658CB2-6CB0-4520-9414-EE5BF95DCCEF}.Ad-Hoc|x86.Build.0 = Ad-Hoc|iPhone
		{BF658CB2-6CB0-4520-9414-EE5BF95DCCEF}.Ad-Hoc|x86.Deploy.0 = Ad-Hoc|iPhone
		{BF658CB2-6CB0-4520-9414-EE5BF95DCCEF}.AppStore|Any CPU.ActiveCfg = AppStore|iPhone
		{BF658CB2-6CB0-4520-9414-EE5BF95DCCEF}.AppStore|Any CPU.Build.0 = AppStore|iPhone
		{BF658CB2-6CB0-4520-9414-EE5BF95DCCEF}.AppStore|Any CPU.Deploy.0 = AppStore|iPhone
		{BF658CB2-6CB0-4520-9414-EE5BF95DCCEF}.AppStore|ARM.ActiveCfg = AppStore|iPhone
		{BF658CB2-6CB0-4520-9414-EE5BF95DCCEF}.AppStore|ARM.Build.0 = AppStore|iPhone
		{BF658CB2-6CB0-4520-9414-EE5BF95DCCEF}.AppStore|ARM.Deploy.0 = AppStore|iPhone
		{BF658CB2-6CB0-4520-9414-EE5BF95DCCEF}.AppStore|iPhone.ActiveCfg = AppStore|iPhone
		{BF658CB2-6CB0-4520-9414-EE5BF95DCCEF}.AppStore|iPhone.Build.0 = AppStore|iPhone
		{BF658CB2-6CB0-4520-9414-EE5BF95DCCEF}.AppStore|iPhone.Deploy.0 = AppStore|iPhone
		{BF658CB2-6CB0-4520-9414-EE5BF95DCCEF}.AppStore|iPhoneSimulator.ActiveCfg = AppStore|iPhoneSimulator
		{BF658CB2-6CB0-4520-9414-EE5BF95DCCEF}.AppStore|iPhoneSimulator.Build.0 = AppStore|iPhoneSimulator
		{BF658CB2-6CB0-4520-9414-EE5BF95DCCEF}.AppStore|iPhoneSimulator.Deploy.0 = AppStore|iPhoneSimulator
		{BF658CB2-6CB0-4520-9414-EE5BF95DCCEF}.AppStore|x64.ActiveCfg = AppStore|iPhone
		{BF658CB2-6CB0-4520-9414-EE5BF95DCCEF}.AppStore|x64.Build.0 = AppStore|iPhone
		{BF658CB2-6CB0-4520-9414-EE5BF95DCCEF}.AppStore|x64.Deploy.0 = AppStore|iPhone
		{BF658CB2-6CB0-4520-9414-EE5BF95DCCEF}.AppStore|x86.ActiveCfg = AppStore|iPhone
		{BF658CB2-6CB0-4520-9414-EE5BF95DCCEF}.AppStore|x86.Build.0 = AppStore|iPhone
		{BF658CB2-6CB0-4520-9414-EE5BF95DCCEF}.AppStore|x86.Deploy.0 = AppStore|iPhone
		{BF658CB2-6CB0-4520-9414-EE5BF95DCCEF}.Debug|Any CPU.ActiveCfg = Debug|iPhoneSimulator
		{BF658CB2-6CB0-4520-9414-EE5BF95DCCEF}.Debug|Any CPU.Build.0 = Debug|iPhoneSimulator
		{BF658CB2-6CB0-4520-9414-EE5BF95DCCEF}.Debug|Any CPU.Deploy.0 = Debug|iPhoneSimulator
		{BF658CB2-6CB0-4520-9414-EE5BF95DCCEF}.Debug|ARM.ActiveCfg = Debug|iPhone
		{BF658CB2-6CB0-4520-9414-EE5BF95DCCEF}.Debug|ARM.Build.0 = Debug|iPhone
		{BF658CB2-6CB0-4520-9414-EE5BF95DCCEF}.Debug|ARM.Deploy.0 = Debug|iPhone
		{BF658CB2-6CB0-4520-9414-EE5BF95DCCEF}.Debug|iPhone.ActiveCfg = Debug|iPhone
		{BF658CB2-6CB0-4520-9414-EE5BF95DCCEF}.Debug|iPhone.Build.0 = Debug|iPhone
		{BF658CB2-6CB0-4520-9414-EE5BF95DCCEF}.Debug|iPhone.Deploy.0 = Debug|iPhone
		{BF658CB2-6CB0-4520-9414-EE5BF95DCCEF}.Debug|iPhoneSimulator.ActiveCfg = Debug|iPhoneSimulator
		{BF658CB2-6CB0-4520-9414-EE5BF95DCCEF}.Debug|iPhoneSimulator.Build.0 = Debug|iPhoneSimulator
		{BF658CB2-6CB0-4520-9414-EE5BF95DCCEF}.Debug|iPhoneSimulator.Deploy.0 = Debug|iPhoneSimulator
		{BF658CB2-6CB0-4520-9414-EE5BF95DCCEF}.Debug|x64.ActiveCfg = Debug|iPhone
		{BF658CB2-6CB0-4520-9414-EE5BF95DCCEF}.Debug|x64.Build.0 = Debug|iPhone
		{BF658CB2-6CB0-4520-9414-EE5BF95DCCEF}.Debug|x64.Deploy.0 = Debug|iPhone
		{BF658CB2-6CB0-4520-9414-EE5BF95DCCEF}.Debug|x86.ActiveCfg = Debug|iPhone
		{BF658CB2-6CB0-4520-9414-EE5BF95DCCEF}.Debug|x86.Build.0 = Debug|iPhone
		{BF658CB2-6CB0-4520-9414-EE5BF95DCCEF}.Debug|x86.Deploy.0 = Debug|iPhone
		{BF658CB2-6CB0-4520-9414-EE5BF95DCCEF}.Release|Any CPU.ActiveCfg = Release|iPhone
		{BF658CB2-6CB0-4520-9414-EE5BF95DCCEF}.Release|Any CPU.Build.0 = Release|iPhone
		{BF658CB2-6CB0-4520-9414-EE5BF95DCCEF}.Release|Any CPU.Deploy.0 = Release|iPhone
		{BF658CB2-6CB0-4520-9414-EE5BF95DCCEF}.Release|ARM.ActiveCfg = Release|iPhone
		{BF658CB2-6CB0-4520-9414-EE5BF95DCCEF}.Release|ARM.Build.0 = Release|iPhone
		{BF658CB2-6CB0-4520-9414-EE5BF95DCCEF}.Release|ARM.Deploy.0 = Release|iPhone
		{BF658CB2-6CB0-4520-9414-EE5BF95DCCEF}.Release|iPhone.ActiveCfg = Release|iPhone
		{BF658CB2-6CB0-4520-9414-EE5BF95DCCEF}.Release|iPhone.Build.0 = Release|iPhone
		{BF658CB2-6CB0-4520-9414-EE5BF95DCCEF}.Release|iPhone.Deploy.0 = Release|iPhone
		{BF658CB2-6CB0-4520-9414-EE5BF95DCCEF}.Release|iPhoneSimulator.ActiveCfg = Release|iPhoneSimulator
		{BF658CB2-6CB0-4520-9414-EE5BF95DCCEF}.Release|iPhoneSimulator.Build.0 = Release|iPhoneSimulator
		{BF658CB2-6CB0-4520-9414-EE5BF95DCCEF}.Release|iPhoneSimulator.Deploy.0 = Release|iPhoneSimulator
		{BF658CB2-6CB0-4520-9414-EE5BF95DCCEF}.Release|x64.ActiveCfg = Release|iPhone
		{BF658CB2-6CB0-4520-9414-EE5BF95DCCEF}.Release|x64.Build.0 = Release|iPhone
		{BF658CB2-6CB0-4520-9414-EE5BF95DCCEF}.Release|x64.Deploy.0 = Release|iPhone
		{BF658CB2-6CB0-4520-9414-EE5BF95DCCEF}.Release|x86.ActiveCfg = Release|iPhone
		{BF658CB2-6CB0-4520-9414-EE5BF95DCCEF}.Release|x86.Build.0 = Release|iPhone
		{BF658CB2-6CB0-4520-9414-EE5BF95DCCEF}.Release|x86.Deploy.0 = Release|iPhone
		{F909FE4C-BEF9-41C5-A3C6-3CFE60A1EEA8}.Ad-Hoc|Any CPU.ActiveCfg = Release|x86
		{F909FE4C-BEF9-41C5-A3C6-3CFE60A1EEA8}.Ad-Hoc|Any CPU.Build.0 = Release|x86
		{F909FE4C-BEF9-41C5-A3C6-3CFE60A1EEA8}.Ad-Hoc|Any CPU.Deploy.0 = Release|x86
		{F909FE4C-BEF9-41C5-A3C6-3CFE60A1EEA8}.Ad-Hoc|ARM.ActiveCfg = Release|ARM
		{F909FE4C-BEF9-41C5-A3C6-3CFE60A1EEA8}.Ad-Hoc|ARM.Build.0 = Release|ARM
		{F909FE4C-BEF9-41C5-A3C6-3CFE60A1EEA8}.Ad-Hoc|ARM.Deploy.0 = Release|ARM
		{F909FE4C-BEF9-41C5-A3C6-3CFE60A1EEA8}.Ad-Hoc|iPhone.ActiveCfg = Release|x86
		{F909FE4C-BEF9-41C5-A3C6-3CFE60A1EEA8}.Ad-Hoc|iPhone.Build.0 = Release|x86
		{F909FE4C-BEF9-41C5-A3C6-3CFE60A1EEA8}.Ad-Hoc|iPhone.Deploy.0 = Release|x86
		{F909FE4C-BEF9-41C5-A3C6-3CFE60A1EEA8}.Ad-Hoc|iPhoneSimulator.ActiveCfg = Release|x86
		{F909FE4C-BEF9-41C5-A3C6-3CFE60A1EEA8}.Ad-Hoc|iPhoneSimulator.Build.0 = Release|x86
		{F909FE4C-BEF9-41C5-A3C6-3CFE60A1EEA8}.Ad-Hoc|iPhoneSimulator.Deploy.0 = Release|x86
		{F909FE4C-BEF9-41C5-A3C6-3CFE60A1EEA8}.Ad-Hoc|x64.ActiveCfg = Release|x64
		{F909FE4C-BEF9-41C5-A3C6-3CFE60A1EEA8}.Ad-Hoc|x64.Build.0 = Release|x64
		{F909FE4C-BEF9-41C5-A3C6-3CFE60A1EEA8}.Ad-Hoc|x64.Deploy.0 = Release|x64
		{F909FE4C-BEF9-41C5-A3C6-3CFE60A1EEA8}.Ad-Hoc|x86.ActiveCfg = Release|x86
		{F909FE4C-BEF9-41C5-A3C6-3CFE60A1EEA8}.Ad-Hoc|x86.Build.0 = Release|x86
		{F909FE4C-BEF9-41C5-A3C6-3CFE60A1EEA8}.Ad-Hoc|x86.Deploy.0 = Release|x86
		{F909FE4C-BEF9-41C5-A3C6-3CFE60A1EEA8}.AppStore|Any CPU.ActiveCfg = Release|x86
		{F909FE4C-BEF9-41C5-A3C6-3CFE60A1EEA8}.AppStore|Any CPU.Build.0 = Release|x86
		{F909FE4C-BEF9-41C5-A3C6-3CFE60A1EEA8}.AppStore|Any CPU.Deploy.0 = Release|x86
		{F909FE4C-BEF9-41C5-A3C6-3CFE60A1EEA8}.AppStore|ARM.ActiveCfg = Release|ARM
		{F909FE4C-BEF9-41C5-A3C6-3CFE60A1EEA8}.AppStore|ARM.Build.0 = Release|ARM
		{F909FE4C-BEF9-41C5-A3C6-3CFE60A1EEA8}.AppStore|ARM.Deploy.0 = Release|ARM
		{F909FE4C-BEF9-41C5-A3C6-3CFE60A1EEA8}.AppStore|iPhone.ActiveCfg = Release|x86
		{F909FE4C-BEF9-41C5-A3C6-3CFE60A1EEA8}.AppStore|iPhone.Build.0 = Release|x86
		{F909FE4C-BEF9-41C5-A3C6-3CFE60A1EEA8}.AppStore|iPhone.Deploy.0 = Release|x86
		{F909FE4C-BEF9-41C5-A3C6-3CFE60A1EEA8}.AppStore|iPhoneSimulator.ActiveCfg = Release|x86
		{F909FE4C-BEF9-41C5-A3C6-3CFE60A1EEA8}.AppStore|iPhoneSimulator.Build.0 = Release|x86
		{F909FE4C-BEF9-41C5-A3C6-3CFE60A1EEA8}.AppStore|iPhoneSimulator.Deploy.0 = Release|x86
		{F909FE4C-BEF9-41C5-A3C6-3CFE60A1EEA8}.AppStore|x64.ActiveCfg = Release|x64
		{F909FE4C-BEF9-41C5-A3C6-3CFE60A1EEA8}.AppStore|x64.Build.0 = Release|x64
		{F909FE4C-BEF9-41C5-A3C6-3CFE60A1EEA8}.AppStore|x64.Deploy.0 = Release|x64
		{F909FE4C-BEF9-41C5-A3C6-3CFE60A1EEA8}.AppStore|x86.ActiveCfg = Release|x86
		{F909FE4C-BEF9-41C5-A3C6-3CFE60A1EEA8}.AppStore|x86.Build.0 = Release|x86
		{F909FE4C-BEF9-41C5-A3C6-3CFE60A1EEA8}.AppStore|x86.Deploy.0 = Release|x86
		{F909FE4C-BEF9-41C5-A3C6-3CFE60A1EEA8}.Debug|Any CPU.ActiveCfg = Debug|x86
		{F909FE4C-BEF9-41C5-A3C6-3CFE60A1EEA8}.Debug|Any CPU.Build.0 = Debug|x86
		{F909FE4C-BEF9-41C5-A3C6-3CFE60A1EEA8}.Debug|Any CPU.Deploy.0 = Debug|x86
		{F909FE4C-BEF9-41C5-A3C6-3CFE60A1EEA8}.Debug|ARM.ActiveCfg = Debug|ARM
		{F909FE4C-BEF9-41C5-A3C6-3CFE60A1EEA8}.Debug|ARM.Build.0 = Debug|ARM
		{F909FE4C-BEF9-41C5-A3C6-3CFE60A1EEA8}.Debug|ARM.Deploy.0 = Debug|ARM
		{F909FE4C-BEF9-41C5-A3C6-3CFE60A1EEA8}.Debug|iPhone.ActiveCfg = Debug|x86
		{F909FE4C-BEF9-41C5-A3C6-3CFE60A1EEA8}.Debug|iPhone.Build.0 = Debug|x86
		{F909FE4C-BEF9-41C5-A3C6-3CFE60A1EEA8}.Debug|iPhone.Deploy.0 = Debug|x86
		{F909FE4C-BEF9-41C5-A3C6-3CFE60A1EEA8}.Debug|iPhoneSimulator.ActiveCfg = Debug|x86
		{F909FE4C-BEF9-41C5-A3C6-3CFE60A1EEA8}.Debug|iPhoneSimulator.Build.0 = Debug|x86
		{F909FE4C-BEF9-41C5-A3C6-3CFE60A1EEA8}.Debug|iPhoneSimulator.Deploy.0 = Debug|x86
		{F909FE4C-BEF9-41C5-A3C6-3CFE60A1EEA8}.Debug|x64.ActiveCfg = Debug|x64
		{F909FE4C-BEF9-41C5-A3C6-3CFE60A1EEA8}.Debug|x64.Build.0 = Debug|x64
		{F909FE4C-BEF9-41C5-A3C6-3CFE60A1EEA8}.Debug|x64.Deploy.0 = Debug|x64
		{F909FE4C-BEF9-41C5-A3C6-3CFE60A1EEA8}.Debug|x86.ActiveCfg = Debug|x86
		{F909FE4C-BEF9-41C5-A3C6-3CFE60A1EEA8}.Debug|x86.Build.0 = Debug|x86
		{F909FE4C-BEF9-41C5-A3C6-3CFE60A1EEA8}.Debug|x86.Deploy.0 = Debug|x86
		{F909FE4C-BEF9-41C5-A3C6-3CFE60A1EEA8}.Release|Any CPU.ActiveCfg = Release|x86
		{F909FE4C-BEF9-41C5-A3C6-3CFE60A1EEA8}.Release|Any CPU.Build.0 = Release|x86
		{F909FE4C-BEF9-41C5-A3C6-3CFE60A1EEA8}.Release|Any CPU.Deploy.0 = Release|x86
		{F909FE4C-BEF9-41C5-A3C6-3CFE60A1EEA8}.Release|ARM.ActiveCfg = Release|ARM
		{F909FE4C-BEF9-41C5-A3C6-3CFE60A1EEA8}.Release|ARM.Build.0 = Release|ARM
		{F909FE4C-BEF9-41C5-A3C6-3CFE60A1EEA8}.Release|ARM.Deploy.0 = Release|ARM
		{F909FE4C-BEF9-41C5-A3C6-3CFE60A1EEA8}.Release|iPhone.ActiveCfg = Release|x86
		{F909FE4C-BEF9-41C5-A3C6-3CFE60A1EEA8}.Release|iPhone.Build.0 = Release|x86
		{F909FE4C-BEF9-41C5-A3C6-3CFE60A1EEA8}.Release|iPhone.Deploy.0 = Release|x86
		{F909FE4C-BEF9-41C5-A3C6-3CFE60A1EEA8}.Release|iPhoneSimulator.ActiveCfg = Release|x86
		{F909FE4C-BEF9-41C5-A3C6-3CFE60A1EEA8}.Release|iPhoneSimulator.Build.0 = Release|x86
		{F909FE4C-BEF9-41C5-A3C6-3CFE60A1EEA8}.Release|iPhoneSimulator.Deploy.0 = Release|x86
		{F909FE4C-BEF9-41C5-A3C6-3CFE60A1EEA8}.Release|x64.ActiveCfg = Release|x64
		{F909FE4C-BEF9-41C5-A3C6-3CFE60A1EEA8}.Release|x64.Build.0 = Release|x64
		{F909FE4C-BEF9-41C5-A3C6-3CFE60A1EEA8}.Release|x64.Deploy.0 = Release|x64
		{F909FE4C-BEF9-41C5-A3C6-3CFE60A1EEA8}.Release|x86.ActiveCfg = Release|x86
		{F909FE4C-BEF9-41C5-A3C6-3CFE60A1EEA8}.Release|x86.Build.0 = Release|x86
		{F909FE4C-BEF9-41C5-A3C6-3CFE60A1EEA8}.Release|x86.Deploy.0 = Release|x86
		{BE54BDD6-4A01-412B-B69A-BC1D520B3D28}.Ad-Hoc|Any CPU.ActiveCfg = Debug|Any CPU
		{BE54BDD6-4A01-412B-B69A-BC1D520B3D28}.Ad-Hoc|Any CPU.Build.0 = Debug|Any CPU
		{BE54BDD6-4A01-412B-B69A-BC1D520B3D28}.Ad-Hoc|Any CPU.Deploy.0 = Debug|Any CPU
		{BE54BDD6-4A01-412B-B69A-BC1D520B3D28}.Ad-Hoc|ARM.ActiveCfg = Debug|Any CPU
		{BE54BDD6-4A01-412B-B69A-BC1D520B3D28}.Ad-Hoc|ARM.Build.0 = Debug|Any CPU
		{BE54BDD6-4A01-412B-B69A-BC1D520B3D28}.Ad-Hoc|ARM.Deploy.0 = Debug|Any CPU
		{BE54BDD6-4A01-412B-B69A-BC1D520B3D28}.Ad-Hoc|iPhone.ActiveCfg = Debug|Any CPU
		{BE54BDD6-4A01-412B-B69A-BC1D520B3D28}.Ad-Hoc|iPhone.Build.0 = Debug|Any CPU
		{BE54BDD6-4A01-412B-B69A-BC1D520B3D28}.Ad-Hoc|iPhone.Deploy.0 = Debug|Any CPU
		{BE54BDD6-4A01-412B-B69A-BC1D520B3D28}.Ad-Hoc|iPhoneSimulator.ActiveCfg = Debug|Any CPU
		{BE54BDD6-4A01-412B-B69A-BC1D520B3D28}.Ad-Hoc|iPhoneSimulator.Build.0 = Debug|Any CPU
		{BE54BDD6-4A01-412B-B69A-BC1D520B3D28}.Ad-Hoc|iPhoneSimulator.Deploy.0 = Debug|Any CPU
		{BE54BDD6-4A01-412B-B69A-BC1D520B3D28}.Ad-Hoc|x64.ActiveCfg = Debug|Any CPU
		{BE54BDD6-4A01-412B-B69A-BC1D520B3D28}.Ad-Hoc|x64.Build.0 = Debug|Any CPU
		{BE54BDD6-4A01-412B-B69A-BC1D520B3D28}.Ad-Hoc|x64.Deploy.0 = Debug|Any CPU
		{BE54BDD6-4A01-412B-B69A-BC1D520B3D28}.Ad-Hoc|x86.ActiveCfg = Debug|Any CPU
		{BE54BDD6-4A01-412B-B69A-BC1D520B3D28}.Ad-Hoc|x86.Build.0 = Debug|Any CPU
		{BE54BDD6-4A01-412B-B69A-BC1D520B3D28}.Ad-Hoc|x86.Deploy.0 = Debug|Any CPU
		{BE54BDD6-4A01-412B-B69A-BC1D520B3D28}.AppStore|Any CPU.ActiveCfg = Debug|Any CPU
		{BE54BDD6-4A01-412B-B69A-BC1D520B3D28}.AppStore|Any CPU.Build.0 = Debug|Any CPU
		{BE54BDD6-4A01-412B-B69A-BC1D520B3D28}.AppStore|Any CPU.Deploy.0 = Debug|Any CPU
		{BE54BDD6-4A01-412B-B69A-BC1D520B3D28}.AppStore|ARM.ActiveCfg = Debug|Any CPU
		{BE54BDD6-4A01-412B-B69A-BC1D520B3D28}.AppStore|ARM.Build.0 = Debug|Any CPU
		{BE54BDD6-4A01-412B-B69A-BC1D520B3D28}.AppStore|ARM.Deploy.0 = Debug|Any CPU
		{BE54BDD6-4A01-412B-B69A-BC1D520B3D28}.AppStore|iPhone.ActiveCfg = Debug|Any CPU
		{BE54BDD6-4A01-412B-B69A-BC1D520B3D28}.AppStore|iPhone.Build.0 = Debug|Any CPU
		{BE54BDD6-4A01-412B-B69A-BC1D520B3D28}.AppStore|iPhone.Deploy.0 = Debug|Any CPU
		{BE54BDD6-4A01-412B-B69A-BC1D520B3D28}.AppStore|iPhoneSimulator.ActiveCfg = Debug|Any CPU
		{BE54BDD6-4A01-412B-B69A-BC1D520B3D28}.AppStore|iPhoneSimulator.Build.0 = Debug|Any CPU
		{BE54BDD6-4A01-412B-B69A-BC1D520B3D28}.AppStore|iPhoneSimulator.Deploy.0 = Debug|Any CPU
		{BE54BDD6-4A01-412B-B69A-BC1D520B3D28}.AppStore|x64.ActiveCfg = Debug|Any CPU
		{BE54BDD6-4A01-412B-B69A-BC1D520B3D28}.AppStore|x64.Build.0 = Debug|Any CPU
		{BE54BDD6-4A01-412B-B69A-BC1D520B3D28}.AppStore|x64.Deploy.0 = Debug|Any CPU
		{BE54BDD6-4A01-412B-B69A-BC1D520B3D28}.AppStore|x86.ActiveCfg = Debug|Any CPU
		{BE54BDD6-4A01-412B-B69A-BC1D520B3D28}.AppStore|x86.Build.0 = Debug|Any CPU
		{BE54BDD6-4A01-412B-B69A-BC1D520B3D28}.AppStore|x86.Deploy.0 = Debug|Any CPU
		{BE54BDD6-4A01-412B-B69A-BC1D520B3D28}.Debug|Any CPU.ActiveCfg = Debug|Any CPU
		{BE54BDD6-4A01-412B-B69A-BC1D520B3D28}.Debug|Any CPU.Build.0 = Debug|Any CPU
		{BE54BDD6-4A01-412B-B69A-BC1D520B3D28}.Debug|Any CPU.Deploy.0 = Debug|Any CPU
		{BE54BDD6-4A01-412B-B69A-BC1D520B3D28}.Debug|ARM.ActiveCfg = Debug|Any CPU
		{BE54BDD6-4A01-412B-B69A-BC1D520B3D28}.Debug|ARM.Build.0 = Debug|Any CPU
		{BE54BDD6-4A01-412B-B69A-BC1D520B3D28}.Debug|ARM.Deploy.0 = Debug|Any CPU
		{BE54BDD6-4A01-412B-B69A-BC1D520B3D28}.Debug|iPhone.ActiveCfg = Debug|Any CPU
		{BE54BDD6-4A01-412B-B69A-BC1D520B3D28}.Debug|iPhone.Build.0 = Debug|Any CPU
		{BE54BDD6-4A01-412B-B69A-BC1D520B3D28}.Debug|iPhone.Deploy.0 = Debug|Any CPU
		{BE54BDD6-4A01-412B-B69A-BC1D520B3D28}.Debug|iPhoneSimulator.ActiveCfg = Debug|Any CPU
		{BE54BDD6-4A01-412B-B69A-BC1D520B3D28}.Debug|iPhoneSimulator.Build.0 = Debug|Any CPU
		{BE54BDD6-4A01-412B-B69A-BC1D520B3D28}.Debug|iPhoneSimulator.Deploy.0 = Debug|Any CPU
		{BE54BDD6-4A01-412B-B69A-BC1D520B3D28}.Debug|x64.ActiveCfg = Debug|Any CPU
		{BE54BDD6-4A01-412B-B69A-BC1D520B3D28}.Debug|x64.Build.0 = Debug|Any CPU
		{BE54BDD6-4A01-412B-B69A-BC1D520B3D28}.Debug|x64.Deploy.0 = Debug|Any CPU
		{BE54BDD6-4A01-412B-B69A-BC1D520B3D28}.Debug|x86.ActiveCfg = Debug|Any CPU
		{BE54BDD6-4A01-412B-B69A-BC1D520B3D28}.Debug|x86.Build.0 = Debug|Any CPU
		{BE54BDD6-4A01-412B-B69A-BC1D520B3D28}.Debug|x86.Deploy.0 = Debug|Any CPU
		{BE54BDD6-4A01-412B-B69A-BC1D520B3D28}.Release|Any CPU.ActiveCfg = Release|Any CPU
		{BE54BDD6-4A01-412B-B69A-BC1D520B3D28}.Release|Any CPU.Build.0 = Release|Any CPU
		{BE54BDD6-4A01-412B-B69A-BC1D520B3D28}.Release|Any CPU.Deploy.0 = Release|Any CPU
		{BE54BDD6-4A01-412B-B69A-BC1D520B3D28}.Release|ARM.ActiveCfg = Release|Any CPU
		{BE54BDD6-4A01-412B-B69A-BC1D520B3D28}.Release|ARM.Build.0 = Release|Any CPU
		{BE54BDD6-4A01-412B-B69A-BC1D520B3D28}.Release|ARM.Deploy.0 = Release|Any CPU
		{BE54BDD6-4A01-412B-B69A-BC1D520B3D28}.Release|iPhone.ActiveCfg = Release|Any CPU
		{BE54BDD6-4A01-412B-B69A-BC1D520B3D28}.Release|iPhone.Build.0 = Release|Any CPU
		{BE54BDD6-4A01-412B-B69A-BC1D520B3D28}.Release|iPhone.Deploy.0 = Release|Any CPU
		{BE54BDD6-4A01-412B-B69A-BC1D520B3D28}.Release|iPhoneSimulator.ActiveCfg = Release|Any CPU
		{BE54BDD6-4A01-412B-B69A-BC1D520B3D28}.Release|iPhoneSimulator.Build.0 = Release|Any CPU
		{BE54BDD6-4A01-412B-B69A-BC1D520B3D28}.Release|iPhoneSimulator.Deploy.0 = Release|Any CPU
		{BE54BDD6-4A01-412B-B69A-BC1D520B3D28}.Release|x64.ActiveCfg = Release|Any CPU
		{BE54BDD6-4A01-412B-B69A-BC1D520B3D28}.Release|x64.Build.0 = Release|Any CPU
		{BE54BDD6-4A01-412B-B69A-BC1D520B3D28}.Release|x64.Deploy.0 = Release|Any CPU
		{BE54BDD6-4A01-412B-B69A-BC1D520B3D28}.Release|x86.ActiveCfg = Release|Any CPU
		{BE54BDD6-4A01-412B-B69A-BC1D520B3D28}.Release|x86.Build.0 = Release|Any CPU
		{BE54BDD6-4A01-412B-B69A-BC1D520B3D28}.Release|x86.Deploy.0 = Release|Any CPU
	EndGlobalSection
	GlobalSection(SolutionProperties) = preSolution
		HideSolutionNode = FALSE
	EndGlobalSection
	GlobalSection(ExtensibilityGlobals) = postSolution
		SolutionGuid = {CA76A757-C63A-4624-B922-CDC7D6B10D70}
	EndGlobalSection
EndGlobal
