
Microsoft Visual Studio Solution File, Format Version 12.00
# Visual Studio 15
VisualStudioVersion = 15.0.27428.2037
MinimumVisualStudioVersion = 10.0.40219.1
Project("{FAE04EC0-301F-11D3-BF4B-00C04F79EFBC}") = "App01_ConsultarCEP.Android", "App01_ConsultarCEP\App01_ConsultarCEP.Android\App01_ConsultarCEP.Android.csproj", "{231C4F79-8D0A-4772-8A17-605B324C8C60}"
EndProject
Project("{FAE04EC0-301F-11D3-BF4B-00C04F79EFBC}") = "App01_ConsultarCEP.iOS", "App01_ConsultarCEP\App01_ConsultarCEP.iOS\App01_ConsultarCEP.iOS.csproj", "{03CB2AA7-5D72-4C37-9277-46BA5E3FEB90}"
EndProject
Project("{FAE04EC0-301F-11D3-BF4B-00C04F79EFBC}") = "App01_ConsultarCEP.UWP", "App01_ConsultarCEP\App01_ConsultarCEP.UWP\App01_ConsultarCEP.UWP.csproj", "{A9EBECFE-3CCF-4049-9293-7DCC35123487}"
EndProject
Project("{FAE04EC0-301F-11D3-BF4B-00C04F79EFBC}") = "App01_ConsultarCEP", "App01_ConsultarCEP\App01_ConsultarCEP\App01_ConsultarCEP.csproj", "{B6F92660-E08A-42B7-851D-1BD9638AAA90}"
EndProject
Global
	GlobalSection(SolutionConfigurationPlatforms) = preSolution
		Ad-Hoc|Any CPU = Ad-Hoc|Any CPU
		Ad-Hoc|ARM = Ad-Hoc|ARM
		Ad-Hoc|iPhone = Ad-Hoc|iPhone
		Ad-Hoc|iPhoneSimulator = Ad-Hoc|iPhoneSimulator
		Ad-Hoc|x64 = Ad-Hoc|x64
		Ad-Hoc|x86 = Ad-Hoc|x86
		AppStore|Any CPU = AppStore|Any CPU
		AppStore|ARM = AppStore|ARM
		AppStore|iPhone = AppStore|iPhone
		AppStore|iPhoneSimulator = AppStore|iPhoneSimulator
		AppStore|x64 = AppStore|x64
		AppStore|x86 = AppStore|x86
		Debug|Any CPU = Debug|Any CPU
		Debug|ARM = Debug|ARM
		Debug|iPhone = Debug|iPhone
		Debug|iPhoneSimulator = Debug|iPhoneSimulator
		Debug|x64 = Debug|x64
		Debug|x86 = Debug|x86
		Release|Any CPU = Release|Any CPU
		Release|ARM = Release|ARM
		Release|iPhone = Release|iPhone
		Release|iPhoneSimulator = Release|iPhoneSimulator
		Release|x64 = Release|x64
		Release|x86 = Release|x86
	EndGlobalSection
	GlobalSection(ProjectConfigurationPlatforms) = postSolution
		{231C4F79-8D0A-4772-8A17-605B324C8C60}.Ad-Hoc|Any CPU.ActiveCfg = Release|Any CPU
		{231C4F79-8D0A-4772-8A17-605B324C8C60}.Ad-Hoc|Any CPU.Build.0 = Release|Any CPU
		{231C4F79-8D0A-4772-8A17-605B324C8C60}.Ad-Hoc|Any CPU.Deploy.0 = Release|Any CPU
		{231C4F79-8D0A-4772-8A17-605B324C8C60}.Ad-Hoc|ARM.ActiveCfg = Release|Any CPU
		{231C4F79-8D0A-4772-8A17-605B324C8C60}.Ad-Hoc|ARM.Build.0 = Release|Any CPU
		{231C4F79-8D0A-4772-8A17-605B324C8C60}.Ad-Hoc|ARM.Deploy.0 = Release|Any CPU
		{231C4F79-8D0A-4772-8A17-605B324C8C60}.Ad-Hoc|iPhone.ActiveCfg = Release|Any CPU
		{231C4F79-8D0A-4772-8A17-605B324C8C60}.Ad-Hoc|iPhone.Build.0 = Release|Any CPU
		{231C4F79-8D0A-4772-8A17-605B324C8C60}.Ad-Hoc|iPhone.Deploy.0 = Release|Any CPU
		{231C4F79-8D0A-4772-8A17-605B324C8C60}.Ad-Hoc|iPhoneSimulator.ActiveCfg = Release|Any CPU
		{231C4F79-8D0A-4772-8A17-605B324C8C60}.Ad-Hoc|iPhoneSimulator.Build.0 = Release|Any CPU
		{231C4F79-8D0A-4772-8A17-605B324C8C60}.Ad-Hoc|iPhoneSimulator.Deploy.0 = Release|Any CPU
		{231C4F79-8D0A-4772-8A17-605B324C8C60}.Ad-Hoc|x64.ActiveCfg = Release|Any CPU
		{231C4F79-8D0A-4772-8A17-605B324C8C60}.Ad-Hoc|x64.Build.0 = Release|Any CPU
		{231C4F79-8D0A-4772-8A17-605B324C8C60}.Ad-Hoc|x64.Deploy.0 = Release|Any CPU
		{231C4F79-8D0A-4772-8A17-605B324C8C60}.Ad-Hoc|x86.ActiveCfg = Release|Any CPU
		{231C4F79-8D0A-4772-8A17-605B324C8C60}.Ad-Hoc|x86.Build.0 = Release|Any CPU
		{231C4F79-8D0A-4772-8A17-605B324C8C60}.Ad-Hoc|x86.Deploy.0 = Release|Any CPU
		{231C4F79-8D0A-4772-8A17-605B324C8C60}.AppStore|Any CPU.ActiveCfg = Release|Any CPU
		{231C4F79-8D0A-4772-8A17-605B324C8C60}.AppStore|Any CPU.Build.0 = Release|Any CPU
		{231C4F79-8D0A-4772-8A17-605B324C8C60}.AppStore|Any CPU.Deploy.0 = Release|Any CPU
		{231C4F79-8D0A-4772-8A17-605B324C8C60}.AppStore|ARM.ActiveCfg = Release|Any CPU
		{231C4F79-8D0A-4772-8A17-605B324C8C60}.AppStore|ARM.Build.0 = Release|Any CPU
		{231C4F79-8D0A-4772-8A17-605B324C8C60}.AppStore|ARM.Deploy.0 = Release|Any CPU
		{231C4F79-8D0A-4772-8A17-605B324C8C60}.AppStore|iPhone.ActiveCfg = Release|Any CPU
		{231C4F79-8D0A-4772-8A17-605B324C8C60}.AppStore|iPhone.Build.0 = Release|Any CPU
		{231C4F79-8D0A-4772-8A17-605B324C8C60}.AppStore|iPhone.Deploy.0 = Release|Any CPU
		{231C4F79-8D0A-4772-8A17-605B324C8C60}.AppStore|iPhoneSimulator.ActiveCfg = Release|Any CPU
		{231C4F79-8D0A-4772-8A17-605B324C8C60}.AppStore|iPhoneSimulator.Build.0 = Release|Any CPU
		{231C4F79-8D0A-4772-8A17-605B324C8C60}.AppStore|iPhoneSimulator.Deploy.0 = Release|Any CPU
		{231C4F79-8D0A-4772-8A17-605B324C8C60}.AppStore|x64.ActiveCfg = Release|Any CPU
		{231C4F79-8D0A-4772-8A17-605B324C8C60}.AppStore|x64.Build.0 = Release|Any CPU
		{231C4F79-8D0A-4772-8A17-605B324C8C60}.AppStore|x64.Deploy.0 = Release|Any CPU
		{231C4F79-8D0A-4772-8A17-605B324C8C60}.AppStore|x86.ActiveCfg = Release|Any CPU
		{231C4F79-8D0A-4772-8A17-605B324C8C60}.AppStore|x86.Build.0 = Release|Any CPU
		{231C4F79-8D0A-4772-8A17-605B324C8C60}.AppStore|x86.Deploy.0 = Release|Any CPU
		{231C4F79-8D0A-4772-8A17-605B324C8C60}.Debug|Any CPU.ActiveCfg = Debug|Any CPU
		{231C4F79-8D0A-4772-8A17-605B324C8C60}.Debug|Any CPU.Build.0 = Debug|Any CPU
		{231C4F79-8D0A-4772-8A17-605B324C8C60}.Debug|Any CPU.Deploy.0 = Debug|Any CPU
		{231C4F79-8D0A-4772-8A17-605B324C8C60}.Debug|ARM.ActiveCfg = Debug|Any CPU
		{231C4F79-8D0A-4772-8A17-605B324C8C60}.Debug|ARM.Build.0 = Debug|Any CPU
		{231C4F79-8D0A-4772-8A17-605B324C8C60}.Debug|ARM.Deploy.0 = Debug|Any CPU
		{231C4F79-8D0A-4772-8A17-605B324C8C60}.Debug|iPhone.ActiveCfg = Debug|Any CPU
		{231C4F79-8D0A-4772-8A17-605B324C8C60}.Debug|iPhone.Build.0 = Debug|Any CPU
		{231C4F79-8D0A-4772-8A17-605B324C8C60}.Debug|iPhone.Deploy.0 = Debug|Any CPU
		{231C4F79-8D0A-4772-8A17-605B324C8C60}.Debug|iPhoneSimulator.ActiveCfg = Debug|Any CPU
		{231C4F79-8D0A-4772-8A17-605B324C8C60}.Debug|iPhoneSimulator.Build.0 = Debug|Any CPU
		{231C4F79-8D0A-4772-8A17-605B324C8C60}.Debug|iPhoneSimulator.Deploy.0 = Debug|Any CPU
		{231C4F79-8D0A-4772-8A17-605B324C8C60}.Debug|x64.ActiveCfg = Debug|Any CPU
		{231C4F79-8D0A-4772-8A17-605B324C8C60}.Debug|x64.Build.0 = Debug|Any CPU
		{231C4F79-8D0A-4772-8A17-605B324C8C60}.Debug|x64.Deploy.0 = Debug|Any CPU
		{231C4F79-8D0A-4772-8A17-605B324C8C60}.Debug|x86.ActiveCfg = Debug|Any CPU
		{231C4F79-8D0A-4772-8A17-605B324C8C60}.Debug|x86.Build.0 = Debug|Any CPU
		{231C4F79-8D0A-4772-8A17-605B324C8C60}.Debug|x86.Deploy.0 = Debug|Any CPU
		{231C4F79-8D0A-4772-8A17-605B324C8C60}.Release|Any CPU.ActiveCfg = Release|Any CPU
		{231C4F79-8D0A-4772-8A17-605B324C8C60}.Release|Any CPU.Build.0 = Release|Any CPU
		{231C4F79-8D0A-4772-8A17-605B324C8C60}.Release|Any CPU.Deploy.0 = Release|Any CPU
		{231C4F79-8D0A-4772-8A17-605B324C8C60}.Release|ARM.ActiveCfg = Release|Any CPU
		{231C4F79-8D0A-4772-8A17-605B324C8C60}.Release|ARM.Build.0 = Release|Any CPU
		{231C4F79-8D0A-4772-8A17-605B324C8C60}.Release|ARM.Deploy.0 = Release|Any CPU
		{231C4F79-8D0A-4772-8A17-605B324C8C60}.Release|iPhone.ActiveCfg = Release|Any CPU
		{231C4F79-8D0A-4772-8A17-605B324C8C60}.Release|iPhone.Build.0 = Release|Any CPU
		{231C4F79-8D0A-4772-8A17-605B324C8C60}.Release|iPhone.Deploy.0 = Release|Any CPU
		{231C4F79-8D0A-4772-8A17-605B324C8C60}.Release|iPhoneSimulator.ActiveCfg = Release|Any CPU
		{231C4F79-8D0A-4772-8A17-605B324C8C60}.Release|iPhoneSimulator.Build.0 = Release|Any CPU
		{231C4F79-8D0A-4772-8A17-605B324C8C60}.Release|iPhoneSimulator.Deploy.0 = Release|Any CPU
		{231C4F79-8D0A-4772-8A17-605B324C8C60}.Release|x64.ActiveCfg = Release|Any CPU
		{231C4F79-8D0A-4772-8A17-605B324C8C60}.Release|x64.Build.0 = Release|Any CPU
		{231C4F79-8D0A-4772-8A17-605B324C8C60}.Release|x64.Deploy.0 = Release|Any CPU
		{231C4F79-8D0A-4772-8A17-605B324C8C60}.Release|x86.ActiveCfg = Release|Any CPU
		{231C4F79-8D0A-4772-8A17-605B324C8C60}.Release|x86.Build.0 = Release|Any CPU
		{231C4F79-8D0A-4772-8A17-605B324C8C60}.Release|x86.Deploy.0 = Release|Any CPU
		{03CB2AA7-5D72-4C37-9277-46BA5E3FEB90}.Ad-Hoc|Any CPU.ActiveCfg = Ad-Hoc|iPhone
		{03CB2AA7-5D72-4C37-9277-46BA5E3FEB90}.Ad-Hoc|ARM.ActiveCfg = Ad-Hoc|iPhone
		{03CB2AA7-5D72-4C37-9277-46BA5E3FEB90}.Ad-Hoc|iPhone.ActiveCfg = Ad-Hoc|iPhone
		{03CB2AA7-5D72-4C37-9277-46BA5E3FEB90}.Ad-Hoc|iPhone.Build.0 = Ad-Hoc|iPhone
		{03CB2AA7-5D72-4C37-9277-46BA5E3FEB90}.Ad-Hoc|iPhoneSimulator.ActiveCfg = Ad-Hoc|iPhoneSimulator
		{03CB2AA7-5D72-4C37-9277-46BA5E3FEB90}.Ad-Hoc|iPhoneSimulator.Build.0 = Ad-Hoc|iPhoneSimulator
		{03CB2AA7-5D72-4C37-9277-46BA5E3FEB90}.Ad-Hoc|x64.ActiveCfg = Ad-Hoc|iPhone
		{03CB2AA7-5D72-4C37-9277-46BA5E3FEB90}.Ad-Hoc|x86.ActiveCfg = Ad-Hoc|iPhone
		{03CB2AA7-5D72-4C37-9277-46BA5E3FEB90}.AppStore|Any CPU.ActiveCfg = AppStore|iPhone
		{03CB2AA7-5D72-4C37-9277-46BA5E3FEB90}.AppStore|ARM.ActiveCfg = AppStore|iPhone
		{03CB2AA7-5D72-4C37-9277-46BA5E3FEB90}.AppStore|iPhone.ActiveCfg = AppStore|iPhone
		{03CB2AA7-5D72-4C37-9277-46BA5E3FEB90}.AppStore|iPhone.Build.0 = AppStore|iPhone
		{03CB2AA7-5D72-4C37-9277-46BA5E3FEB90}.AppStore|iPhoneSimulator.ActiveCfg = AppStore|iPhoneSimulator
		{03CB2AA7-5D72-4C37-9277-46BA5E3FEB90}.AppStore|iPhoneSimulator.Build.0 = AppStore|iPhoneSimulator
		{03CB2AA7-5D72-4C37-9277-46BA5E3FEB90}.AppStore|x64.ActiveCfg = AppStore|iPhone
		{03CB2AA7-5D72-4C37-9277-46BA5E3FEB90}.AppStore|x86.ActiveCfg = AppStore|iPhone
		{03CB2AA7-5D72-4C37-9277-46BA5E3FEB90}.Debug|Any CPU.ActiveCfg = Debug|iPhone
		{03CB2AA7-5D72-4C37-9277-46BA5E3FEB90}.Debug|ARM.ActiveCfg = Debug|iPhone
		{03CB2AA7-5D72-4C37-9277-46BA5E3FEB90}.Debug|iPhone.ActiveCfg = Debug|iPhone
		{03CB2AA7-5D72-4C37-9277-46BA5E3FEB90}.Debug|iPhone.Build.0 = Debug|iPhone
		{03CB2AA7-5D72-4C37-9277-46BA5E3FEB90}.Debug|iPhoneSimulator.ActiveCfg = Debug|iPhoneSimulator
		{03CB2AA7-5D72-4C37-9277-46BA5E3FEB90}.Debug|iPhoneSimulator.Build.0 = Debug|iPhoneSimulator
		{03CB2AA7-5D72-4C37-9277-46BA5E3FEB90}.Debug|x64.ActiveCfg = Debug|iPhone
		{03CB2AA7-5D72-4C37-9277-46BA5E3FEB90}.Debug|x86.ActiveCfg = Debug|iPhone
		{03CB2AA7-5D72-4C37-9277-46BA5E3FEB90}.Release|Any CPU.ActiveCfg = Release|iPhone
		{03CB2AA7-5D72-4C37-9277-46BA5E3FEB90}.Release|ARM.ActiveCfg = Release|iPhone
		{03CB2AA7-5D72-4C37-9277-46BA5E3FEB90}.Release|iPhone.ActiveCfg = Release|iPhone
		{03CB2AA7-5D72-4C37-9277-46BA5E3FEB90}.Release|iPhone.Build.0 = Release|iPhone
		{03CB2AA7-5D72-4C37-9277-46BA5E3FEB90}.Release|iPhoneSimulator.ActiveCfg = Release|iPhoneSimulator
		{03CB2AA7-5D72-4C37-9277-46BA5E3FEB90}.Release|iPhoneSimulator.Build.0 = Release|iPhoneSimulator
		{03CB2AA7-5D72-4C37-9277-46BA5E3FEB90}.Release|x64.ActiveCfg = Release|iPhone
		{03CB2AA7-5D72-4C37-9277-46BA5E3FEB90}.Release|x86.ActiveCfg = Release|iPhone
		{A9EBECFE-3CCF-4049-9293-7DCC35123487}.Ad-Hoc|Any CPU.ActiveCfg = Release|x86
		{A9EBECFE-3CCF-4049-9293-7DCC35123487}.Ad-Hoc|Any CPU.Build.0 = Release|x86
		{A9EBECFE-3CCF-4049-9293-7DCC35123487}.Ad-Hoc|Any CPU.Deploy.0 = Release|x86
		{A9EBECFE-3CCF-4049-9293-7DCC35123487}.Ad-Hoc|ARM.ActiveCfg = Release|ARM
		{A9EBECFE-3CCF-4049-9293-7DCC35123487}.Ad-Hoc|ARM.Build.0 = Release|ARM
		{A9EBECFE-3CCF-4049-9293-7DCC35123487}.Ad-Hoc|ARM.Deploy.0 = Release|ARM
		{A9EBECFE-3CCF-4049-9293-7DCC35123487}.Ad-Hoc|iPhone.ActiveCfg = Release|x86
		{A9EBECFE-3CCF-4049-9293-7DCC35123487}.Ad-Hoc|iPhone.Build.0 = Release|x86
		{A9EBECFE-3CCF-4049-9293-7DCC35123487}.Ad-Hoc|iPhone.Deploy.0 = Release|x86
		{A9EBECFE-3CCF-4049-9293-7DCC35123487}.Ad-Hoc|iPhoneSimulator.ActiveCfg = Release|x86
		{A9EBECFE-3CCF-4049-9293-7DCC35123487}.Ad-Hoc|iPhoneSimulator.Build.0 = Release|x86
		{A9EBECFE-3CCF-4049-9293-7DCC35123487}.Ad-Hoc|iPhoneSimulator.Deploy.0 = Release|x86
		{A9EBECFE-3CCF-4049-9293-7DCC35123487}.Ad-Hoc|x64.ActiveCfg = Release|x64
		{A9EBECFE-3CCF-4049-9293-7DCC35123487}.Ad-Hoc|x64.Build.0 = Release|x64
		{A9EBECFE-3CCF-4049-9293-7DCC35123487}.Ad-Hoc|x64.Deploy.0 = Release|x64
		{A9EBECFE-3CCF-4049-9293-7DCC35123487}.Ad-Hoc|x86.ActiveCfg = Release|x86
		{A9EBECFE-3CCF-4049-9293-7DCC35123487}.Ad-Hoc|x86.Build.0 = Release|x86
		{A9EBECFE-3CCF-4049-9293-7DCC35123487}.Ad-Hoc|x86.Deploy.0 = Release|x86
		{A9EBECFE-3CCF-4049-9293-7DCC35123487}.AppStore|Any CPU.ActiveCfg = Release|x86
		{A9EBECFE-3CCF-4049-9293-7DCC35123487}.AppStore|Any CPU.Build.0 = Release|x86
		{A9EBECFE-3CCF-4049-9293-7DCC35123487}.AppStore|Any CPU.Deploy.0 = Release|x86
		{A9EBECFE-3CCF-4049-9293-7DCC35123487}.AppStore|ARM.ActiveCfg = Release|ARM
		{A9EBECFE-3CCF-4049-9293-7DCC35123487}.AppStore|ARM.Build.0 = Release|ARM
		{A9EBECFE-3CCF-4049-9293-7DCC35123487}.AppStore|ARM.Deploy.0 = Release|ARM
		{A9EBECFE-3CCF-4049-9293-7DCC35123487}.AppStore|iPhone.ActiveCfg = Release|x86
		{A9EBECFE-3CCF-4049-9293-7DCC35123487}.AppStore|iPhone.Build.0 = Release|x86
		{A9EBECFE-3CCF-4049-9293-7DCC35123487}.AppStore|iPhone.Deploy.0 = Release|x86
		{A9EBECFE-3CCF-4049-9293-7DCC35123487}.AppStore|iPhoneSimulator.ActiveCfg = Release|x86
		{A9EBECFE-3CCF-4049-9293-7DCC35123487}.AppStore|iPhoneSimulator.Build.0 = Release|x86
		{A9EBECFE-3CCF-4049-9293-7DCC35123487}.AppStore|iPhoneSimulator.Deploy.0 = Release|x86
		{A9EBECFE-3CCF-4049-9293-7DCC35123487}.AppStore|x64.ActiveCfg = Release|x64
		{A9EBECFE-3CCF-4049-9293-7DCC35123487}.AppStore|x64.Build.0 = Release|x64
		{A9EBECFE-3CCF-4049-9293-7DCC35123487}.AppStore|x64.Deploy.0 = Release|x64
		{A9EBECFE-3CCF-4049-9293-7DCC35123487}.AppStore|x86.ActiveCfg = Release|x86
		{A9EBECFE-3CCF-4049-9293-7DCC35123487}.AppStore|x86.Build.0 = Release|x86
		{A9EBECFE-3CCF-4049-9293-7DCC35123487}.AppStore|x86.Deploy.0 = Release|x86
		{A9EBECFE-3CCF-4049-9293-7DCC35123487}.Debug|Any CPU.ActiveCfg = Debug|x86
		{A9EBECFE-3CCF-4049-9293-7DCC35123487}.Debug|ARM.ActiveCfg = Debug|ARM
		{A9EBECFE-3CCF-4049-9293-7DCC35123487}.Debug|ARM.Build.0 = Debug|ARM
		{A9EBECFE-3CCF-4049-9293-7DCC35123487}.Debug|ARM.Deploy.0 = Debug|ARM
		{A9EBECFE-3CCF-4049-9293-7DCC35123487}.Debug|iPhone.ActiveCfg = Debug|x86
		{A9EBECFE-3CCF-4049-9293-7DCC35123487}.Debug|iPhoneSimulator.ActiveCfg = Debug|x86
		{A9EBECFE-3CCF-4049-9293-7DCC35123487}.Debug|x64.ActiveCfg = Debug|x64
		{A9EBECFE-3CCF-4049-9293-7DCC35123487}.Debug|x64.Build.0 = Debug|x64
		{A9EBECFE-3CCF-4049-9293-7DCC35123487}.Debug|x64.Deploy.0 = Debug|x64
		{A9EBECFE-3CCF-4049-9293-7DCC35123487}.Debug|x86.ActiveCfg = Debug|x86
		{A9EBECFE-3CCF-4049-9293-7DCC35123487}.Debug|x86.Build.0 = Debug|x86
		{A9EBECFE-3CCF-4049-9293-7DCC35123487}.Debug|x86.Deploy.0 = Debug|x86
		{A9EBECFE-3CCF-4049-9293-7DCC35123487}.Release|Any CPU.ActiveCfg = Release|x86
		{A9EBECFE-3CCF-4049-9293-7DCC35123487}.Release|ARM.ActiveCfg = Release|ARM
		{A9EBECFE-3CCF-4049-9293-7DCC35123487}.Release|ARM.Build.0 = Release|ARM
		{A9EBECFE-3CCF-4049-9293-7DCC35123487}.Release|ARM.Deploy.0 = Release|ARM
		{A9EBECFE-3CCF-4049-9293-7DCC35123487}.Release|iPhone.ActiveCfg = Release|x86
		{A9EBECFE-3CCF-4049-9293-7DCC35123487}.Release|iPhoneSimulator.ActiveCfg = Release|x86
		{A9EBECFE-3CCF-4049-9293-7DCC35123487}.Release|x64.ActiveCfg = Release|x64
		{A9EBECFE-3CCF-4049-9293-7DCC35123487}.Release|x64.Build.0 = Release|x64
		{A9EBECFE-3CCF-4049-9293-7DCC35123487}.Release|x64.Deploy.0 = Release|x64
		{A9EBECFE-3CCF-4049-9293-7DCC35123487}.Release|x86.ActiveCfg = Release|x86
		{A9EBECFE-3CCF-4049-9293-7DCC35123487}.Release|x86.Build.0 = Release|x86
		{A9EBECFE-3CCF-4049-9293-7DCC35123487}.Release|x86.Deploy.0 = Release|x86
		{B6F92660-E08A-42B7-851D-1BD9638AAA90}.Ad-Hoc|Any CPU.ActiveCfg = Debug|Any CPU
		{B6F92660-E08A-42B7-851D-1BD9638AAA90}.Ad-Hoc|Any CPU.Build.0 = Debug|Any CPU
		{B6F92660-E08A-42B7-851D-1BD9638AAA90}.Ad-Hoc|ARM.ActiveCfg = Debug|Any CPU
		{B6F92660-E08A-42B7-851D-1BD9638AAA90}.Ad-Hoc|ARM.Build.0 = Debug|Any CPU
		{B6F92660-E08A-42B7-851D-1BD9638AAA90}.Ad-Hoc|iPhone.ActiveCfg = Debug|Any CPU
		{B6F92660-E08A-42B7-851D-1BD9638AAA90}.Ad-Hoc|iPhone.Build.0 = Debug|Any CPU
		{B6F92660-E08A-42B7-851D-1BD9638AAA90}.Ad-Hoc|iPhoneSimulator.ActiveCfg = Debug|Any CPU
		{B6F92660-E08A-42B7-851D-1BD9638AAA90}.Ad-Hoc|iPhoneSimulator.Build.0 = Debug|Any CPU
		{B6F92660-E08A-42B7-851D-1BD9638AAA90}.Ad-Hoc|x64.ActiveCfg = Debug|Any CPU
		{B6F92660-E08A-42B7-851D-1BD9638AAA90}.Ad-Hoc|x64.Build.0 = Debug|Any CPU
		{B6F92660-E08A-42B7-851D-1BD9638AAA90}.Ad-Hoc|x86.ActiveCfg = Debug|Any CPU
		{B6F92660-E08A-42B7-851D-1BD9638AAA90}.Ad-Hoc|x86.Build.0 = Debug|Any CPU
		{B6F92660-E08A-42B7-851D-1BD9638AAA90}.AppStore|Any CPU.ActiveCfg = Debug|Any CPU
		{B6F92660-E08A-42B7-851D-1BD9638AAA90}.AppStore|Any CPU.Build.0 = Debug|Any CPU
		{B6F92660-E08A-42B7-851D-1BD9638AAA90}.AppStore|ARM.ActiveCfg = Debug|Any CPU
		{B6F92660-E08A-42B7-851D-1BD9638AAA90}.AppStore|ARM.Build.0 = Debug|Any CPU
		{B6F92660-E08A-42B7-851D-1BD9638AAA90}.AppStore|iPhone.ActiveCfg = Debug|Any CPU
		{B6F92660-E08A-42B7-851D-1BD9638AAA90}.AppStore|iPhone.Build.0 = Debug|Any CPU
		{B6F92660-E08A-42B7-851D-1BD9638AAA90}.AppStore|iPhoneSimulator.ActiveCfg = Debug|Any CPU
		{B6F92660-E08A-42B7-851D-1BD9638AAA90}.AppStore|iPhoneSimulator.Build.0 = Debug|Any CPU
		{B6F92660-E08A-42B7-851D-1BD9638AAA90}.AppStore|x64.ActiveCfg = Debug|Any CPU
		{B6F92660-E08A-42B7-851D-1BD9638AAA90}.AppStore|x64.Build.0 = Debug|Any CPU
		{B6F92660-E08A-42B7-851D-1BD9638AAA90}.AppStore|x86.ActiveCfg = Debug|Any CPU
		{B6F92660-E08A-42B7-851D-1BD9638AAA90}.AppStore|x86.Build.0 = Debug|Any CPU
		{B6F92660-E08A-42B7-851D-1BD9638AAA90}.Debug|Any CPU.ActiveCfg = Debug|Any CPU
		{B6F92660-E08A-42B7-851D-1BD9638AAA90}.Debug|Any CPU.Build.0 = Debug|Any CPU
		{B6F92660-E08A-42B7-851D-1BD9638AAA90}.Debug|ARM.ActiveCfg = Debug|Any CPU
		{B6F92660-E08A-42B7-851D-1BD9638AAA90}.Debug|ARM.Build.0 = Debug|Any CPU
		{B6F92660-E08A-42B7-851D-1BD9638AAA90}.Debug|iPhone.ActiveCfg = Debug|Any CPU
		{B6F92660-E08A-42B7-851D-1BD9638AAA90}.Debug|iPhone.Build.0 = Debug|Any CPU
		{B6F92660-E08A-42B7-851D-1BD9638AAA90}.Debug|iPhoneSimulator.ActiveCfg = Debug|Any CPU
		{B6F92660-E08A-42B7-851D-1BD9638AAA90}.Debug|iPhoneSimulator.Build.0 = Debug|Any CPU
		{B6F92660-E08A-42B7-851D-1BD9638AAA90}.Debug|x64.ActiveCfg = Debug|Any CPU
		{B6F92660-E08A-42B7-851D-1BD9638AAA90}.Debug|x64.Build.0 = Debug|Any CPU
		{B6F92660-E08A-42B7-851D-1BD9638AAA90}.Debug|x86.ActiveCfg = Debug|Any CPU
		{B6F92660-E08A-42B7-851D-1BD9638AAA90}.Debug|x86.Build.0 = Debug|Any CPU
		{B6F92660-E08A-42B7-851D-1BD9638AAA90}.Release|Any CPU.ActiveCfg = Release|Any CPU
		{B6F92660-E08A-42B7-851D-1BD9638AAA90}.Release|Any CPU.Build.0 = Release|Any CPU
		{B6F92660-E08A-42B7-851D-1BD9638AAA90}.Release|ARM.ActiveCfg = Release|Any CPU
		{B6F92660-E08A-42B7-851D-1BD9638AAA90}.Release|ARM.Build.0 = Release|Any CPU
		{B6F92660-E08A-42B7-851D-1BD9638AAA90}.Release|iPhone.ActiveCfg = Release|Any CPU
		{B6F92660-E08A-42B7-851D-1BD9638AAA90}.Release|iPhone.Build.0 = Release|Any CPU
		{B6F92660-E08A-42B7-851D-1BD9638AAA90}.Release|iPhoneSimulator.ActiveCfg = Release|Any CPU
		{B6F92660-E08A-42B7-851D-1BD9638AAA90}.Release|iPhoneSimulator.Build.0 = Release|Any CPU
		{B6F92660-E08A-42B7-851D-1BD9638AAA90}.Release|x64.ActiveCfg = Release|Any CPU
		{B6F92660-E08A-42B7-851D-1BD9638AAA90}.Release|x64.Build.0 = Release|Any CPU
		{B6F92660-E08A-42B7-851D-1BD9638AAA90}.Release|x86.ActiveCfg = Release|Any CPU
		{B6F92660-E08A-42B7-851D-1BD9638AAA90}.Release|x86.Build.0 = Release|Any CPU
	EndGlobalSection
	GlobalSection(SolutionProperties) = preSolution
		HideSolutionNode = FALSE
	EndGlobalSection
	GlobalSection(ExtensibilityGlobals) = postSolution
		SolutionGuid = {CB084A7D-CCE6-4B04-990B-9D393D2EF31F}
	EndGlobalSection
EndGlobal
