
Microsoft Visual Studio Solution File, Format Version 12.00
# Visual Studio 15
VisualStudioVersion = 15.0.27703.2000
MinimumVisualStudioVersion = 10.0.40219.1
Project("{FAE04EC0-301F-11D3-BF4B-00C04F79EFBC}") = "App01_Vagas.Android", "App01_Vagas\App01_Vagas.Android\App01_Vagas.Android.csproj", "{927858AB-611D-4643-9674-769F4D109ADC}"
EndProject
Project("{FAE04EC0-301F-11D3-BF4B-00C04F79EFBC}") = "App01_Vagas.iOS", "App01_Vagas\App01_Vagas.iOS\App01_Vagas.iOS.csproj", "{D8950094-42AA-4226-9477-3D68EF59B606}"
EndProject
Project("{FAE04EC0-301F-11D3-BF4B-00C04F79EFBC}") = "App01_Vagas.UWP", "App01_Vagas\App01_Vagas.UWP\App01_Vagas.UWP.csproj", "{63FEA47B-EEEC-423E-A33F-5A60E00C0AEF}"
EndProject
Project("{FAE04EC0-301F-11D3-BF4B-00C04F79EFBC}") = "App01_Vagas", "App01_Vagas\App01_Vagas\App01_Vagas.csproj", "{4FCA5D8E-487C-4D46-A84D-8D79D32FB8FA}"
EndProject
Global
	GlobalSection(SolutionConfigurationPlatforms) = preSolution
		Ad-Hoc|Any CPU = Ad-Hoc|Any CPU
		Ad-Hoc|ARM = Ad-Hoc|ARM
		Ad-Hoc|iPhone = Ad-Hoc|iPhone
		Ad-Hoc|iPhoneSimulator = Ad-Hoc|iPhoneSimulator
		Ad-Hoc|x64 = Ad-Hoc|x64
		Ad-Hoc|x86 = Ad-Hoc|x86
		AppStore|Any CPU = AppStore|Any CPU
		AppStore|ARM = AppStore|ARM
		AppStore|iPhone = AppStore|iPhone
		AppStore|iPhoneSimulator = AppStore|iPhoneSimulator
		AppStore|x64 = AppStore|x64
		AppStore|x86 = AppStore|x86
		Debug|Any CPU = Debug|Any CPU
		Debug|ARM = Debug|ARM
		Debug|iPhone = Debug|iPhone
		Debug|iPhoneSimulator = Debug|iPhoneSimulator
		Debug|x64 = Debug|x64
		Debug|x86 = Debug|x86
		Release|Any CPU = Release|Any CPU
		Release|ARM = Release|ARM
		Release|iPhone = Release|iPhone
		Release|iPhoneSimulator = Release|iPhoneSimulator
		Release|x64 = Release|x64
		Release|x86 = Release|x86
	EndGlobalSection
	GlobalSection(ProjectConfigurationPlatforms) = postSolution
		{927858AB-611D-4643-9674-769F4D109ADC}.Ad-Hoc|Any CPU.ActiveCfg = Release|Any CPU
		{927858AB-611D-4643-9674-769F4D109ADC}.Ad-Hoc|Any CPU.Build.0 = Release|Any CPU
		{927858AB-611D-4643-9674-769F4D109ADC}.Ad-Hoc|Any CPU.Deploy.0 = Release|Any CPU
		{927858AB-611D-4643-9674-769F4D109ADC}.Ad-Hoc|ARM.ActiveCfg = Release|Any CPU
		{927858AB-611D-4643-9674-769F4D109ADC}.Ad-Hoc|ARM.Build.0 = Release|Any CPU
		{927858AB-611D-4643-9674-769F4D109ADC}.Ad-Hoc|ARM.Deploy.0 = Release|Any CPU
		{927858AB-611D-4643-9674-769F4D109ADC}.Ad-Hoc|iPhone.ActiveCfg = Release|Any CPU
		{927858AB-611D-4643-9674-769F4D109ADC}.Ad-Hoc|iPhone.Build.0 = Release|Any CPU
		{927858AB-611D-4643-9674-769F4D109ADC}.Ad-Hoc|iPhone.Deploy.0 = Release|Any CPU
		{927858AB-611D-4643-9674-769F4D109ADC}.Ad-Hoc|iPhoneSimulator.ActiveCfg = Release|Any CPU
		{927858AB-611D-4643-9674-769F4D109ADC}.Ad-Hoc|iPhoneSimulator.Build.0 = Release|Any CPU
		{927858AB-611D-4643-9674-769F4D109ADC}.Ad-Hoc|iPhoneSimulator.Deploy.0 = Release|Any CPU
		{927858AB-611D-4643-9674-769F4D109ADC}.Ad-Hoc|x64.ActiveCfg = Release|Any CPU
		{927858AB-611D-4643-9674-769F4D109ADC}.Ad-Hoc|x64.Build.0 = Release|Any CPU
		{927858AB-611D-4643-9674-769F4D109ADC}.Ad-Hoc|x64.Deploy.0 = Release|Any CPU
		{927858AB-611D-4643-9674-769F4D109ADC}.Ad-Hoc|x86.ActiveCfg = Release|Any CPU
		{927858AB-611D-4643-9674-769F4D109ADC}.Ad-Hoc|x86.Build.0 = Release|Any CPU
		{927858AB-611D-4643-9674-769F4D109ADC}.Ad-Hoc|x86.Deploy.0 = Release|Any CPU
		{927858AB-611D-4643-9674-769F4D109ADC}.AppStore|Any CPU.ActiveCfg = Release|Any CPU
		{927858AB-611D-4643-9674-769F4D109ADC}.AppStore|Any CPU.Build.0 = Release|Any CPU
		{927858AB-611D-4643-9674-769F4D109ADC}.AppStore|Any CPU.Deploy.0 = Release|Any CPU
		{927858AB-611D-4643-9674-769F4D109ADC}.AppStore|ARM.ActiveCfg = Release|Any CPU
		{927858AB-611D-4643-9674-769F4D109ADC}.AppStore|ARM.Build.0 = Release|Any CPU
		{927858AB-611D-4643-9674-769F4D109ADC}.AppStore|ARM.Deploy.0 = Release|Any CPU
		{927858AB-611D-4643-9674-769F4D109ADC}.AppStore|iPhone.ActiveCfg = Release|Any CPU
		{927858AB-611D-4643-9674-769F4D109ADC}.AppStore|iPhone.Build.0 = Release|Any CPU
		{927858AB-611D-4643-9674-769F4D109ADC}.AppStore|iPhone.Deploy.0 = Release|Any CPU
		{927858AB-611D-4643-9674-769F4D109ADC}.AppStore|iPhoneSimulator.ActiveCfg = Release|Any CPU
		{927858AB-611D-4643-9674-769F4D109ADC}.AppStore|iPhoneSimulator.Build.0 = Release|Any CPU
		{927858AB-611D-4643-9674-769F4D109ADC}.AppStore|iPhoneSimulator.Deploy.0 = Release|Any CPU
		{927858AB-611D-4643-9674-769F4D109ADC}.AppStore|x64.ActiveCfg = Release|Any CPU
		{927858AB-611D-4643-9674-769F4D109ADC}.AppStore|x64.Build.0 = Release|Any CPU
		{927858AB-611D-4643-9674-769F4D109ADC}.AppStore|x64.Deploy.0 = Release|Any CPU
		{927858AB-611D-4643-9674-769F4D109ADC}.AppStore|x86.ActiveCfg = Release|Any CPU
		{927858AB-611D-4643-9674-769F4D109ADC}.AppStore|x86.Build.0 = Release|Any CPU
		{927858AB-611D-4643-9674-769F4D109ADC}.AppStore|x86.Deploy.0 = Release|Any CPU
		{927858AB-611D-4643-9674-769F4D109ADC}.Debug|Any CPU.ActiveCfg = Debug|Any CPU
		{927858AB-611D-4643-9674-769F4D109ADC}.Debug|Any CPU.Build.0 = Debug|Any CPU
		{927858AB-611D-4643-9674-769F4D109ADC}.Debug|Any CPU.Deploy.0 = Debug|Any CPU
		{927858AB-611D-4643-9674-769F4D109ADC}.Debug|ARM.ActiveCfg = Debug|Any CPU
		{927858AB-611D-4643-9674-769F4D109ADC}.Debug|ARM.Build.0 = Debug|Any CPU
		{927858AB-611D-4643-9674-769F4D109ADC}.Debug|ARM.Deploy.0 = Debug|Any CPU
		{927858AB-611D-4643-9674-769F4D109ADC}.Debug|iPhone.ActiveCfg = Debug|Any CPU
		{927858AB-611D-4643-9674-769F4D109ADC}.Debug|iPhone.Build.0 = Debug|Any CPU
		{927858AB-611D-4643-9674-769F4D109ADC}.Debug|iPhone.Deploy.0 = Debug|Any CPU
		{927858AB-611D-4643-9674-769F4D109ADC}.Debug|iPhoneSimulator.ActiveCfg = Debug|Any CPU
		{927858AB-611D-4643-9674-769F4D109ADC}.Debug|iPhoneSimulator.Build.0 = Debug|Any CPU
		{927858AB-611D-4643-9674-769F4D109ADC}.Debug|iPhoneSimulator.Deploy.0 = Debug|Any CPU
		{927858AB-611D-4643-9674-769F4D109ADC}.Debug|x64.ActiveCfg = Debug|Any CPU
		{927858AB-611D-4643-9674-769F4D109ADC}.Debug|x64.Build.0 = Debug|Any CPU
		{927858AB-611D-4643-9674-769F4D109ADC}.Debug|x64.Deploy.0 = Debug|Any CPU
		{927858AB-611D-4643-9674-769F4D109ADC}.Debug|x86.ActiveCfg = Debug|Any CPU
		{927858AB-611D-4643-9674-769F4D109ADC}.Debug|x86.Build.0 = Debug|Any CPU
		{927858AB-611D-4643-9674-769F4D109ADC}.Debug|x86.Deploy.0 = Debug|Any CPU
		{927858AB-611D-4643-9674-769F4D109ADC}.Release|Any CPU.ActiveCfg = Release|Any CPU
		{927858AB-611D-4643-9674-769F4D109ADC}.Release|Any CPU.Build.0 = Release|Any CPU
		{927858AB-611D-4643-9674-769F4D109ADC}.Release|Any CPU.Deploy.0 = Release|Any CPU
		{927858AB-611D-4643-9674-769F4D109ADC}.Release|ARM.ActiveCfg = Release|Any CPU
		{927858AB-611D-4643-9674-769F4D109ADC}.Release|ARM.Build.0 = Release|Any CPU
		{927858AB-611D-4643-9674-769F4D109ADC}.Release|ARM.Deploy.0 = Release|Any CPU
		{927858AB-611D-4643-9674-769F4D109ADC}.Release|iPhone.ActiveCfg = Release|Any CPU
		{927858AB-611D-4643-9674-769F4D109ADC}.Release|iPhone.Build.0 = Release|Any CPU
		{927858AB-611D-4643-9674-769F4D109ADC}.Release|iPhone.Deploy.0 = Release|Any CPU
		{927858AB-611D-4643-9674-769F4D109ADC}.Release|iPhoneSimulator.ActiveCfg = Release|Any CPU
		{927858AB-611D-4643-9674-769F4D109ADC}.Release|iPhoneSimulator.Build.0 = Release|Any CPU
		{927858AB-611D-4643-9674-769F4D109ADC}.Release|iPhoneSimulator.Deploy.0 = Release|Any CPU
		{927858AB-611D-4643-9674-769F4D109ADC}.Release|x64.ActiveCfg = Release|Any CPU
		{927858AB-611D-4643-9674-769F4D109ADC}.Release|x64.Build.0 = Release|Any CPU
		{927858AB-611D-4643-9674-769F4D109ADC}.Release|x64.Deploy.0 = Release|Any CPU
		{927858AB-611D-4643-9674-769F4D109ADC}.Release|x86.ActiveCfg = Release|Any CPU
		{927858AB-611D-4643-9674-769F4D109ADC}.Release|x86.Build.0 = Release|Any CPU
		{927858AB-611D-4643-9674-769F4D109ADC}.Release|x86.Deploy.0 = Release|Any CPU
		{D8950094-42AA-4226-9477-3D68EF59B606}.Ad-Hoc|Any CPU.ActiveCfg = Ad-Hoc|iPhone
		{D8950094-42AA-4226-9477-3D68EF59B606}.Ad-Hoc|Any CPU.Build.0 = Ad-Hoc|iPhone
		{D8950094-42AA-4226-9477-3D68EF59B606}.Ad-Hoc|Any CPU.Deploy.0 = Ad-Hoc|iPhone
		{D8950094-42AA-4226-9477-3D68EF59B606}.Ad-Hoc|ARM.ActiveCfg = Ad-Hoc|iPhone
		{D8950094-42AA-4226-9477-3D68EF59B606}.Ad-Hoc|ARM.Build.0 = Ad-Hoc|iPhone
		{D8950094-42AA-4226-9477-3D68EF59B606}.Ad-Hoc|ARM.Deploy.0 = Ad-Hoc|iPhone
		{D8950094-42AA-4226-9477-3D68EF59B606}.Ad-Hoc|iPhone.ActiveCfg = Ad-Hoc|iPhone
		{D8950094-42AA-4226-9477-3D68EF59B606}.Ad-Hoc|iPhone.Build.0 = Ad-Hoc|iPhone
		{D8950094-42AA-4226-9477-3D68EF59B606}.Ad-Hoc|iPhone.Deploy.0 = Ad-Hoc|iPhone
		{D8950094-42AA-4226-9477-3D68EF59B606}.Ad-Hoc|iPhoneSimulator.ActiveCfg = Ad-Hoc|iPhoneSimulator
		{D8950094-42AA-4226-9477-3D68EF59B606}.Ad-Hoc|iPhoneSimulator.Build.0 = Ad-Hoc|iPhoneSimulator
		{D8950094-42AA-4226-9477-3D68EF59B606}.Ad-Hoc|iPhoneSimulator.Deploy.0 = Ad-Hoc|iPhoneSimulator
		{D8950094-42AA-4226-9477-3D68EF59B606}.Ad-Hoc|x64.ActiveCfg = Ad-Hoc|iPhone
		{D8950094-42AA-4226-9477-3D68EF59B606}.Ad-Hoc|x64.Build.0 = Ad-Hoc|iPhone
		{D8950094-42AA-4226-9477-3D68EF59B606}.Ad-Hoc|x64.Deploy.0 = Ad-Hoc|iPhone
		{D8950094-42AA-4226-9477-3D68EF59B606}.Ad-Hoc|x86.ActiveCfg = Ad-Hoc|iPhone
		{D8950094-42AA-4226-9477-3D68EF59B606}.Ad-Hoc|x86.Build.0 = Ad-Hoc|iPhone
		{D8950094-42AA-4226-9477-3D68EF59B606}.Ad-Hoc|x86.Deploy.0 = Ad-Hoc|iPhone
		{D8950094-42AA-4226-9477-3D68EF59B606}.AppStore|Any CPU.ActiveCfg = AppStore|iPhone
		{D8950094-42AA-4226-9477-3D68EF59B606}.AppStore|Any CPU.Build.0 = AppStore|iPhone
		{D8950094-42AA-4226-9477-3D68EF59B606}.AppStore|Any CPU.Deploy.0 = AppStore|iPhone
		{D8950094-42AA-4226-9477-3D68EF59B606}.AppStore|ARM.ActiveCfg = AppStore|iPhone
		{D8950094-42AA-4226-9477-3D68EF59B606}.AppStore|ARM.Build.0 = AppStore|iPhone
		{D8950094-42AA-4226-9477-3D68EF59B606}.AppStore|ARM.Deploy.0 = AppStore|iPhone
		{D8950094-42AA-4226-9477-3D68EF59B606}.AppStore|iPhone.ActiveCfg = AppStore|iPhone
		{D8950094-42AA-4226-9477-3D68EF59B606}.AppStore|iPhone.Build.0 = AppStore|iPhone
		{D8950094-42AA-4226-9477-3D68EF59B606}.AppStore|iPhone.Deploy.0 = AppStore|iPhone
		{D8950094-42AA-4226-9477-3D68EF59B606}.AppStore|iPhoneSimulator.ActiveCfg = AppStore|iPhoneSimulator
		{D8950094-42AA-4226-9477-3D68EF59B606}.AppStore|iPhoneSimulator.Build.0 = AppStore|iPhoneSimulator
		{D8950094-42AA-4226-9477-3D68EF59B606}.AppStore|iPhoneSimulator.Deploy.0 = AppStore|iPhoneSimulator
		{D8950094-42AA-4226-9477-3D68EF59B606}.AppStore|x64.ActiveCfg = AppStore|iPhone
		{D8950094-42AA-4226-9477-3D68EF59B606}.AppStore|x64.Build.0 = AppStore|iPhone
		{D8950094-42AA-4226-9477-3D68EF59B606}.AppStore|x64.Deploy.0 = AppStore|iPhone
		{D8950094-42AA-4226-9477-3D68EF59B606}.AppStore|x86.ActiveCfg = AppStore|iPhone
		{D8950094-42AA-4226-9477-3D68EF59B606}.AppStore|x86.Build.0 = AppStore|iPhone
		{D8950094-42AA-4226-9477-3D68EF59B606}.AppStore|x86.Deploy.0 = AppStore|iPhone
		{D8950094-42AA-4226-9477-3D68EF59B606}.Debug|Any CPU.ActiveCfg = Debug|iPhoneSimulator
		{D8950094-42AA-4226-9477-3D68EF59B606}.Debug|Any CPU.Build.0 = Debug|iPhoneSimulator
		{D8950094-42AA-4226-9477-3D68EF59B606}.Debug|Any CPU.Deploy.0 = Debug|iPhoneSimulator
		{D8950094-42AA-4226-9477-3D68EF59B606}.Debug|ARM.ActiveCfg = Debug|iPhone
		{D8950094-42AA-4226-9477-3D68EF59B606}.Debug|ARM.Build.0 = Debug|iPhone
		{D8950094-42AA-4226-9477-3D68EF59B606}.Debug|ARM.Deploy.0 = Debug|iPhone
		{D8950094-42AA-4226-9477-3D68EF59B606}.Debug|iPhone.ActiveCfg = Debug|iPhone
		{D8950094-42AA-4226-9477-3D68EF59B606}.Debug|iPhone.Build.0 = Debug|iPhone
		{D8950094-42AA-4226-9477-3D68EF59B606}.Debug|iPhone.Deploy.0 = Debug|iPhone
		{D8950094-42AA-4226-9477-3D68EF59B606}.Debug|iPhoneSimulator.ActiveCfg = Debug|iPhoneSimulator
		{D8950094-42AA-4226-9477-3D68EF59B606}.Debug|iPhoneSimulator.Build.0 = Debug|iPhoneSimulator
		{D8950094-42AA-4226-9477-3D68EF59B606}.Debug|iPhoneSimulator.Deploy.0 = Debug|iPhoneSimulator
		{D8950094-42AA-4226-9477-3D68EF59B606}.Debug|x64.ActiveCfg = Debug|iPhone
		{D8950094-42AA-4226-9477-3D68EF59B606}.Debug|x64.Build.0 = Debug|iPhone
		{D8950094-42AA-4226-9477-3D68EF59B606}.Debug|x64.Deploy.0 = Debug|iPhone
		{D8950094-42AA-4226-9477-3D68EF59B606}.Debug|x86.ActiveCfg = Debug|iPhone
		{D8950094-42AA-4226-9477-3D68EF59B606}.Debug|x86.Build.0 = Debug|iPhone
		{D8950094-42AA-4226-9477-3D68EF59B606}.Debug|x86.Deploy.0 = Debug|iPhone
		{D8950094-42AA-4226-9477-3D68EF59B606}.Release|Any CPU.ActiveCfg = Release|iPhone
		{D8950094-42AA-4226-9477-3D68EF59B606}.Release|Any CPU.Build.0 = Release|iPhone
		{D8950094-42AA-4226-9477-3D68EF59B606}.Release|Any CPU.Deploy.0 = Release|iPhone
		{D8950094-42AA-4226-9477-3D68EF59B606}.Release|ARM.ActiveCfg = Release|iPhone
		{D8950094-42AA-4226-9477-3D68EF59B606}.Release|ARM.Build.0 = Release|iPhone
		{D8950094-42AA-4226-9477-3D68EF59B606}.Release|ARM.Deploy.0 = Release|iPhone
		{D8950094-42AA-4226-9477-3D68EF59B606}.Release|iPhone.ActiveCfg = Release|iPhone
		{D8950094-42AA-4226-9477-3D68EF59B606}.Release|iPhone.Build.0 = Release|iPhone
		{D8950094-42AA-4226-9477-3D68EF59B606}.Release|iPhone.Deploy.0 = Release|iPhone
		{D8950094-42AA-4226-9477-3D68EF59B606}.Release|iPhoneSimulator.ActiveCfg = Release|iPhoneSimulator
		{D8950094-42AA-4226-9477-3D68EF59B606}.Release|iPhoneSimulator.Build.0 = Release|iPhoneSimulator
		{D8950094-42AA-4226-9477-3D68EF59B606}.Release|iPhoneSimulator.Deploy.0 = Release|iPhoneSimulator
		{D8950094-42AA-4226-9477-3D68EF59B606}.Release|x64.ActiveCfg = Release|iPhone
		{D8950094-42AA-4226-9477-3D68EF59B606}.Release|x64.Build.0 = Release|iPhone
		{D8950094-42AA-4226-9477-3D68EF59B606}.Release|x64.Deploy.0 = Release|iPhone
		{D8950094-42AA-4226-9477-3D68EF59B606}.Release|x86.ActiveCfg = Release|iPhone
		{D8950094-42AA-4226-9477-3D68EF59B606}.Release|x86.Build.0 = Release|iPhone
		{D8950094-42AA-4226-9477-3D68EF59B606}.Release|x86.Deploy.0 = Release|iPhone
		{63FEA47B-EEEC-423E-A33F-5A60E00C0AEF}.Ad-Hoc|Any CPU.ActiveCfg = Release|x86
		{63FEA47B-EEEC-423E-A33F-5A60E00C0AEF}.Ad-Hoc|Any CPU.Build.0 = Release|x86
		{63FEA47B-EEEC-423E-A33F-5A60E00C0AEF}.Ad-Hoc|Any CPU.Deploy.0 = Release|x86
		{63FEA47B-EEEC-423E-A33F-5A60E00C0AEF}.Ad-Hoc|ARM.ActiveCfg = Release|ARM
		{63FEA47B-EEEC-423E-A33F-5A60E00C0AEF}.Ad-Hoc|ARM.Build.0 = Release|ARM
		{63FEA47B-EEEC-423E-A33F-5A60E00C0AEF}.Ad-Hoc|ARM.Deploy.0 = Release|ARM
		{63FEA47B-EEEC-423E-A33F-5A60E00C0AEF}.Ad-Hoc|iPhone.ActiveCfg = Release|x86
		{63FEA47B-EEEC-423E-A33F-5A60E00C0AEF}.Ad-Hoc|iPhone.Build.0 = Release|x86
		{63FEA47B-EEEC-423E-A33F-5A60E00C0AEF}.Ad-Hoc|iPhone.Deploy.0 = Release|x86
		{63FEA47B-EEEC-423E-A33F-5A60E00C0AEF}.Ad-Hoc|iPhoneSimulator.ActiveCfg = Release|x86
		{63FEA47B-EEEC-423E-A33F-5A60E00C0AEF}.Ad-Hoc|iPhoneSimulator.Build.0 = Release|x86
		{63FEA47B-EEEC-423E-A33F-5A60E00C0AEF}.Ad-Hoc|iPhoneSimulator.Deploy.0 = Release|x86
		{63FEA47B-EEEC-423E-A33F-5A60E00C0AEF}.Ad-Hoc|x64.ActiveCfg = Release|x64
		{63FEA47B-EEEC-423E-A33F-5A60E00C0AEF}.Ad-Hoc|x64.Build.0 = Release|x64
		{63FEA47B-EEEC-423E-A33F-5A60E00C0AEF}.Ad-Hoc|x64.Deploy.0 = Release|x64
		{63FEA47B-EEEC-423E-A33F-5A60E00C0AEF}.Ad-Hoc|x86.ActiveCfg = Release|x86
		{63FEA47B-EEEC-423E-A33F-5A60E00C0AEF}.Ad-Hoc|x86.Build.0 = Release|x86
		{63FEA47B-EEEC-423E-A33F-5A60E00C0AEF}.Ad-Hoc|x86.Deploy.0 = Release|x86
		{63FEA47B-EEEC-423E-A33F-5A60E00C0AEF}.AppStore|Any CPU.ActiveCfg = Release|x86
		{63FEA47B-EEEC-423E-A33F-5A60E00C0AEF}.AppStore|Any CPU.Build.0 = Release|x86
		{63FEA47B-EEEC-423E-A33F-5A60E00C0AEF}.AppStore|Any CPU.Deploy.0 = Release|x86
		{63FEA47B-EEEC-423E-A33F-5A60E00C0AEF}.AppStore|ARM.ActiveCfg = Release|ARM
		{63FEA47B-EEEC-423E-A33F-5A60E00C0AEF}.AppStore|ARM.Build.0 = Release|ARM
		{63FEA47B-EEEC-423E-A33F-5A60E00C0AEF}.AppStore|ARM.Deploy.0 = Release|ARM
		{63FEA47B-EEEC-423E-A33F-5A60E00C0AEF}.AppStore|iPhone.ActiveCfg = Release|x86
		{63FEA47B-EEEC-423E-A33F-5A60E00C0AEF}.AppStore|iPhone.Build.0 = Release|x86
		{63FEA47B-EEEC-423E-A33F-5A60E00C0AEF}.AppStore|iPhone.Deploy.0 = Release|x86
		{63FEA47B-EEEC-423E-A33F-5A60E00C0AEF}.AppStore|iPhoneSimulator.ActiveCfg = Release|x86
		{63FEA47B-EEEC-423E-A33F-5A60E00C0AEF}.AppStore|iPhoneSimulator.Build.0 = Release|x86
		{63FEA47B-EEEC-423E-A33F-5A60E00C0AEF}.AppStore|iPhoneSimulator.Deploy.0 = Release|x86
		{63FEA47B-EEEC-423E-A33F-5A60E00C0AEF}.AppStore|x64.ActiveCfg = Release|x64
		{63FEA47B-EEEC-423E-A33F-5A60E00C0AEF}.AppStore|x64.Build.0 = Release|x64
		{63FEA47B-EEEC-423E-A33F-5A60E00C0AEF}.AppStore|x64.Deploy.0 = Release|x64
		{63FEA47B-EEEC-423E-A33F-5A60E00C0AEF}.AppStore|x86.ActiveCfg = Release|x86
		{63FEA47B-EEEC-423E-A33F-5A60E00C0AEF}.AppStore|x86.Build.0 = Release|x86
		{63FEA47B-EEEC-423E-A33F-5A60E00C0AEF}.AppStore|x86.Deploy.0 = Release|x86
		{63FEA47B-EEEC-423E-A33F-5A60E00C0AEF}.Debug|Any CPU.ActiveCfg = Debug|x86
		{63FEA47B-EEEC-423E-A33F-5A60E00C0AEF}.Debug|Any CPU.Build.0 = Debug|x86
		{63FEA47B-EEEC-423E-A33F-5A60E00C0AEF}.Debug|Any CPU.Deploy.0 = Debug|x86
		{63FEA47B-EEEC-423E-A33F-5A60E00C0AEF}.Debug|ARM.ActiveCfg = Debug|ARM
		{63FEA47B-EEEC-423E-A33F-5A60E00C0AEF}.Debug|ARM.Build.0 = Debug|ARM
		{63FEA47B-EEEC-423E-A33F-5A60E00C0AEF}.Debug|ARM.Deploy.0 = Debug|ARM
		{63FEA47B-EEEC-423E-A33F-5A60E00C0AEF}.Debug|iPhone.ActiveCfg = Debug|x86
		{63FEA47B-EEEC-423E-A33F-5A60E00C0AEF}.Debug|iPhone.Build.0 = Debug|x86
		{63FEA47B-EEEC-423E-A33F-5A60E00C0AEF}.Debug|iPhone.Deploy.0 = Debug|x86
		{63FEA47B-EEEC-423E-A33F-5A60E00C0AEF}.Debug|iPhoneSimulator.ActiveCfg = Debug|x86
		{63FEA47B-EEEC-423E-A33F-5A60E00C0AEF}.Debug|iPhoneSimulator.Build.0 = Debug|x86
		{63FEA47B-EEEC-423E-A33F-5A60E00C0AEF}.Debug|iPhoneSimulator.Deploy.0 = Debug|x86
		{63FEA47B-EEEC-423E-A33F-5A60E00C0AEF}.Debug|x64.ActiveCfg = Debug|x64
		{63FEA47B-EEEC-423E-A33F-5A60E00C0AEF}.Debug|x64.Build.0 = Debug|x64
		{63FEA47B-EEEC-423E-A33F-5A60E00C0AEF}.Debug|x64.Deploy.0 = Debug|x64
		{63FEA47B-EEEC-423E-A33F-5A60E00C0AEF}.Debug|x86.ActiveCfg = Debug|x86
		{63FEA47B-EEEC-423E-A33F-5A60E00C0AEF}.Debug|x86.Build.0 = Debug|x86
		{63FEA47B-EEEC-423E-A33F-5A60E00C0AEF}.Debug|x86.Deploy.0 = Debug|x86
		{63FEA47B-EEEC-423E-A33F-5A60E00C0AEF}.Release|Any CPU.ActiveCfg = Release|x86
		{63FEA47B-EEEC-423E-A33F-5A60E00C0AEF}.Release|Any CPU.Build.0 = Release|x86
		{63FEA47B-EEEC-423E-A33F-5A60E00C0AEF}.Release|Any CPU.Deploy.0 = Release|x86
		{63FEA47B-EEEC-423E-A33F-5A60E00C0AEF}.Release|ARM.ActiveCfg = Release|ARM
		{63FEA47B-EEEC-423E-A33F-5A60E00C0AEF}.Release|ARM.Build.0 = Release|ARM
		{63FEA47B-EEEC-423E-A33F-5A60E00C0AEF}.Release|ARM.Deploy.0 = Release|ARM
		{63FEA47B-EEEC-423E-A33F-5A60E00C0AEF}.Release|iPhone.ActiveCfg = Release|x86
		{63FEA47B-EEEC-423E-A33F-5A60E00C0AEF}.Release|iPhone.Build.0 = Release|x86
		{63FEA47B-EEEC-423E-A33F-5A60E00C0AEF}.Release|iPhone.Deploy.0 = Release|x86
		{63FEA47B-EEEC-423E-A33F-5A60E00C0AEF}.Release|iPhoneSimulator.ActiveCfg = Release|x86
		{63FEA47B-EEEC-423E-A33F-5A60E00C0AEF}.Release|iPhoneSimulator.Build.0 = Release|x86
		{63FEA47B-EEEC-423E-A33F-5A60E00C0AEF}.Release|iPhoneSimulator.Deploy.0 = Release|x86
		{63FEA47B-EEEC-423E-A33F-5A60E00C0AEF}.Release|x64.ActiveCfg = Release|x64
		{63FEA47B-EEEC-423E-A33F-5A60E00C0AEF}.Release|x64.Build.0 = Release|x64
		{63FEA47B-EEEC-423E-A33F-5A60E00C0AEF}.Release|x64.Deploy.0 = Release|x64
		{63FEA47B-EEEC-423E-A33F-5A60E00C0AEF}.Release|x86.ActiveCfg = Release|x86
		{63FEA47B-EEEC-423E-A33F-5A60E00C0AEF}.Release|x86.Build.0 = Release|x86
		{63FEA47B-EEEC-423E-A33F-5A60E00C0AEF}.Release|x86.Deploy.0 = Release|x86
		{4FCA5D8E-487C-4D46-A84D-8D79D32FB8FA}.Ad-Hoc|Any CPU.ActiveCfg = Debug|Any CPU
		{4FCA5D8E-487C-4D46-A84D-8D79D32FB8FA}.Ad-Hoc|Any CPU.Build.0 = Debug|Any CPU
		{4FCA5D8E-487C-4D46-A84D-8D79D32FB8FA}.Ad-Hoc|Any CPU.Deploy.0 = Debug|Any CPU
		{4FCA5D8E-487C-4D46-A84D-8D79D32FB8FA}.Ad-Hoc|ARM.ActiveCfg = Debug|Any CPU
		{4FCA5D8E-487C-4D46-A84D-8D79D32FB8FA}.Ad-Hoc|ARM.Build.0 = Debug|Any CPU
		{4FCA5D8E-487C-4D46-A84D-8D79D32FB8FA}.Ad-Hoc|ARM.Deploy.0 = Debug|Any CPU
		{4FCA5D8E-487C-4D46-A84D-8D79D32FB8FA}.Ad-Hoc|iPhone.ActiveCfg = Debug|Any CPU
		{4FCA5D8E-487C-4D46-A84D-8D79D32FB8FA}.Ad-Hoc|iPhone.Build.0 = Debug|Any CPU
		{4FCA5D8E-487C-4D46-A84D-8D79D32FB8FA}.Ad-Hoc|iPhone.Deploy.0 = Debug|Any CPU
		{4FCA5D8E-487C-4D46-A84D-8D79D32FB8FA}.Ad-Hoc|iPhoneSimulator.ActiveCfg = Debug|Any CPU
		{4FCA5D8E-487C-4D46-A84D-8D79D32FB8FA}.Ad-Hoc|iPhoneSimulator.Build.0 = Debug|Any CPU
		{4FCA5D8E-487C-4D46-A84D-8D79D32FB8FA}.Ad-Hoc|iPhoneSimulator.Deploy.0 = Debug|Any CPU
		{4FCA5D8E-487C-4D46-A84D-8D79D32FB8FA}.Ad-Hoc|x64.ActiveCfg = Debug|Any CPU
		{4FCA5D8E-487C-4D46-A84D-8D79D32FB8FA}.Ad-Hoc|x64.Build.0 = Debug|Any CPU
		{4FCA5D8E-487C-4D46-A84D-8D79D32FB8FA}.Ad-Hoc|x64.Deploy.0 = Debug|Any CPU
		{4FCA5D8E-487C-4D46-A84D-8D79D32FB8FA}.Ad-Hoc|x86.ActiveCfg = Debug|Any CPU
		{4FCA5D8E-487C-4D46-A84D-8D79D32FB8FA}.Ad-Hoc|x86.Build.0 = Debug|Any CPU
		{4FCA5D8E-487C-4D46-A84D-8D79D32FB8FA}.Ad-Hoc|x86.Deploy.0 = Debug|Any CPU
		{4FCA5D8E-487C-4D46-A84D-8D79D32FB8FA}.AppStore|Any CPU.ActiveCfg = Debug|Any CPU
		{4FCA5D8E-487C-4D46-A84D-8D79D32FB8FA}.AppStore|Any CPU.Build.0 = Debug|Any CPU
		{4FCA5D8E-487C-4D46-A84D-8D79D32FB8FA}.AppStore|Any CPU.Deploy.0 = Debug|Any CPU
		{4FCA5D8E-487C-4D46-A84D-8D79D32FB8FA}.AppStore|ARM.ActiveCfg = Debug|Any CPU
		{4FCA5D8E-487C-4D46-A84D-8D79D32FB8FA}.AppStore|ARM.Build.0 = Debug|Any CPU
		{4FCA5D8E-487C-4D46-A84D-8D79D32FB8FA}.AppStore|ARM.Deploy.0 = Debug|Any CPU
		{4FCA5D8E-487C-4D46-A84D-8D79D32FB8FA}.AppStore|iPhone.ActiveCfg = Debug|Any CPU
		{4FCA5D8E-487C-4D46-A84D-8D79D32FB8FA}.AppStore|iPhone.Build.0 = Debug|Any CPU
		{4FCA5D8E-487C-4D46-A84D-8D79D32FB8FA}.AppStore|iPhone.Deploy.0 = Debug|Any CPU
		{4FCA5D8E-487C-4D46-A84D-8D79D32FB8FA}.AppStore|iPhoneSimulator.ActiveCfg = Debug|Any CPU
		{4FCA5D8E-487C-4D46-A84D-8D79D32FB8FA}.AppStore|iPhoneSimulator.Build.0 = Debug|Any CPU
		{4FCA5D8E-487C-4D46-A84D-8D79D32FB8FA}.AppStore|iPhoneSimulator.Deploy.0 = Debug|Any CPU
		{4FCA5D8E-487C-4D46-A84D-8D79D32FB8FA}.AppStore|x64.ActiveCfg = Debug|Any CPU
		{4FCA5D8E-487C-4D46-A84D-8D79D32FB8FA}.AppStore|x64.Build.0 = Debug|Any CPU
		{4FCA5D8E-487C-4D46-A84D-8D79D32FB8FA}.AppStore|x64.Deploy.0 = Debug|Any CPU
		{4FCA5D8E-487C-4D46-A84D-8D79D32FB8FA}.AppStore|x86.ActiveCfg = Debug|Any CPU
		{4FCA5D8E-487C-4D46-A84D-8D79D32FB8FA}.AppStore|x86.Build.0 = Debug|Any CPU
		{4FCA5D8E-487C-4D46-A84D-8D79D32FB8FA}.AppStore|x86.Deploy.0 = Debug|Any CPU
		{4FCA5D8E-487C-4D46-A84D-8D79D32FB8FA}.Debug|Any CPU.ActiveCfg = Debug|Any CPU
		{4FCA5D8E-487C-4D46-A84D-8D79D32FB8FA}.Debug|Any CPU.Build.0 = Debug|Any CPU
		{4FCA5D8E-487C-4D46-A84D-8D79D32FB8FA}.Debug|Any CPU.Deploy.0 = Debug|Any CPU
		{4FCA5D8E-487C-4D46-A84D-8D79D32FB8FA}.Debug|ARM.ActiveCfg = Debug|Any CPU
		{4FCA5D8E-487C-4D46-A84D-8D79D32FB8FA}.Debug|ARM.Build.0 = Debug|Any CPU
		{4FCA5D8E-487C-4D46-A84D-8D79D32FB8FA}.Debug|ARM.Deploy.0 = Debug|Any CPU
		{4FCA5D8E-487C-4D46-A84D-8D79D32FB8FA}.Debug|iPhone.ActiveCfg = Debug|Any CPU
		{4FCA5D8E-487C-4D46-A84D-8D79D32FB8FA}.Debug|iPhone.Build.0 = Debug|Any CPU
		{4FCA5D8E-487C-4D46-A84D-8D79D32FB8FA}.Debug|iPhone.Deploy.0 = Debug|Any CPU
		{4FCA5D8E-487C-4D46-A84D-8D79D32FB8FA}.Debug|iPhoneSimulator.ActiveCfg = Debug|Any CPU
		{4FCA5D8E-487C-4D46-A84D-8D79D32FB8FA}.Debug|iPhoneSimulator.Build.0 = Debug|Any CPU
		{4FCA5D8E-487C-4D46-A84D-8D79D32FB8FA}.Debug|iPhoneSimulator.Deploy.0 = Debug|Any CPU
		{4FCA5D8E-487C-4D46-A84D-8D79D32FB8FA}.Debug|x64.ActiveCfg = Debug|Any CPU
		{4FCA5D8E-487C-4D46-A84D-8D79D32FB8FA}.Debug|x64.Build.0 = Debug|Any CPU
		{4FCA5D8E-487C-4D46-A84D-8D79D32FB8FA}.Debug|x64.Deploy.0 = Debug|Any CPU
		{4FCA5D8E-487C-4D46-A84D-8D79D32FB8FA}.Debug|x86.ActiveCfg = Debug|Any CPU
		{4FCA5D8E-487C-4D46-A84D-8D79D32FB8FA}.Debug|x86.Build.0 = Debug|Any CPU
		{4FCA5D8E-487C-4D46-A84D-8D79D32FB8FA}.Debug|x86.Deploy.0 = Debug|Any CPU
		{4FCA5D8E-487C-4D46-A84D-8D79D32FB8FA}.Release|Any CPU.ActiveCfg = Release|Any CPU
		{4FCA5D8E-487C-4D46-A84D-8D79D32FB8FA}.Release|Any CPU.Build.0 = Release|Any CPU
		{4FCA5D8E-487C-4D46-A84D-8D79D32FB8FA}.Release|Any CPU.Deploy.0 = Release|Any CPU
		{4FCA5D8E-487C-4D46-A84D-8D79D32FB8FA}.Release|ARM.ActiveCfg = Release|Any CPU
		{4FCA5D8E-487C-4D46-A84D-8D79D32FB8FA}.Release|ARM.Build.0 = Release|Any CPU
		{4FCA5D8E-487C-4D46-A84D-8D79D32FB8FA}.Release|ARM.Deploy.0 = Release|Any CPU
		{4FCA5D8E-487C-4D46-A84D-8D79D32FB8FA}.Release|iPhone.ActiveCfg = Release|Any CPU
		{4FCA5D8E-487C-4D46-A84D-8D79D32FB8FA}.Release|iPhone.Build.0 = Release|Any CPU
		{4FCA5D8E-487C-4D46-A84D-8D79D32FB8FA}.Release|iPhone.Deploy.0 = Release|Any CPU
		{4FCA5D8E-487C-4D46-A84D-8D79D32FB8FA}.Release|iPhoneSimulator.ActiveCfg = Release|Any CPU
		{4FCA5D8E-487C-4D46-A84D-8D79D32FB8FA}.Release|iPhoneSimulator.Build.0 = Release|Any CPU
		{4FCA5D8E-487C-4D46-A84D-8D79D32FB8FA}.Release|iPhoneSimulator.Deploy.0 = Release|Any CPU
		{4FCA5D8E-487C-4D46-A84D-8D79D32FB8FA}.Release|x64.ActiveCfg = Release|Any CPU
		{4FCA5D8E-487C-4D46-A84D-8D79D32FB8FA}.Release|x64.Build.0 = Release|Any CPU
		{4FCA5D8E-487C-4D46-A84D-8D79D32FB8FA}.Release|x64.Deploy.0 = Release|Any CPU
		{4FCA5D8E-487C-4D46-A84D-8D79D32FB8FA}.Release|x86.ActiveCfg = Release|Any CPU
		{4FCA5D8E-487C-4D46-A84D-8D79D32FB8FA}.Release|x86.Build.0 = Release|Any CPU
		{4FCA5D8E-487C-4D46-A84D-8D79D32FB8FA}.Release|x86.Deploy.0 = Release|Any CPU
	EndGlobalSection
	GlobalSection(SolutionProperties) = preSolution
		HideSolutionNode = FALSE
	EndGlobalSection
	GlobalSection(ExtensibilityGlobals) = postSolution
		SolutionGuid = {B45548D0-7291-4E33-9EEB-661DC908CD9D}
	EndGlobalSection
EndGlobal
