
Microsoft Visual Studio Solution File, Format Version 12.00
# Visual Studio 15
VisualStudioVersion = 15.0.27703.2000
MinimumVisualStudioVersion = 10.0.40219.1
Project("{FAE04EC0-301F-11D3-BF4B-00C04F79EFBC}") = "App03.Android", "App03\App03.Android\App03.Android.csproj", "{56E4B84F-609B-4D0A-B0BA-7D8774B78BAF}"
EndProject
Project("{FAE04EC0-301F-11D3-BF4B-00C04F79EFBC}") = "App03.iOS", "App03\App03.iOS\App03.iOS.csproj", "{C1D30AB0-FFBC-4C40-9020-83BE1269CF7D}"
EndProject
Project("{FAE04EC0-301F-11D3-BF4B-00C04F79EFBC}") = "App03.UWP", "App03\App03.UWP\App03.UWP.csproj", "{EF894E3E-A2E5-4C39-AD98-BF488644E8CA}"
EndProject
Project("{D954291E-2A0B-460D-934E-DC6B0785DB48}") = "App03", "App03\App03\App03.shproj", "{47C03729-E1AB-4127-BB82-C32779A7BB74}"
EndProject
Global
	GlobalSection(SharedMSBuildProjectFiles) = preSolution
		App03\App03\App03.projitems*{47c03729-e1ab-4127-bb82-c32779a7bb74}*SharedItemsImports = 13
		App03\App03\App03.projitems*{56e4b84f-609b-4d0a-b0ba-7d8774b78baf}*SharedItemsImports = 4
		App03\App03\App03.projitems*{c1d30ab0-ffbc-4c40-9020-83be1269cf7d}*SharedItemsImports = 4
		App03\App03\App03.projitems*{ef894e3e-a2e5-4c39-ad98-bf488644e8ca}*SharedItemsImports = 4
	EndGlobalSection
	GlobalSection(SolutionConfigurationPlatforms) = preSolution
		Ad-Hoc|Any CPU = Ad-Hoc|Any CPU
		Ad-Hoc|ARM = Ad-Hoc|ARM
		Ad-Hoc|iPhone = Ad-Hoc|iPhone
		Ad-Hoc|iPhoneSimulator = Ad-Hoc|iPhoneSimulator
		Ad-Hoc|x64 = Ad-Hoc|x64
		Ad-Hoc|x86 = Ad-Hoc|x86
		AppStore|Any CPU = AppStore|Any CPU
		AppStore|ARM = AppStore|ARM
		AppStore|iPhone = AppStore|iPhone
		AppStore|iPhoneSimulator = AppStore|iPhoneSimulator
		AppStore|x64 = AppStore|x64
		AppStore|x86 = AppStore|x86
		Debug|Any CPU = Debug|Any CPU
		Debug|ARM = Debug|ARM
		Debug|iPhone = Debug|iPhone
		Debug|iPhoneSimulator = Debug|iPhoneSimulator
		Debug|x64 = Debug|x64
		Debug|x86 = Debug|x86
		Release|Any CPU = Release|Any CPU
		Release|ARM = Release|ARM
		Release|iPhone = Release|iPhone
		Release|iPhoneSimulator = Release|iPhoneSimulator
		Release|x64 = Release|x64
		Release|x86 = Release|x86
	EndGlobalSection
	GlobalSection(ProjectConfigurationPlatforms) = postSolution
		{56E4B84F-609B-4D0A-B0BA-7D8774B78BAF}.Ad-Hoc|Any CPU.ActiveCfg = Release|Any CPU
		{56E4B84F-609B-4D0A-B0BA-7D8774B78BAF}.Ad-Hoc|Any CPU.Build.0 = Release|Any CPU
		{56E4B84F-609B-4D0A-B0BA-7D8774B78BAF}.Ad-Hoc|Any CPU.Deploy.0 = Release|Any CPU
		{56E4B84F-609B-4D0A-B0BA-7D8774B78BAF}.Ad-Hoc|ARM.ActiveCfg = Release|Any CPU
		{56E4B84F-609B-4D0A-B0BA-7D8774B78BAF}.Ad-Hoc|ARM.Build.0 = Release|Any CPU
		{56E4B84F-609B-4D0A-B0BA-7D8774B78BAF}.Ad-Hoc|ARM.Deploy.0 = Release|Any CPU
		{56E4B84F-609B-4D0A-B0BA-7D8774B78BAF}.Ad-Hoc|iPhone.ActiveCfg = Release|Any CPU
		{56E4B84F-609B-4D0A-B0BA-7D8774B78BAF}.Ad-Hoc|iPhone.Build.0 = Release|Any CPU
		{56E4B84F-609B-4D0A-B0BA-7D8774B78BAF}.Ad-Hoc|iPhone.Deploy.0 = Release|Any CPU
		{56E4B84F-609B-4D0A-B0BA-7D8774B78BAF}.Ad-Hoc|iPhoneSimulator.ActiveCfg = Release|Any CPU
		{56E4B84F-609B-4D0A-B0BA-7D8774B78BAF}.Ad-Hoc|iPhoneSimulator.Build.0 = Release|Any CPU
		{56E4B84F-609B-4D0A-B0BA-7D8774B78BAF}.Ad-Hoc|iPhoneSimulator.Deploy.0 = Release|Any CPU
		{56E4B84F-609B-4D0A-B0BA-7D8774B78BAF}.Ad-Hoc|x64.ActiveCfg = Release|Any CPU
		{56E4B84F-609B-4D0A-B0BA-7D8774B78BAF}.Ad-Hoc|x64.Build.0 = Release|Any CPU
		{56E4B84F-609B-4D0A-B0BA-7D8774B78BAF}.Ad-Hoc|x64.Deploy.0 = Release|Any CPU
		{56E4B84F-609B-4D0A-B0BA-7D8774B78BAF}.Ad-Hoc|x86.ActiveCfg = Release|Any CPU
		{56E4B84F-609B-4D0A-B0BA-7D8774B78BAF}.Ad-Hoc|x86.Build.0 = Release|Any CPU
		{56E4B84F-609B-4D0A-B0BA-7D8774B78BAF}.Ad-Hoc|x86.Deploy.0 = Release|Any CPU
		{56E4B84F-609B-4D0A-B0BA-7D8774B78BAF}.AppStore|Any CPU.ActiveCfg = Release|Any CPU
		{56E4B84F-609B-4D0A-B0BA-7D8774B78BAF}.AppStore|Any CPU.Build.0 = Release|Any CPU
		{56E4B84F-609B-4D0A-B0BA-7D8774B78BAF}.AppStore|Any CPU.Deploy.0 = Release|Any CPU
		{56E4B84F-609B-4D0A-B0BA-7D8774B78BAF}.AppStore|ARM.ActiveCfg = Release|Any CPU
		{56E4B84F-609B-4D0A-B0BA-7D8774B78BAF}.AppStore|ARM.Build.0 = Release|Any CPU
		{56E4B84F-609B-4D0A-B0BA-7D8774B78BAF}.AppStore|ARM.Deploy.0 = Release|Any CPU
		{56E4B84F-609B-4D0A-B0BA-7D8774B78BAF}.AppStore|iPhone.ActiveCfg = Release|Any CPU
		{56E4B84F-609B-4D0A-B0BA-7D8774B78BAF}.AppStore|iPhone.Build.0 = Release|Any CPU
		{56E4B84F-609B-4D0A-B0BA-7D8774B78BAF}.AppStore|iPhone.Deploy.0 = Release|Any CPU
		{56E4B84F-609B-4D0A-B0BA-7D8774B78BAF}.AppStore|iPhoneSimulator.ActiveCfg = Release|Any CPU
		{56E4B84F-609B-4D0A-B0BA-7D8774B78BAF}.AppStore|iPhoneSimulator.Build.0 = Release|Any CPU
		{56E4B84F-609B-4D0A-B0BA-7D8774B78BAF}.AppStore|iPhoneSimulator.Deploy.0 = Release|Any CPU
		{56E4B84F-609B-4D0A-B0BA-7D8774B78BAF}.AppStore|x64.ActiveCfg = Release|Any CPU
		{56E4B84F-609B-4D0A-B0BA-7D8774B78BAF}.AppStore|x64.Build.0 = Release|Any CPU
		{56E4B84F-609B-4D0A-B0BA-7D8774B78BAF}.AppStore|x64.Deploy.0 = Release|Any CPU
		{56E4B84F-609B-4D0A-B0BA-7D8774B78BAF}.AppStore|x86.ActiveCfg = Release|Any CPU
		{56E4B84F-609B-4D0A-B0BA-7D8774B78BAF}.AppStore|x86.Build.0 = Release|Any CPU
		{56E4B84F-609B-4D0A-B0BA-7D8774B78BAF}.AppStore|x86.Deploy.0 = Release|Any CPU
		{56E4B84F-609B-4D0A-B0BA-7D8774B78BAF}.Debug|Any CPU.ActiveCfg = Debug|Any CPU
		{56E4B84F-609B-4D0A-B0BA-7D8774B78BAF}.Debug|Any CPU.Build.0 = Debug|Any CPU
		{56E4B84F-609B-4D0A-B0BA-7D8774B78BAF}.Debug|Any CPU.Deploy.0 = Debug|Any CPU
		{56E4B84F-609B-4D0A-B0BA-7D8774B78BAF}.Debug|ARM.ActiveCfg = Debug|Any CPU
		{56E4B84F-609B-4D0A-B0BA-7D8774B78BAF}.Debug|ARM.Build.0 = Debug|Any CPU
		{56E4B84F-609B-4D0A-B0BA-7D8774B78BAF}.Debug|ARM.Deploy.0 = Debug|Any CPU
		{56E4B84F-609B-4D0A-B0BA-7D8774B78BAF}.Debug|iPhone.ActiveCfg = Debug|Any CPU
		{56E4B84F-609B-4D0A-B0BA-7D8774B78BAF}.Debug|iPhone.Build.0 = Debug|Any CPU
		{56E4B84F-609B-4D0A-B0BA-7D8774B78BAF}.Debug|iPhone.Deploy.0 = Debug|Any CPU
		{56E4B84F-609B-4D0A-B0BA-7D8774B78BAF}.Debug|iPhoneSimulator.ActiveCfg = Debug|Any CPU
		{56E4B84F-609B-4D0A-B0BA-7D8774B78BAF}.Debug|iPhoneSimulator.Build.0 = Debug|Any CPU
		{56E4B84F-609B-4D0A-B0BA-7D8774B78BAF}.Debug|iPhoneSimulator.Deploy.0 = Debug|Any CPU
		{56E4B84F-609B-4D0A-B0BA-7D8774B78BAF}.Debug|x64.ActiveCfg = Debug|Any CPU
		{56E4B84F-609B-4D0A-B0BA-7D8774B78BAF}.Debug|x64.Build.0 = Debug|Any CPU
		{56E4B84F-609B-4D0A-B0BA-7D8774B78BAF}.Debug|x64.Deploy.0 = Debug|Any CPU
		{56E4B84F-609B-4D0A-B0BA-7D8774B78BAF}.Debug|x86.ActiveCfg = Debug|Any CPU
		{56E4B84F-609B-4D0A-B0BA-7D8774B78BAF}.Debug|x86.Build.0 = Debug|Any CPU
		{56E4B84F-609B-4D0A-B0BA-7D8774B78BAF}.Debug|x86.Deploy.0 = Debug|Any CPU
		{56E4B84F-609B-4D0A-B0BA-7D8774B78BAF}.Release|Any CPU.ActiveCfg = Release|Any CPU
		{56E4B84F-609B-4D0A-B0BA-7D8774B78BAF}.Release|Any CPU.Build.0 = Release|Any CPU
		{56E4B84F-609B-4D0A-B0BA-7D8774B78BAF}.Release|Any CPU.Deploy.0 = Release|Any CPU
		{56E4B84F-609B-4D0A-B0BA-7D8774B78BAF}.Release|ARM.ActiveCfg = Release|Any CPU
		{56E4B84F-609B-4D0A-B0BA-7D8774B78BAF}.Release|ARM.Build.0 = Release|Any CPU
		{56E4B84F-609B-4D0A-B0BA-7D8774B78BAF}.Release|ARM.Deploy.0 = Release|Any CPU
		{56E4B84F-609B-4D0A-B0BA-7D8774B78BAF}.Release|iPhone.ActiveCfg = Release|Any CPU
		{56E4B84F-609B-4D0A-B0BA-7D8774B78BAF}.Release|iPhone.Build.0 = Release|Any CPU
		{56E4B84F-609B-4D0A-B0BA-7D8774B78BAF}.Release|iPhone.Deploy.0 = Release|Any CPU
		{56E4B84F-609B-4D0A-B0BA-7D8774B78BAF}.Release|iPhoneSimulator.ActiveCfg = Release|Any CPU
		{56E4B84F-609B-4D0A-B0BA-7D8774B78BAF}.Release|iPhoneSimulator.Build.0 = Release|Any CPU
		{56E4B84F-609B-4D0A-B0BA-7D8774B78BAF}.Release|iPhoneSimulator.Deploy.0 = Release|Any CPU
		{56E4B84F-609B-4D0A-B0BA-7D8774B78BAF}.Release|x64.ActiveCfg = Release|Any CPU
		{56E4B84F-609B-4D0A-B0BA-7D8774B78BAF}.Release|x64.Build.0 = Release|Any CPU
		{56E4B84F-609B-4D0A-B0BA-7D8774B78BAF}.Release|x64.Deploy.0 = Release|Any CPU
		{56E4B84F-609B-4D0A-B0BA-7D8774B78BAF}.Release|x86.ActiveCfg = Release|Any CPU
		{56E4B84F-609B-4D0A-B0BA-7D8774B78BAF}.Release|x86.Build.0 = Release|Any CPU
		{56E4B84F-609B-4D0A-B0BA-7D8774B78BAF}.Release|x86.Deploy.0 = Release|Any CPU
		{C1D30AB0-FFBC-4C40-9020-83BE1269CF7D}.Ad-Hoc|Any CPU.ActiveCfg = Ad-Hoc|iPhone
		{C1D30AB0-FFBC-4C40-9020-83BE1269CF7D}.Ad-Hoc|Any CPU.Build.0 = Ad-Hoc|iPhone
		{C1D30AB0-FFBC-4C40-9020-83BE1269CF7D}.Ad-Hoc|Any CPU.Deploy.0 = Ad-Hoc|iPhone
		{C1D30AB0-FFBC-4C40-9020-83BE1269CF7D}.Ad-Hoc|ARM.ActiveCfg = Ad-Hoc|iPhone
		{C1D30AB0-FFBC-4C40-9020-83BE1269CF7D}.Ad-Hoc|ARM.Build.0 = Ad-Hoc|iPhone
		{C1D30AB0-FFBC-4C40-9020-83BE1269CF7D}.Ad-Hoc|ARM.Deploy.0 = Ad-Hoc|iPhone
		{C1D30AB0-FFBC-4C40-9020-83BE1269CF7D}.Ad-Hoc|iPhone.ActiveCfg = Ad-Hoc|iPhone
		{C1D30AB0-FFBC-4C40-9020-83BE1269CF7D}.Ad-Hoc|iPhone.Build.0 = Ad-Hoc|iPhone
		{C1D30AB0-FFBC-4C40-9020-83BE1269CF7D}.Ad-Hoc|iPhone.Deploy.0 = Ad-Hoc|iPhone
		{C1D30AB0-FFBC-4C40-9020-83BE1269CF7D}.Ad-Hoc|iPhoneSimulator.ActiveCfg = Ad-Hoc|iPhoneSimulator
		{C1D30AB0-FFBC-4C40-9020-83BE1269CF7D}.Ad-Hoc|iPhoneSimulator.Build.0 = Ad-Hoc|iPhoneSimulator
		{C1D30AB0-FFBC-4C40-9020-83BE1269CF7D}.Ad-Hoc|iPhoneSimulator.Deploy.0 = Ad-Hoc|iPhoneSimulator
		{C1D30AB0-FFBC-4C40-9020-83BE1269CF7D}.Ad-Hoc|x64.ActiveCfg = Ad-Hoc|iPhone
		{C1D30AB0-FFBC-4C40-9020-83BE1269CF7D}.Ad-Hoc|x64.Build.0 = Ad-Hoc|iPhone
		{C1D30AB0-FFBC-4C40-9020-83BE1269CF7D}.Ad-Hoc|x64.Deploy.0 = Ad-Hoc|iPhone
		{C1D30AB0-FFBC-4C40-9020-83BE1269CF7D}.Ad-Hoc|x86.ActiveCfg = Ad-Hoc|iPhone
		{C1D30AB0-FFBC-4C40-9020-83BE1269CF7D}.Ad-Hoc|x86.Build.0 = Ad-Hoc|iPhone
		{C1D30AB0-FFBC-4C40-9020-83BE1269CF7D}.Ad-Hoc|x86.Deploy.0 = Ad-Hoc|iPhone
		{C1D30AB0-FFBC-4C40-9020-83BE1269CF7D}.AppStore|Any CPU.ActiveCfg = AppStore|iPhone
		{C1D30AB0-FFBC-4C40-9020-83BE1269CF7D}.AppStore|Any CPU.Build.0 = AppStore|iPhone
		{C1D30AB0-FFBC-4C40-9020-83BE1269CF7D}.AppStore|Any CPU.Deploy.0 = AppStore|iPhone
		{C1D30AB0-FFBC-4C40-9020-83BE1269CF7D}.AppStore|ARM.ActiveCfg = AppStore|iPhone
		{C1D30AB0-FFBC-4C40-9020-83BE1269CF7D}.AppStore|ARM.Build.0 = AppStore|iPhone
		{C1D30AB0-FFBC-4C40-9020-83BE1269CF7D}.AppStore|ARM.Deploy.0 = AppStore|iPhone
		{C1D30AB0-FFBC-4C40-9020-83BE1269CF7D}.AppStore|iPhone.ActiveCfg = AppStore|iPhone
		{C1D30AB0-FFBC-4C40-9020-83BE1269CF7D}.AppStore|iPhone.Build.0 = AppStore|iPhone
		{C1D30AB0-FFBC-4C40-9020-83BE1269CF7D}.AppStore|iPhone.Deploy.0 = AppStore|iPhone
		{C1D30AB0-FFBC-4C40-9020-83BE1269CF7D}.AppStore|iPhoneSimulator.ActiveCfg = AppStore|iPhoneSimulator
		{C1D30AB0-FFBC-4C40-9020-83BE1269CF7D}.AppStore|iPhoneSimulator.Build.0 = AppStore|iPhoneSimulator
		{C1D30AB0-FFBC-4C40-9020-83BE1269CF7D}.AppStore|iPhoneSimulator.Deploy.0 = AppStore|iPhoneSimulator
		{C1D30AB0-FFBC-4C40-9020-83BE1269CF7D}.AppStore|x64.ActiveCfg = AppStore|iPhone
		{C1D30AB0-FFBC-4C40-9020-83BE1269CF7D}.AppStore|x64.Build.0 = AppStore|iPhone
		{C1D30AB0-FFBC-4C40-9020-83BE1269CF7D}.AppStore|x64.Deploy.0 = AppStore|iPhone
		{C1D30AB0-FFBC-4C40-9020-83BE1269CF7D}.AppStore|x86.ActiveCfg = AppStore|iPhone
		{C1D30AB0-FFBC-4C40-9020-83BE1269CF7D}.AppStore|x86.Build.0 = AppStore|iPhone
		{C1D30AB0-FFBC-4C40-9020-83BE1269CF7D}.AppStore|x86.Deploy.0 = AppStore|iPhone
		{C1D30AB0-FFBC-4C40-9020-83BE1269CF7D}.Debug|Any CPU.ActiveCfg = Debug|iPhoneSimulator
		{C1D30AB0-FFBC-4C40-9020-83BE1269CF7D}.Debug|Any CPU.Build.0 = Debug|iPhoneSimulator
		{C1D30AB0-FFBC-4C40-9020-83BE1269CF7D}.Debug|Any CPU.Deploy.0 = Debug|iPhoneSimulator
		{C1D30AB0-FFBC-4C40-9020-83BE1269CF7D}.Debug|ARM.ActiveCfg = Debug|iPhone
		{C1D30AB0-FFBC-4C40-9020-83BE1269CF7D}.Debug|ARM.Build.0 = Debug|iPhone
		{C1D30AB0-FFBC-4C40-9020-83BE1269CF7D}.Debug|ARM.Deploy.0 = Debug|iPhone
		{C1D30AB0-FFBC-4C40-9020-83BE1269CF7D}.Debug|iPhone.ActiveCfg = Debug|iPhone
		{C1D30AB0-FFBC-4C40-9020-83BE1269CF7D}.Debug|iPhone.Build.0 = Debug|iPhone
		{C1D30AB0-FFBC-4C40-9020-83BE1269CF7D}.Debug|iPhone.Deploy.0 = Debug|iPhone
		{C1D30AB0-FFBC-4C40-9020-83BE1269CF7D}.Debug|iPhoneSimulator.ActiveCfg = Debug|iPhoneSimulator
		{C1D30AB0-FFBC-4C40-9020-83BE1269CF7D}.Debug|iPhoneSimulator.Build.0 = Debug|iPhoneSimulator
		{C1D30AB0-FFBC-4C40-9020-83BE1269CF7D}.Debug|iPhoneSimulator.Deploy.0 = Debug|iPhoneSimulator
		{C1D30AB0-FFBC-4C40-9020-83BE1269CF7D}.Debug|x64.ActiveCfg = Debug|iPhone
		{C1D30AB0-FFBC-4C40-9020-83BE1269CF7D}.Debug|x64.Build.0 = Debug|iPhone
		{C1D30AB0-FFBC-4C40-9020-83BE1269CF7D}.Debug|x64.Deploy.0 = Debug|iPhone
		{C1D30AB0-FFBC-4C40-9020-83BE1269CF7D}.Debug|x86.ActiveCfg = Debug|iPhone
		{C1D30AB0-FFBC-4C40-9020-83BE1269CF7D}.Debug|x86.Build.0 = Debug|iPhone
		{C1D30AB0-FFBC-4C40-9020-83BE1269CF7D}.Debug|x86.Deploy.0 = Debug|iPhone
		{C1D30AB0-FFBC-4C40-9020-83BE1269CF7D}.Release|Any CPU.ActiveCfg = Release|iPhone
		{C1D30AB0-FFBC-4C40-9020-83BE1269CF7D}.Release|Any CPU.Build.0 = Release|iPhone
		{C1D30AB0-FFBC-4C40-9020-83BE1269CF7D}.Release|Any CPU.Deploy.0 = Release|iPhone
		{C1D30AB0-FFBC-4C40-9020-83BE1269CF7D}.Release|ARM.ActiveCfg = Release|iPhone
		{C1D30AB0-FFBC-4C40-9020-83BE1269CF7D}.Release|ARM.Build.0 = Release|iPhone
		{C1D30AB0-FFBC-4C40-9020-83BE1269CF7D}.Release|ARM.Deploy.0 = Release|iPhone
		{C1D30AB0-FFBC-4C40-9020-83BE1269CF7D}.Release|iPhone.ActiveCfg = Release|iPhone
		{C1D30AB0-FFBC-4C40-9020-83BE1269CF7D}.Release|iPhone.Build.0 = Release|iPhone
		{C1D30AB0-FFBC-4C40-9020-83BE1269CF7D}.Release|iPhone.Deploy.0 = Release|iPhone
		{C1D30AB0-FFBC-4C40-9020-83BE1269CF7D}.Release|iPhoneSimulator.ActiveCfg = Release|iPhoneSimulator
		{C1D30AB0-FFBC-4C40-9020-83BE1269CF7D}.Release|iPhoneSimulator.Build.0 = Release|iPhoneSimulator
		{C1D30AB0-FFBC-4C40-9020-83BE1269CF7D}.Release|iPhoneSimulator.Deploy.0 = Release|iPhoneSimulator
		{C1D30AB0-FFBC-4C40-9020-83BE1269CF7D}.Release|x64.ActiveCfg = Release|iPhone
		{C1D30AB0-FFBC-4C40-9020-83BE1269CF7D}.Release|x64.Build.0 = Release|iPhone
		{C1D30AB0-FFBC-4C40-9020-83BE1269CF7D}.Release|x64.Deploy.0 = Release|iPhone
		{C1D30AB0-FFBC-4C40-9020-83BE1269CF7D}.Release|x86.ActiveCfg = Release|iPhone
		{C1D30AB0-FFBC-4C40-9020-83BE1269CF7D}.Release|x86.Build.0 = Release|iPhone
		{C1D30AB0-FFBC-4C40-9020-83BE1269CF7D}.Release|x86.Deploy.0 = Release|iPhone
		{EF894E3E-A2E5-4C39-AD98-BF488644E8CA}.Ad-Hoc|Any CPU.ActiveCfg = Release|x86
		{EF894E3E-A2E5-4C39-AD98-BF488644E8CA}.Ad-Hoc|Any CPU.Build.0 = Release|x86
		{EF894E3E-A2E5-4C39-AD98-BF488644E8CA}.Ad-Hoc|Any CPU.Deploy.0 = Release|x86
		{EF894E3E-A2E5-4C39-AD98-BF488644E8CA}.Ad-Hoc|ARM.ActiveCfg = Release|ARM
		{EF894E3E-A2E5-4C39-AD98-BF488644E8CA}.Ad-Hoc|ARM.Build.0 = Release|ARM
		{EF894E3E-A2E5-4C39-AD98-BF488644E8CA}.Ad-Hoc|ARM.Deploy.0 = Release|ARM
		{EF894E3E-A2E5-4C39-AD98-BF488644E8CA}.Ad-Hoc|iPhone.ActiveCfg = Release|x86
		{EF894E3E-A2E5-4C39-AD98-BF488644E8CA}.Ad-Hoc|iPhone.Build.0 = Release|x86
		{EF894E3E-A2E5-4C39-AD98-BF488644E8CA}.Ad-Hoc|iPhone.Deploy.0 = Release|x86
		{EF894E3E-A2E5-4C39-AD98-BF488644E8CA}.Ad-Hoc|iPhoneSimulator.ActiveCfg = Release|x86
		{EF894E3E-A2E5-4C39-AD98-BF488644E8CA}.Ad-Hoc|iPhoneSimulator.Build.0 = Release|x86
		{EF894E3E-A2E5-4C39-AD98-BF488644E8CA}.Ad-Hoc|iPhoneSimulator.Deploy.0 = Release|x86
		{EF894E3E-A2E5-4C39-AD98-BF488644E8CA}.Ad-Hoc|x64.ActiveCfg = Release|x64
		{EF894E3E-A2E5-4C39-AD98-BF488644E8CA}.Ad-Hoc|x64.Build.0 = Release|x64
		{EF894E3E-A2E5-4C39-AD98-BF488644E8CA}.Ad-Hoc|x64.Deploy.0 = Release|x64
		{EF894E3E-A2E5-4C39-AD98-BF488644E8CA}.Ad-Hoc|x86.ActiveCfg = Release|x86
		{EF894E3E-A2E5-4C39-AD98-BF488644E8CA}.Ad-Hoc|x86.Build.0 = Release|x86
		{EF894E3E-A2E5-4C39-AD98-BF488644E8CA}.Ad-Hoc|x86.Deploy.0 = Release|x86
		{EF894E3E-A2E5-4C39-AD98-BF488644E8CA}.AppStore|Any CPU.ActiveCfg = Release|x86
		{EF894E3E-A2E5-4C39-AD98-BF488644E8CA}.AppStore|Any CPU.Build.0 = Release|x86
		{EF894E3E-A2E5-4C39-AD98-BF488644E8CA}.AppStore|Any CPU.Deploy.0 = Release|x86
		{EF894E3E-A2E5-4C39-AD98-BF488644E8CA}.AppStore|ARM.ActiveCfg = Release|ARM
		{EF894E3E-A2E5-4C39-AD98-BF488644E8CA}.AppStore|ARM.Build.0 = Release|ARM
		{EF894E3E-A2E5-4C39-AD98-BF488644E8CA}.AppStore|ARM.Deploy.0 = Release|ARM
		{EF894E3E-A2E5-4C39-AD98-BF488644E8CA}.AppStore|iPhone.ActiveCfg = Release|x86
		{EF894E3E-A2E5-4C39-AD98-BF488644E8CA}.AppStore|iPhone.Build.0 = Release|x86
		{EF894E3E-A2E5-4C39-AD98-BF488644E8CA}.AppStore|iPhone.Deploy.0 = Release|x86
		{EF894E3E-A2E5-4C39-AD98-BF488644E8CA}.AppStore|iPhoneSimulator.ActiveCfg = Release|x86
		{EF894E3E-A2E5-4C39-AD98-BF488644E8CA}.AppStore|iPhoneSimulator.Build.0 = Release|x86
		{EF894E3E-A2E5-4C39-AD98-BF488644E8CA}.AppStore|iPhoneSimulator.Deploy.0 = Release|x86
		{EF894E3E-A2E5-4C39-AD98-BF488644E8CA}.AppStore|x64.ActiveCfg = Release|x64
		{EF894E3E-A2E5-4C39-AD98-BF488644E8CA}.AppStore|x64.Build.0 = Release|x64
		{EF894E3E-A2E5-4C39-AD98-BF488644E8CA}.AppStore|x64.Deploy.0 = Release|x64
		{EF894E3E-A2E5-4C39-AD98-BF488644E8CA}.AppStore|x86.ActiveCfg = Release|x86
		{EF894E3E-A2E5-4C39-AD98-BF488644E8CA}.AppStore|x86.Build.0 = Release|x86
		{EF894E3E-A2E5-4C39-AD98-BF488644E8CA}.AppStore|x86.Deploy.0 = Release|x86
		{EF894E3E-A2E5-4C39-AD98-BF488644E8CA}.Debug|Any CPU.ActiveCfg = Debug|x86
		{EF894E3E-A2E5-4C39-AD98-BF488644E8CA}.Debug|Any CPU.Build.0 = Debug|x86
		{EF894E3E-A2E5-4C39-AD98-BF488644E8CA}.Debug|Any CPU.Deploy.0 = Debug|x86
		{EF894E3E-A2E5-4C39-AD98-BF488644E8CA}.Debug|ARM.ActiveCfg = Debug|ARM
		{EF894E3E-A2E5-4C39-AD98-BF488644E8CA}.Debug|ARM.Build.0 = Debug|ARM
		{EF894E3E-A2E5-4C39-AD98-BF488644E8CA}.Debug|ARM.Deploy.0 = Debug|ARM
		{EF894E3E-A2E5-4C39-AD98-BF488644E8CA}.Debug|iPhone.ActiveCfg = Debug|x86
		{EF894E3E-A2E5-4C39-AD98-BF488644E8CA}.Debug|iPhone.Build.0 = Debug|x86
		{EF894E3E-A2E5-4C39-AD98-BF488644E8CA}.Debug|iPhone.Deploy.0 = Debug|x86
		{EF894E3E-A2E5-4C39-AD98-BF488644E8CA}.Debug|iPhoneSimulator.ActiveCfg = Debug|x86
		{EF894E3E-A2E5-4C39-AD98-BF488644E8CA}.Debug|iPhoneSimulator.Build.0 = Debug|x86
		{EF894E3E-A2E5-4C39-AD98-BF488644E8CA}.Debug|iPhoneSimulator.Deploy.0 = Debug|x86
		{EF894E3E-A2E5-4C39-AD98-BF488644E8CA}.Debug|x64.ActiveCfg = Debug|x64
		{EF894E3E-A2E5-4C39-AD98-BF488644E8CA}.Debug|x64.Build.0 = Debug|x64
		{EF894E3E-A2E5-4C39-AD98-BF488644E8CA}.Debug|x64.Deploy.0 = Debug|x64
		{EF894E3E-A2E5-4C39-AD98-BF488644E8CA}.Debug|x86.ActiveCfg = Debug|x86
		{EF894E3E-A2E5-4C39-AD98-BF488644E8CA}.Debug|x86.Build.0 = Debug|x86
		{EF894E3E-A2E5-4C39-AD98-BF488644E8CA}.Debug|x86.Deploy.0 = Debug|x86
		{EF894E3E-A2E5-4C39-AD98-BF488644E8CA}.Release|Any CPU.ActiveCfg = Release|x86
		{EF894E3E-A2E5-4C39-AD98-BF488644E8CA}.Release|Any CPU.Build.0 = Release|x86
		{EF894E3E-A2E5-4C39-AD98-BF488644E8CA}.Release|Any CPU.Deploy.0 = Release|x86
		{EF894E3E-A2E5-4C39-AD98-BF488644E8CA}.Release|ARM.ActiveCfg = Release|ARM
		{EF894E3E-A2E5-4C39-AD98-BF488644E8CA}.Release|ARM.Build.0 = Release|ARM
		{EF894E3E-A2E5-4C39-AD98-BF488644E8CA}.Release|ARM.Deploy.0 = Release|ARM
		{EF894E3E-A2E5-4C39-AD98-BF488644E8CA}.Release|iPhone.ActiveCfg = Release|x86
		{EF894E3E-A2E5-4C39-AD98-BF488644E8CA}.Release|iPhone.Build.0 = Release|x86
		{EF894E3E-A2E5-4C39-AD98-BF488644E8CA}.Release|iPhone.Deploy.0 = Release|x86
		{EF894E3E-A2E5-4C39-AD98-BF488644E8CA}.Release|iPhoneSimulator.ActiveCfg = Release|x86
		{EF894E3E-A2E5-4C39-AD98-BF488644E8CA}.Release|iPhoneSimulator.Build.0 = Release|x86
		{EF894E3E-A2E5-4C39-AD98-BF488644E8CA}.Release|iPhoneSimulator.Deploy.0 = Release|x86
		{EF894E3E-A2E5-4C39-AD98-BF488644E8CA}.Release|x64.ActiveCfg = Release|x64
		{EF894E3E-A2E5-4C39-AD98-BF488644E8CA}.Release|x64.Build.0 = Release|x64
		{EF894E3E-A2E5-4C39-AD98-BF488644E8CA}.Release|x64.Deploy.0 = Release|x64
		{EF894E3E-A2E5-4C39-AD98-BF488644E8CA}.Release|x86.ActiveCfg = Release|x86
		{EF894E3E-A2E5-4C39-AD98-BF488644E8CA}.Release|x86.Build.0 = Release|x86
		{EF894E3E-A2E5-4C39-AD98-BF488644E8CA}.Release|x86.Deploy.0 = Release|x86
	EndGlobalSection
	GlobalSection(SolutionProperties) = preSolution
		HideSolutionNode = FALSE
	EndGlobalSection
	GlobalSection(ExtensibilityGlobals) = postSolution
		SolutionGuid = {810CA333-8307-42C7-8D41-952448CFA972}
	EndGlobalSection
EndGlobal
